// !$*UTF8*$!
{
	archiveVersion = 1;
	classes = {
	};
	objectVersion = 47;
	objects = {

/* Begin PBXBuildFile section */
		EC456BC81B5FE76C00126CFD /* AppDelegate.swift in Sources */ = {isa = PBXBuildFile; fileRef = EC456BC31B5FE76C00126CFD /* AppDelegate.swift */; };
		EC456BC91B5FE76C00126CFD /* Assets.xcassets in Resources */ = {isa = PBXBuildFile; fileRef = EC456BC41B5FE76C00126CFD /* Assets.xcassets */; };
		EC456BCC1B5FE76C00126CFD /* ViewController.swift in Sources */ = {isa = PBXBuildFile; fileRef = EC456BC71B5FE76C00126CFD /* ViewController.swift */; };
		EC49BD051B7511AC00660AF0 /* AppDelegate.swift in Sources */ = {isa = PBXBuildFile; fileRef = EC49BD041B7511AC00660AF0 /* AppDelegate.swift */; };
		EC49BD071B7511AC00660AF0 /* Assets.xcassets in Resources */ = {isa = PBXBuildFile; fileRef = EC49BD061B7511AC00660AF0 /* Assets.xcassets */; };
		EC5B219B1BC5922400A7D5A9 /* NSManagedObjectModel.swift in Sources */ = {isa = PBXBuildFile; fileRef = EC5B219A1BC5922400A7D5A9 /* NSManagedObjectModel.swift */; };
		EC5B219C1BC5922400A7D5A9 /* NSManagedObjectModel.swift in Sources */ = {isa = PBXBuildFile; fileRef = EC5B219A1BC5922400A7D5A9 /* NSManagedObjectModel.swift */; };
		EC5B21A01BC5924300A7D5A9 /* DispatchQOS.swift in Sources */ = {isa = PBXBuildFile; fileRef = EC5B219D1BC5924300A7D5A9 /* DispatchQOS.swift */; };
		EC5B21A11BC5924300A7D5A9 /* DispatchQOS.swift in Sources */ = {isa = PBXBuildFile; fileRef = EC5B219D1BC5924300A7D5A9 /* DispatchQOS.swift */; };
		EC5B21A21BC5924300A7D5A9 /* DispatchSource.swift in Sources */ = {isa = PBXBuildFile; fileRef = EC5B219E1BC5924300A7D5A9 /* DispatchSource.swift */; };
		EC5B21A31BC5924300A7D5A9 /* DispatchSource.swift in Sources */ = {isa = PBXBuildFile; fileRef = EC5B219E1BC5924300A7D5A9 /* DispatchSource.swift */; };
		EC5B21A41BC5924300A7D5A9 /* DispatchTime.swift in Sources */ = {isa = PBXBuildFile; fileRef = EC5B219F1BC5924300A7D5A9 /* DispatchTime.swift */; };
		EC5B21A51BC5924300A7D5A9 /* DispatchTime.swift in Sources */ = {isa = PBXBuildFile; fileRef = EC5B219F1BC5924300A7D5A9 /* DispatchTime.swift */; };
		EC5B21A71BC5934800A7D5A9 /* CG-vec.swift in Sources */ = {isa = PBXBuildFile; fileRef = EC5B21A61BC5934800A7D5A9 /* CG-vec.swift */; };
		EC5B21A81BC5934800A7D5A9 /* CG-vec.swift in Sources */ = {isa = PBXBuildFile; fileRef = EC5B21A61BC5934800A7D5A9 /* CG-vec.swift */; };
		EC5B21AA1BC5BB7400A7D5A9 /* main.swift in Sources */ = {isa = PBXBuildFile; fileRef = EC5B21A91BC5BB7400A7D5A9 /* main.swift */; };
		ECBB611F1BA9E7B100FEB4CF /* AreaBuffer.swift in Sources */ = {isa = PBXBuildFile; fileRef = ECBB60DF1BA9E7B100FEB4CF /* AreaBuffer.swift */; };
		ECBB61201BA9E7B100FEB4CF /* AreaBuffer.swift in Sources */ = {isa = PBXBuildFile; fileRef = ECBB60DF1BA9E7B100FEB4CF /* AreaBuffer.swift */; };
		ECBB61211BA9E7B100FEB4CF /* AreaBuffer.swift in Sources */ = {isa = PBXBuildFile; fileRef = ECBB60DF1BA9E7B100FEB4CF /* AreaBuffer.swift */; };
		ECBB61221BA9E7B100FEB4CF /* AreaBuffer.swift in Sources */ = {isa = PBXBuildFile; fileRef = ECBB60DF1BA9E7B100FEB4CF /* AreaBuffer.swift */; };
		ECBB61231BA9E7B100FEB4CF /* ArithmeticType.swift in Sources */ = {isa = PBXBuildFile; fileRef = ECBB60E01BA9E7B100FEB4CF /* ArithmeticType.swift */; };
		ECBB61241BA9E7B100FEB4CF /* ArithmeticType.swift in Sources */ = {isa = PBXBuildFile; fileRef = ECBB60E01BA9E7B100FEB4CF /* ArithmeticType.swift */; };
		ECBB61251BA9E7B100FEB4CF /* ArithmeticType.swift in Sources */ = {isa = PBXBuildFile; fileRef = ECBB60E01BA9E7B100FEB4CF /* ArithmeticType.swift */; };
		ECBB61261BA9E7B100FEB4CF /* ArithmeticType.swift in Sources */ = {isa = PBXBuildFile; fileRef = ECBB60E01BA9E7B100FEB4CF /* ArithmeticType.swift */; };
		ECBB61271BA9E7B100FEB4CF /* ArrayRef.swift in Sources */ = {isa = PBXBuildFile; fileRef = ECBB60E11BA9E7B100FEB4CF /* ArrayRef.swift */; };
		ECBB61281BA9E7B100FEB4CF /* ArrayRef.swift in Sources */ = {isa = PBXBuildFile; fileRef = ECBB60E11BA9E7B100FEB4CF /* ArrayRef.swift */; };
		ECBB61291BA9E7B100FEB4CF /* ArrayRef.swift in Sources */ = {isa = PBXBuildFile; fileRef = ECBB60E11BA9E7B100FEB4CF /* ArrayRef.swift */; };
		ECBB612A1BA9E7B100FEB4CF /* ArrayRef.swift in Sources */ = {isa = PBXBuildFile; fileRef = ECBB60E11BA9E7B100FEB4CF /* ArrayRef.swift */; };
		ECBB612B1BA9E7B100FEB4CF /* atomic.swift in Sources */ = {isa = PBXBuildFile; fileRef = ECBB60E21BA9E7B100FEB4CF /* atomic.swift */; };
		ECBB612C1BA9E7B100FEB4CF /* atomic.swift in Sources */ = {isa = PBXBuildFile; fileRef = ECBB60E21BA9E7B100FEB4CF /* atomic.swift */; };
		ECBB612D1BA9E7B100FEB4CF /* atomic.swift in Sources */ = {isa = PBXBuildFile; fileRef = ECBB60E21BA9E7B100FEB4CF /* atomic.swift */; };
		ECBB612E1BA9E7B100FEB4CF /* atomic.swift in Sources */ = {isa = PBXBuildFile; fileRef = ECBB60E21BA9E7B100FEB4CF /* atomic.swift */; };
		ECBB612F1BA9E7B100FEB4CF /* Chain.swift in Sources */ = {isa = PBXBuildFile; fileRef = ECBB60E31BA9E7B100FEB4CF /* Chain.swift */; };
		ECBB61301BA9E7B100FEB4CF /* Chain.swift in Sources */ = {isa = PBXBuildFile; fileRef = ECBB60E31BA9E7B100FEB4CF /* Chain.swift */; };
		ECBB61311BA9E7B100FEB4CF /* Chain.swift in Sources */ = {isa = PBXBuildFile; fileRef = ECBB60E31BA9E7B100FEB4CF /* Chain.swift */; };
		ECBB61321BA9E7B100FEB4CF /* Chain.swift in Sources */ = {isa = PBXBuildFile; fileRef = ECBB60E31BA9E7B100FEB4CF /* Chain.swift */; };
		ECBB61331BA9E7B100FEB4CF /* check.swift in Sources */ = {isa = PBXBuildFile; fileRef = ECBB60E41BA9E7B100FEB4CF /* check.swift */; };
		ECBB61341BA9E7B100FEB4CF /* check.swift in Sources */ = {isa = PBXBuildFile; fileRef = ECBB60E41BA9E7B100FEB4CF /* check.swift */; };
		ECBB61351BA9E7B100FEB4CF /* check.swift in Sources */ = {isa = PBXBuildFile; fileRef = ECBB60E41BA9E7B100FEB4CF /* check.swift */; };
		ECBB61361BA9E7B100FEB4CF /* check.swift in Sources */ = {isa = PBXBuildFile; fileRef = ECBB60E41BA9E7B100FEB4CF /* check.swift */; };
		ECBB61371BA9E7B100FEB4CF /* dispatch.swift in Sources */ = {isa = PBXBuildFile; fileRef = ECBB60E61BA9E7B100FEB4CF /* dispatch.swift */; };
		ECBB61381BA9E7B100FEB4CF /* dispatch.swift in Sources */ = {isa = PBXBuildFile; fileRef = ECBB60E61BA9E7B100FEB4CF /* dispatch.swift */; };
		ECBB61391BA9E7B100FEB4CF /* dispatch.swift in Sources */ = {isa = PBXBuildFile; fileRef = ECBB60E61BA9E7B100FEB4CF /* dispatch.swift */; };
		ECBB613A1BA9E7B100FEB4CF /* dispatch.swift in Sources */ = {isa = PBXBuildFile; fileRef = ECBB60E61BA9E7B100FEB4CF /* dispatch.swift */; };
		ECBB613B1BA9E7B100FEB4CF /* DispatchFileModes.swift in Sources */ = {isa = PBXBuildFile; fileRef = ECBB60E71BA9E7B100FEB4CF /* DispatchFileModes.swift */; };
		ECBB613C1BA9E7B100FEB4CF /* DispatchFileModes.swift in Sources */ = {isa = PBXBuildFile; fileRef = ECBB60E71BA9E7B100FEB4CF /* DispatchFileModes.swift */; };
		ECBB613D1BA9E7B100FEB4CF /* DispatchFileModes.swift in Sources */ = {isa = PBXBuildFile; fileRef = ECBB60E71BA9E7B100FEB4CF /* DispatchFileModes.swift */; };
		ECBB613E1BA9E7B100FEB4CF /* DispatchFileModes.swift in Sources */ = {isa = PBXBuildFile; fileRef = ECBB60E71BA9E7B100FEB4CF /* DispatchFileModes.swift */; };
		ECBB613F1BA9E7B100FEB4CF /* Error.swift in Sources */ = {isa = PBXBuildFile; fileRef = ECBB60E81BA9E7B100FEB4CF /* Error.swift */; };
		ECBB61401BA9E7B100FEB4CF /* Error.swift in Sources */ = {isa = PBXBuildFile; fileRef = ECBB60E81BA9E7B100FEB4CF /* Error.swift */; };
		ECBB61411BA9E7B100FEB4CF /* Error.swift in Sources */ = {isa = PBXBuildFile; fileRef = ECBB60E81BA9E7B100FEB4CF /* Error.swift */; };
		ECBB61421BA9E7B100FEB4CF /* Error.swift in Sources */ = {isa = PBXBuildFile; fileRef = ECBB60E81BA9E7B100FEB4CF /* Error.swift */; };
		ECBB61431BA9E7B100FEB4CF /* File.swift in Sources */ = {isa = PBXBuildFile; fileRef = ECBB60E91BA9E7B100FEB4CF /* File.swift */; };
		ECBB61441BA9E7B100FEB4CF /* File.swift in Sources */ = {isa = PBXBuildFile; fileRef = ECBB60E91BA9E7B100FEB4CF /* File.swift */; };
		ECBB61451BA9E7B100FEB4CF /* File.swift in Sources */ = {isa = PBXBuildFile; fileRef = ECBB60E91BA9E7B100FEB4CF /* File.swift */; };
		ECBB61461BA9E7B100FEB4CF /* File.swift in Sources */ = {isa = PBXBuildFile; fileRef = ECBB60E91BA9E7B100FEB4CF /* File.swift */; };
		ECBB61471BA9E7B100FEB4CF /* fs.swift in Sources */ = {isa = PBXBuildFile; fileRef = ECBB60EA1BA9E7B100FEB4CF /* fs.swift */; };
		ECBB61481BA9E7B100FEB4CF /* fs.swift in Sources */ = {isa = PBXBuildFile; fileRef = ECBB60EA1BA9E7B100FEB4CF /* fs.swift */; };
		ECBB61491BA9E7B100FEB4CF /* fs.swift in Sources */ = {isa = PBXBuildFile; fileRef = ECBB60EA1BA9E7B100FEB4CF /* fs.swift */; };
		ECBB614A1BA9E7B100FEB4CF /* fs.swift in Sources */ = {isa = PBXBuildFile; fileRef = ECBB60EA1BA9E7B100FEB4CF /* fs.swift */; };
		ECBB614B1BA9E7B100FEB4CF /* func.swift in Sources */ = {isa = PBXBuildFile; fileRef = ECBB60EB1BA9E7B100FEB4CF /* func.swift */; };
		ECBB614C1BA9E7B100FEB4CF /* func.swift in Sources */ = {isa = PBXBuildFile; fileRef = ECBB60EB1BA9E7B100FEB4CF /* func.swift */; };
		ECBB614D1BA9E7B100FEB4CF /* func.swift in Sources */ = {isa = PBXBuildFile; fileRef = ECBB60EB1BA9E7B100FEB4CF /* func.swift */; };
		ECBB614E1BA9E7B100FEB4CF /* func.swift in Sources */ = {isa = PBXBuildFile; fileRef = ECBB60EB1BA9E7B100FEB4CF /* func.swift */; };
		ECBB614F1BA9E7B100FEB4CF /* Index.swift in Sources */ = {isa = PBXBuildFile; fileRef = ECBB60EC1BA9E7B100FEB4CF /* Index.swift */; };
		ECBB61501BA9E7B100FEB4CF /* Index.swift in Sources */ = {isa = PBXBuildFile; fileRef = ECBB60EC1BA9E7B100FEB4CF /* Index.swift */; };
		ECBB61511BA9E7B100FEB4CF /* Index.swift in Sources */ = {isa = PBXBuildFile; fileRef = ECBB60EC1BA9E7B100FEB4CF /* Index.swift */; };
		ECBB61521BA9E7B100FEB4CF /* Index.swift in Sources */ = {isa = PBXBuildFile; fileRef = ECBB60EC1BA9E7B100FEB4CF /* Index.swift */; };
		ECBB61531BA9E7B100FEB4CF /* Locked.swift in Sources */ = {isa = PBXBuildFile; fileRef = ECBB60ED1BA9E7B100FEB4CF /* Locked.swift */; };
		ECBB61541BA9E7B100FEB4CF /* Locked.swift in Sources */ = {isa = PBXBuildFile; fileRef = ECBB60ED1BA9E7B100FEB4CF /* Locked.swift */; };
		ECBB61551BA9E7B100FEB4CF /* Locked.swift in Sources */ = {isa = PBXBuildFile; fileRef = ECBB60ED1BA9E7B100FEB4CF /* Locked.swift */; };
		ECBB61561BA9E7B100FEB4CF /* Locked.swift in Sources */ = {isa = PBXBuildFile; fileRef = ECBB60ED1BA9E7B100FEB4CF /* Locked.swift */; };
		ECBB61571BA9E7B100FEB4CF /* mat-generated.swift in Sources */ = {isa = PBXBuildFile; fileRef = ECBB60EE1BA9E7B100FEB4CF /* mat-generated.swift */; };
		ECBB61581BA9E7B100FEB4CF /* mat-generated.swift in Sources */ = {isa = PBXBuildFile; fileRef = ECBB60EE1BA9E7B100FEB4CF /* mat-generated.swift */; };
		ECBB61591BA9E7B100FEB4CF /* mat-generated.swift in Sources */ = {isa = PBXBuildFile; fileRef = ECBB60EE1BA9E7B100FEB4CF /* mat-generated.swift */; };
		ECBB615A1BA9E7B100FEB4CF /* mat-generated.swift in Sources */ = {isa = PBXBuildFile; fileRef = ECBB60EE1BA9E7B100FEB4CF /* mat-generated.swift */; };
		ECBB615B1BA9E7B100FEB4CF /* math.swift in Sources */ = {isa = PBXBuildFile; fileRef = ECBB60EF1BA9E7B100FEB4CF /* math.swift */; };
		ECBB615C1BA9E7B100FEB4CF /* math.swift in Sources */ = {isa = PBXBuildFile; fileRef = ECBB60EF1BA9E7B100FEB4CF /* math.swift */; };
		ECBB615D1BA9E7B100FEB4CF /* math.swift in Sources */ = {isa = PBXBuildFile; fileRef = ECBB60EF1BA9E7B100FEB4CF /* math.swift */; };
		ECBB615E1BA9E7B100FEB4CF /* math.swift in Sources */ = {isa = PBXBuildFile; fileRef = ECBB60EF1BA9E7B100FEB4CF /* math.swift */; };
		ECBB615F1BA9E7B100FEB4CF /* Resource.swift in Sources */ = {isa = PBXBuildFile; fileRef = ECBB60F01BA9E7B100FEB4CF /* Resource.swift */; };
		ECBB61601BA9E7B100FEB4CF /* Resource.swift in Sources */ = {isa = PBXBuildFile; fileRef = ECBB60F01BA9E7B100FEB4CF /* Resource.swift */; };
		ECBB61611BA9E7B100FEB4CF /* Resource.swift in Sources */ = {isa = PBXBuildFile; fileRef = ECBB60F01BA9E7B100FEB4CF /* Resource.swift */; };
		ECBB61621BA9E7B100FEB4CF /* Resource.swift in Sources */ = {isa = PBXBuildFile; fileRef = ECBB60F01BA9E7B100FEB4CF /* Resource.swift */; };
		ECBB61631BA9E7B100FEB4CF /* Result.swift in Sources */ = {isa = PBXBuildFile; fileRef = ECBB60F11BA9E7B100FEB4CF /* Result.swift */; };
		ECBB61641BA9E7B100FEB4CF /* Result.swift in Sources */ = {isa = PBXBuildFile; fileRef = ECBB60F11BA9E7B100FEB4CF /* Result.swift */; };
		ECBB61651BA9E7B100FEB4CF /* Result.swift in Sources */ = {isa = PBXBuildFile; fileRef = ECBB60F11BA9E7B100FEB4CF /* Result.swift */; };
		ECBB61661BA9E7B100FEB4CF /* Result.swift in Sources */ = {isa = PBXBuildFile; fileRef = ECBB60F11BA9E7B100FEB4CF /* Result.swift */; };
		ECBB61671BA9E7B100FEB4CF /* Thread.swift in Sources */ = {isa = PBXBuildFile; fileRef = ECBB60F21BA9E7B100FEB4CF /* Thread.swift */; };
		ECBB61681BA9E7B100FEB4CF /* Thread.swift in Sources */ = {isa = PBXBuildFile; fileRef = ECBB60F21BA9E7B100FEB4CF /* Thread.swift */; };
		ECBB61691BA9E7B100FEB4CF /* Thread.swift in Sources */ = {isa = PBXBuildFile; fileRef = ECBB60F21BA9E7B100FEB4CF /* Thread.swift */; };
		ECBB616A1BA9E7B100FEB4CF /* Thread.swift in Sources */ = {isa = PBXBuildFile; fileRef = ECBB60F21BA9E7B100FEB4CF /* Thread.swift */; };
		ECBB616B1BA9E7B100FEB4CF /* Time.swift in Sources */ = {isa = PBXBuildFile; fileRef = ECBB60F31BA9E7B100FEB4CF /* Time.swift */; };
		ECBB616C1BA9E7B100FEB4CF /* Time.swift in Sources */ = {isa = PBXBuildFile; fileRef = ECBB60F31BA9E7B100FEB4CF /* Time.swift */; };
		ECBB616D1BA9E7B100FEB4CF /* Time.swift in Sources */ = {isa = PBXBuildFile; fileRef = ECBB60F31BA9E7B100FEB4CF /* Time.swift */; };
		ECBB616E1BA9E7B100FEB4CF /* Time.swift in Sources */ = {isa = PBXBuildFile; fileRef = ECBB60F31BA9E7B100FEB4CF /* Time.swift */; };
		ECBB616F1BA9E7B100FEB4CF /* vec-generated.swift in Sources */ = {isa = PBXBuildFile; fileRef = ECBB60F41BA9E7B100FEB4CF /* vec-generated.swift */; };
		ECBB61701BA9E7B100FEB4CF /* vec-generated.swift in Sources */ = {isa = PBXBuildFile; fileRef = ECBB60F41BA9E7B100FEB4CF /* vec-generated.swift */; };
		ECBB61711BA9E7B100FEB4CF /* vec-generated.swift in Sources */ = {isa = PBXBuildFile; fileRef = ECBB60F41BA9E7B100FEB4CF /* vec-generated.swift */; };
		ECBB61721BA9E7B100FEB4CF /* vec-generated.swift in Sources */ = {isa = PBXBuildFile; fileRef = ECBB60F41BA9E7B100FEB4CF /* vec-generated.swift */; };
		ECBB61731BA9E7B100FEB4CF /* vec.swift in Sources */ = {isa = PBXBuildFile; fileRef = ECBB60F51BA9E7B100FEB4CF /* vec.swift */; };
		ECBB61741BA9E7B100FEB4CF /* vec.swift in Sources */ = {isa = PBXBuildFile; fileRef = ECBB60F51BA9E7B100FEB4CF /* vec.swift */; };
		ECBB61751BA9E7B100FEB4CF /* vec.swift in Sources */ = {isa = PBXBuildFile; fileRef = ECBB60F51BA9E7B100FEB4CF /* vec.swift */; };
		ECBB61761BA9E7B100FEB4CF /* vec.swift in Sources */ = {isa = PBXBuildFile; fileRef = ECBB60F51BA9E7B100FEB4CF /* vec.swift */; };
		ECBB61771BA9E7B100FEB4CF /* VecType.swift in Sources */ = {isa = PBXBuildFile; fileRef = ECBB60F61BA9E7B100FEB4CF /* VecType.swift */; };
		ECBB61781BA9E7B100FEB4CF /* VecType.swift in Sources */ = {isa = PBXBuildFile; fileRef = ECBB60F61BA9E7B100FEB4CF /* VecType.swift */; };
		ECBB61791BA9E7B100FEB4CF /* VecType.swift in Sources */ = {isa = PBXBuildFile; fileRef = ECBB60F61BA9E7B100FEB4CF /* VecType.swift */; };
		ECBB617A1BA9E7B100FEB4CF /* VecType.swift in Sources */ = {isa = PBXBuildFile; fileRef = ECBB60F61BA9E7B100FEB4CF /* VecType.swift */; };
		ECBB617B1BA9E7B100FEB4CF /* CGPoint-generated.swift in Sources */ = {isa = PBXBuildFile; fileRef = ECBB60F81BA9E7B100FEB4CF /* CGPoint-generated.swift */; };
		ECBB617C1BA9E7B100FEB4CF /* CGPoint-generated.swift in Sources */ = {isa = PBXBuildFile; fileRef = ECBB60F81BA9E7B100FEB4CF /* CGPoint-generated.swift */; };
		ECBB617D1BA9E7B100FEB4CF /* CGPoint-generated.swift in Sources */ = {isa = PBXBuildFile; fileRef = ECBB60F81BA9E7B100FEB4CF /* CGPoint-generated.swift */; };
		ECBB617E1BA9E7B100FEB4CF /* CGPoint-generated.swift in Sources */ = {isa = PBXBuildFile; fileRef = ECBB60F81BA9E7B100FEB4CF /* CGPoint-generated.swift */; };
		ECBB617F1BA9E7B100FEB4CF /* CGPoint.swift in Sources */ = {isa = PBXBuildFile; fileRef = ECBB60F91BA9E7B100FEB4CF /* CGPoint.swift */; };
		ECBB61801BA9E7B100FEB4CF /* CGPoint.swift in Sources */ = {isa = PBXBuildFile; fileRef = ECBB60F91BA9E7B100FEB4CF /* CGPoint.swift */; };
		ECBB61811BA9E7B100FEB4CF /* CGPoint.swift in Sources */ = {isa = PBXBuildFile; fileRef = ECBB60F91BA9E7B100FEB4CF /* CGPoint.swift */; };
		ECBB61821BA9E7B100FEB4CF /* CGPoint.swift in Sources */ = {isa = PBXBuildFile; fileRef = ECBB60F91BA9E7B100FEB4CF /* CGPoint.swift */; };
		ECBB61831BA9E7B100FEB4CF /* CGRect.swift in Sources */ = {isa = PBXBuildFile; fileRef = ECBB60FA1BA9E7B100FEB4CF /* CGRect.swift */; };
		ECBB61841BA9E7B100FEB4CF /* CGRect.swift in Sources */ = {isa = PBXBuildFile; fileRef = ECBB60FA1BA9E7B100FEB4CF /* CGRect.swift */; };
		ECBB61851BA9E7B100FEB4CF /* CGRect.swift in Sources */ = {isa = PBXBuildFile; fileRef = ECBB60FA1BA9E7B100FEB4CF /* CGRect.swift */; };
		ECBB61861BA9E7B100FEB4CF /* CGRect.swift in Sources */ = {isa = PBXBuildFile; fileRef = ECBB60FA1BA9E7B100FEB4CF /* CGRect.swift */; };
		ECBB61871BA9E7B100FEB4CF /* CGSize.swift in Sources */ = {isa = PBXBuildFile; fileRef = ECBB60FB1BA9E7B100FEB4CF /* CGSize.swift */; };
		ECBB61881BA9E7B100FEB4CF /* CGSize.swift in Sources */ = {isa = PBXBuildFile; fileRef = ECBB60FB1BA9E7B100FEB4CF /* CGSize.swift */; };
		ECBB61891BA9E7B100FEB4CF /* CGSize.swift in Sources */ = {isa = PBXBuildFile; fileRef = ECBB60FB1BA9E7B100FEB4CF /* CGSize.swift */; };
		ECBB618A1BA9E7B100FEB4CF /* CGSize.swift in Sources */ = {isa = PBXBuildFile; fileRef = ECBB60FB1BA9E7B100FEB4CF /* CGSize.swift */; };
		ECBB618B1BA9E7B100FEB4CF /* CRColor.swift in Sources */ = {isa = PBXBuildFile; fileRef = ECBB60FC1BA9E7B100FEB4CF /* CRColor.swift */; };
		ECBB618C1BA9E7B100FEB4CF /* CRColor.swift in Sources */ = {isa = PBXBuildFile; fileRef = ECBB60FC1BA9E7B100FEB4CF /* CRColor.swift */; };
		ECBB618D1BA9E7B100FEB4CF /* CRColor.swift in Sources */ = {isa = PBXBuildFile; fileRef = ECBB60FC1BA9E7B100FEB4CF /* CRColor.swift */; };
		ECBB618E1BA9E7B100FEB4CF /* CRColor.swift in Sources */ = {isa = PBXBuildFile; fileRef = ECBB60FC1BA9E7B100FEB4CF /* CRColor.swift */; };
		ECBB618F1BA9E7B100FEB4CF /* CREdgeInsets.swift in Sources */ = {isa = PBXBuildFile; fileRef = ECBB60FD1BA9E7B100FEB4CF /* CREdgeInsets.swift */; };
		ECBB61901BA9E7B100FEB4CF /* CREdgeInsets.swift in Sources */ = {isa = PBXBuildFile; fileRef = ECBB60FD1BA9E7B100FEB4CF /* CREdgeInsets.swift */; };
		ECBB61911BA9E7B100FEB4CF /* CREdgeInsets.swift in Sources */ = {isa = PBXBuildFile; fileRef = ECBB60FD1BA9E7B100FEB4CF /* CREdgeInsets.swift */; };
		ECBB61921BA9E7B100FEB4CF /* CREdgeInsets.swift in Sources */ = {isa = PBXBuildFile; fileRef = ECBB60FD1BA9E7B100FEB4CF /* CREdgeInsets.swift */; };
		ECBB61931BA9E7B100FEB4CF /* CREvent.swift in Sources */ = {isa = PBXBuildFile; fileRef = ECBB60FE1BA9E7B100FEB4CF /* CREvent.swift */; };
		ECBB61941BA9E7B100FEB4CF /* CREvent.swift in Sources */ = {isa = PBXBuildFile; fileRef = ECBB60FE1BA9E7B100FEB4CF /* CREvent.swift */; };
		ECBB61951BA9E7B100FEB4CF /* CREvent.swift in Sources */ = {isa = PBXBuildFile; fileRef = ECBB60FE1BA9E7B100FEB4CF /* CREvent.swift */; };
		ECBB61961BA9E7B100FEB4CF /* CREvent.swift in Sources */ = {isa = PBXBuildFile; fileRef = ECBB60FE1BA9E7B100FEB4CF /* CREvent.swift */; };
		ECBB61971BA9E7B100FEB4CF /* CRFont.swift in Sources */ = {isa = PBXBuildFile; fileRef = ECBB60FF1BA9E7B100FEB4CF /* CRFont.swift */; };
		ECBB61981BA9E7B100FEB4CF /* CRFont.swift in Sources */ = {isa = PBXBuildFile; fileRef = ECBB60FF1BA9E7B100FEB4CF /* CRFont.swift */; };
		ECBB61991BA9E7B100FEB4CF /* CRFont.swift in Sources */ = {isa = PBXBuildFile; fileRef = ECBB60FF1BA9E7B100FEB4CF /* CRFont.swift */; };
		ECBB619A1BA9E7B100FEB4CF /* CRFont.swift in Sources */ = {isa = PBXBuildFile; fileRef = ECBB60FF1BA9E7B100FEB4CF /* CRFont.swift */; };
		ECBB619B1BA9E7B100FEB4CF /* CRFontDescriptor.swift in Sources */ = {isa = PBXBuildFile; fileRef = ECBB61001BA9E7B100FEB4CF /* CRFontDescriptor.swift */; };
		ECBB619C1BA9E7B100FEB4CF /* CRFontDescriptor.swift in Sources */ = {isa = PBXBuildFile; fileRef = ECBB61001BA9E7B100FEB4CF /* CRFontDescriptor.swift */; };
		ECBB619D1BA9E7B100FEB4CF /* CRFontDescriptor.swift in Sources */ = {isa = PBXBuildFile; fileRef = ECBB61001BA9E7B100FEB4CF /* CRFontDescriptor.swift */; };
		ECBB619E1BA9E7B100FEB4CF /* CRFontDescriptor.swift in Sources */ = {isa = PBXBuildFile; fileRef = ECBB61001BA9E7B100FEB4CF /* CRFontDescriptor.swift */; };
		ECBB619F1BA9E7B100FEB4CF /* CRResponder.swift in Sources */ = {isa = PBXBuildFile; fileRef = ECBB61011BA9E7B100FEB4CF /* CRResponder.swift */; };
		ECBB61A01BA9E7B100FEB4CF /* CRResponder.swift in Sources */ = {isa = PBXBuildFile; fileRef = ECBB61011BA9E7B100FEB4CF /* CRResponder.swift */; };
		ECBB61A11BA9E7B100FEB4CF /* CRResponder.swift in Sources */ = {isa = PBXBuildFile; fileRef = ECBB61011BA9E7B100FEB4CF /* CRResponder.swift */; };
		ECBB61A21BA9E7B100FEB4CF /* CRResponder.swift in Sources */ = {isa = PBXBuildFile; fileRef = ECBB61011BA9E7B100FEB4CF /* CRResponder.swift */; };
		ECBB61A31BA9E7B100FEB4CF /* CRView.swift in Sources */ = {isa = PBXBuildFile; fileRef = ECBB61021BA9E7B100FEB4CF /* CRView.swift */; };
		ECBB61A41BA9E7B100FEB4CF /* CRView.swift in Sources */ = {isa = PBXBuildFile; fileRef = ECBB61021BA9E7B100FEB4CF /* CRView.swift */; };
		ECBB61A51BA9E7B100FEB4CF /* CRView.swift in Sources */ = {isa = PBXBuildFile; fileRef = ECBB61021BA9E7B100FEB4CF /* CRView.swift */; };
		ECBB61A61BA9E7B100FEB4CF /* CRView.swift in Sources */ = {isa = PBXBuildFile; fileRef = ECBB61021BA9E7B100FEB4CF /* CRView.swift */; };
		ECBB61A71BA9E7B100FEB4CF /* CRViewController.swift in Sources */ = {isa = PBXBuildFile; fileRef = ECBB61031BA9E7B100FEB4CF /* CRViewController.swift */; };
		ECBB61A81BA9E7B100FEB4CF /* CRViewController.swift in Sources */ = {isa = PBXBuildFile; fileRef = ECBB61031BA9E7B100FEB4CF /* CRViewController.swift */; };
		ECBB61A91BA9E7B100FEB4CF /* CRViewController.swift in Sources */ = {isa = PBXBuildFile; fileRef = ECBB61031BA9E7B100FEB4CF /* CRViewController.swift */; };
		ECBB61AA1BA9E7B100FEB4CF /* CRViewController.swift in Sources */ = {isa = PBXBuildFile; fileRef = ECBB61031BA9E7B100FEB4CF /* CRViewController.swift */; };
		ECBB61AB1BA9E7B100FEB4CF /* CRWindow.swift in Sources */ = {isa = PBXBuildFile; fileRef = ECBB61041BA9E7B100FEB4CF /* CRWindow.swift */; };
		ECBB61AC1BA9E7B100FEB4CF /* CRWindow.swift in Sources */ = {isa = PBXBuildFile; fileRef = ECBB61041BA9E7B100FEB4CF /* CRWindow.swift */; };
		ECBB61AD1BA9E7B100FEB4CF /* CRWindow.swift in Sources */ = {isa = PBXBuildFile; fileRef = ECBB61041BA9E7B100FEB4CF /* CRWindow.swift */; };
		ECBB61AE1BA9E7B100FEB4CF /* CRWindow.swift in Sources */ = {isa = PBXBuildFile; fileRef = ECBB61041BA9E7B100FEB4CF /* CRWindow.swift */; };
		ECBB61AF1BA9E7B100FEB4CF /* Flt.swift in Sources */ = {isa = PBXBuildFile; fileRef = ECBB61051BA9E7B100FEB4CF /* Flt.swift */; };
		ECBB61B01BA9E7B100FEB4CF /* Flt.swift in Sources */ = {isa = PBXBuildFile; fileRef = ECBB61051BA9E7B100FEB4CF /* Flt.swift */; };
		ECBB61B11BA9E7B100FEB4CF /* Flt.swift in Sources */ = {isa = PBXBuildFile; fileRef = ECBB61051BA9E7B100FEB4CF /* Flt.swift */; };
		ECBB61B21BA9E7B100FEB4CF /* Flt.swift in Sources */ = {isa = PBXBuildFile; fileRef = ECBB61051BA9E7B100FEB4CF /* Flt.swift */; };
		ECBB61B31BA9E7B100FEB4CF /* layout.swift in Sources */ = {isa = PBXBuildFile; fileRef = ECBB61061BA9E7B100FEB4CF /* layout.swift */; };
		ECBB61B41BA9E7B100FEB4CF /* layout.swift in Sources */ = {isa = PBXBuildFile; fileRef = ECBB61061BA9E7B100FEB4CF /* layout.swift */; };
		ECBB61B51BA9E7B100FEB4CF /* layout.swift in Sources */ = {isa = PBXBuildFile; fileRef = ECBB61061BA9E7B100FEB4CF /* layout.swift */; };
		ECBB61B61BA9E7B100FEB4CF /* layout.swift in Sources */ = {isa = PBXBuildFile; fileRef = ECBB61061BA9E7B100FEB4CF /* layout.swift */; };
		ECBB61B71BA9E7B100FEB4CF /* NSLayoutConstraint.m in Sources */ = {isa = PBXBuildFile; fileRef = ECBB61081BA9E7B100FEB4CF /* NSLayoutConstraint.m */; };
		ECBB61B81BA9E7B100FEB4CF /* NSLayoutConstraint.m in Sources */ = {isa = PBXBuildFile; fileRef = ECBB61081BA9E7B100FEB4CF /* NSLayoutConstraint.m */; };
		ECBB61B91BA9E7B100FEB4CF /* NSLayoutConstraint.m in Sources */ = {isa = PBXBuildFile; fileRef = ECBB61081BA9E7B100FEB4CF /* NSLayoutConstraint.m */; };
		ECBB61BA1BA9E7B100FEB4CF /* NSLayoutConstraint.m in Sources */ = {isa = PBXBuildFile; fileRef = ECBB61081BA9E7B100FEB4CF /* NSLayoutConstraint.m */; };
		ECBB61BB1BA9E7B100FEB4CF /* NSLayoutConstraint.swift in Sources */ = {isa = PBXBuildFile; fileRef = ECBB61091BA9E7B100FEB4CF /* NSLayoutConstraint.swift */; };
		ECBB61BC1BA9E7B100FEB4CF /* NSLayoutConstraint.swift in Sources */ = {isa = PBXBuildFile; fileRef = ECBB61091BA9E7B100FEB4CF /* NSLayoutConstraint.swift */; };
		ECBB61BD1BA9E7B100FEB4CF /* NSLayoutConstraint.swift in Sources */ = {isa = PBXBuildFile; fileRef = ECBB61091BA9E7B100FEB4CF /* NSLayoutConstraint.swift */; };
		ECBB61BE1BA9E7B100FEB4CF /* NSLayoutConstraint.swift in Sources */ = {isa = PBXBuildFile; fileRef = ECBB61091BA9E7B100FEB4CF /* NSLayoutConstraint.swift */; };
		ECBB61BF1BA9E7B100FEB4CF /* QKResponder.swift in Sources */ = {isa = PBXBuildFile; fileRef = ECBB610A1BA9E7B100FEB4CF /* QKResponder.swift */; };
		ECBB61C01BA9E7B100FEB4CF /* QKResponder.swift in Sources */ = {isa = PBXBuildFile; fileRef = ECBB610A1BA9E7B100FEB4CF /* QKResponder.swift */; };
		ECBB61C11BA9E7B100FEB4CF /* QKResponder.swift in Sources */ = {isa = PBXBuildFile; fileRef = ECBB610A1BA9E7B100FEB4CF /* QKResponder.swift */; };
		ECBB61C21BA9E7B100FEB4CF /* QKResponder.swift in Sources */ = {isa = PBXBuildFile; fileRef = ECBB610A1BA9E7B100FEB4CF /* QKResponder.swift */; };
		ECBB61C31BA9E7B100FEB4CF /* NSBundle.swift in Sources */ = {isa = PBXBuildFile; fileRef = ECBB610C1BA9E7B100FEB4CF /* NSBundle.swift */; };
		ECBB61C41BA9E7B100FEB4CF /* NSBundle.swift in Sources */ = {isa = PBXBuildFile; fileRef = ECBB610C1BA9E7B100FEB4CF /* NSBundle.swift */; };
		ECBB61C51BA9E7B100FEB4CF /* NSBundle.swift in Sources */ = {isa = PBXBuildFile; fileRef = ECBB610C1BA9E7B100FEB4CF /* NSBundle.swift */; };
		ECBB61C61BA9E7B100FEB4CF /* NSBundle.swift in Sources */ = {isa = PBXBuildFile; fileRef = ECBB610C1BA9E7B100FEB4CF /* NSBundle.swift */; };
		ECBB61C71BA9E7B100FEB4CF /* NSDate.swift in Sources */ = {isa = PBXBuildFile; fileRef = ECBB610D1BA9E7B100FEB4CF /* NSDate.swift */; };
		ECBB61C81BA9E7B100FEB4CF /* NSDate.swift in Sources */ = {isa = PBXBuildFile; fileRef = ECBB610D1BA9E7B100FEB4CF /* NSDate.swift */; };
		ECBB61C91BA9E7B100FEB4CF /* NSDate.swift in Sources */ = {isa = PBXBuildFile; fileRef = ECBB610D1BA9E7B100FEB4CF /* NSDate.swift */; };
		ECBB61CA1BA9E7B100FEB4CF /* NSDate.swift in Sources */ = {isa = PBXBuildFile; fileRef = ECBB610D1BA9E7B100FEB4CF /* NSDate.swift */; };
		ECBB61CF1BA9E7B100FEB4CF /* NSFileManager.swift in Sources */ = {isa = PBXBuildFile; fileRef = ECBB610F1BA9E7B100FEB4CF /* NSFileManager.swift */; };
		ECBB61D01BA9E7B100FEB4CF /* NSFileManager.swift in Sources */ = {isa = PBXBuildFile; fileRef = ECBB610F1BA9E7B100FEB4CF /* NSFileManager.swift */; };
		ECBB61D11BA9E7B100FEB4CF /* NSFileManager.swift in Sources */ = {isa = PBXBuildFile; fileRef = ECBB610F1BA9E7B100FEB4CF /* NSFileManager.swift */; };
		ECBB61D21BA9E7B100FEB4CF /* NSFileManager.swift in Sources */ = {isa = PBXBuildFile; fileRef = ECBB610F1BA9E7B100FEB4CF /* NSFileManager.swift */; };
		ECBB61D31BA9E7B100FEB4CF /* NSIndexPath.swift in Sources */ = {isa = PBXBuildFile; fileRef = ECBB61101BA9E7B100FEB4CF /* NSIndexPath.swift */; };
		ECBB61D41BA9E7B100FEB4CF /* NSIndexPath.swift in Sources */ = {isa = PBXBuildFile; fileRef = ECBB61101BA9E7B100FEB4CF /* NSIndexPath.swift */; };
		ECBB61D51BA9E7B100FEB4CF /* NSIndexPath.swift in Sources */ = {isa = PBXBuildFile; fileRef = ECBB61101BA9E7B100FEB4CF /* NSIndexPath.swift */; };
		ECBB61D61BA9E7B100FEB4CF /* NSIndexPath.swift in Sources */ = {isa = PBXBuildFile; fileRef = ECBB61101BA9E7B100FEB4CF /* NSIndexPath.swift */; };
		ECBB61D71BA9E7B100FEB4CF /* NSNotificationCenter.swift in Sources */ = {isa = PBXBuildFile; fileRef = ECBB61111BA9E7B100FEB4CF /* NSNotificationCenter.swift */; };
		ECBB61D81BA9E7B100FEB4CF /* NSNotificationCenter.swift in Sources */ = {isa = PBXBuildFile; fileRef = ECBB61111BA9E7B100FEB4CF /* NSNotificationCenter.swift */; };
		ECBB61D91BA9E7B100FEB4CF /* NSNotificationCenter.swift in Sources */ = {isa = PBXBuildFile; fileRef = ECBB61111BA9E7B100FEB4CF /* NSNotificationCenter.swift */; };
		ECBB61DA1BA9E7B100FEB4CF /* NSNotificationCenter.swift in Sources */ = {isa = PBXBuildFile; fileRef = ECBB61111BA9E7B100FEB4CF /* NSNotificationCenter.swift */; };
		ECBB61DB1BA9E7B100FEB4CF /* NSObject.swift in Sources */ = {isa = PBXBuildFile; fileRef = ECBB61121BA9E7B100FEB4CF /* NSObject.swift */; };
		ECBB61DC1BA9E7B100FEB4CF /* NSObject.swift in Sources */ = {isa = PBXBuildFile; fileRef = ECBB61121BA9E7B100FEB4CF /* NSObject.swift */; };
		ECBB61DD1BA9E7B100FEB4CF /* NSObject.swift in Sources */ = {isa = PBXBuildFile; fileRef = ECBB61121BA9E7B100FEB4CF /* NSObject.swift */; };
		ECBB61DE1BA9E7B100FEB4CF /* NSObject.swift in Sources */ = {isa = PBXBuildFile; fileRef = ECBB61121BA9E7B100FEB4CF /* NSObject.swift */; };
		ECBB61DF1BA9E7B100FEB4CF /* NSOutputStream.swift in Sources */ = {isa = PBXBuildFile; fileRef = ECBB61131BA9E7B100FEB4CF /* NSOutputStream.swift */; };
		ECBB61E01BA9E7B100FEB4CF /* NSOutputStream.swift in Sources */ = {isa = PBXBuildFile; fileRef = ECBB61131BA9E7B100FEB4CF /* NSOutputStream.swift */; };
		ECBB61E11BA9E7B100FEB4CF /* NSOutputStream.swift in Sources */ = {isa = PBXBuildFile; fileRef = ECBB61131BA9E7B100FEB4CF /* NSOutputStream.swift */; };
		ECBB61E21BA9E7B100FEB4CF /* NSOutputStream.swift in Sources */ = {isa = PBXBuildFile; fileRef = ECBB61131BA9E7B100FEB4CF /* NSOutputStream.swift */; };
		ECBB61E31BA9E7B100FEB4CF /* Array.swift in Sources */ = {isa = PBXBuildFile; fileRef = ECBB61151BA9E7B100FEB4CF /* Array.swift */; };
		ECBB61E41BA9E7B100FEB4CF /* Array.swift in Sources */ = {isa = PBXBuildFile; fileRef = ECBB61151BA9E7B100FEB4CF /* Array.swift */; };
		ECBB61E51BA9E7B100FEB4CF /* Array.swift in Sources */ = {isa = PBXBuildFile; fileRef = ECBB61151BA9E7B100FEB4CF /* Array.swift */; };
		ECBB61E61BA9E7B100FEB4CF /* Array.swift in Sources */ = {isa = PBXBuildFile; fileRef = ECBB61151BA9E7B100FEB4CF /* Array.swift */; };
		ECBB61E71BA9E7B100FEB4CF /* Character.swift in Sources */ = {isa = PBXBuildFile; fileRef = ECBB61161BA9E7B100FEB4CF /* Character.swift */; };
		ECBB61E81BA9E7B100FEB4CF /* Character.swift in Sources */ = {isa = PBXBuildFile; fileRef = ECBB61161BA9E7B100FEB4CF /* Character.swift */; };
		ECBB61E91BA9E7B100FEB4CF /* Character.swift in Sources */ = {isa = PBXBuildFile; fileRef = ECBB61161BA9E7B100FEB4CF /* Character.swift */; };
		ECBB61EA1BA9E7B100FEB4CF /* Character.swift in Sources */ = {isa = PBXBuildFile; fileRef = ECBB61161BA9E7B100FEB4CF /* Character.swift */; };
		ECBB61EB1BA9E7B100FEB4CF /* CollectionType.swift in Sources */ = {isa = PBXBuildFile; fileRef = ECBB61171BA9E7B100FEB4CF /* CollectionType.swift */; };
		ECBB61EC1BA9E7B100FEB4CF /* CollectionType.swift in Sources */ = {isa = PBXBuildFile; fileRef = ECBB61171BA9E7B100FEB4CF /* CollectionType.swift */; };
		ECBB61ED1BA9E7B100FEB4CF /* CollectionType.swift in Sources */ = {isa = PBXBuildFile; fileRef = ECBB61171BA9E7B100FEB4CF /* CollectionType.swift */; };
		ECBB61EE1BA9E7B100FEB4CF /* CollectionType.swift in Sources */ = {isa = PBXBuildFile; fileRef = ECBB61171BA9E7B100FEB4CF /* CollectionType.swift */; };
		ECBB61EF1BA9E7B100FEB4CF /* Dictionary.swift in Sources */ = {isa = PBXBuildFile; fileRef = ECBB61181BA9E7B100FEB4CF /* Dictionary.swift */; };
		ECBB61F01BA9E7B100FEB4CF /* Dictionary.swift in Sources */ = {isa = PBXBuildFile; fileRef = ECBB61181BA9E7B100FEB4CF /* Dictionary.swift */; };
		ECBB61F11BA9E7B100FEB4CF /* Dictionary.swift in Sources */ = {isa = PBXBuildFile; fileRef = ECBB61181BA9E7B100FEB4CF /* Dictionary.swift */; };
		ECBB61F21BA9E7B100FEB4CF /* Dictionary.swift in Sources */ = {isa = PBXBuildFile; fileRef = ECBB61181BA9E7B100FEB4CF /* Dictionary.swift */; };
		ECBB61F31BA9E7B100FEB4CF /* Int.swift in Sources */ = {isa = PBXBuildFile; fileRef = ECBB61191BA9E7B100FEB4CF /* Int.swift */; };
		ECBB61F41BA9E7B100FEB4CF /* Int.swift in Sources */ = {isa = PBXBuildFile; fileRef = ECBB61191BA9E7B100FEB4CF /* Int.swift */; };
		ECBB61F51BA9E7B100FEB4CF /* Int.swift in Sources */ = {isa = PBXBuildFile; fileRef = ECBB61191BA9E7B100FEB4CF /* Int.swift */; };
		ECBB61F61BA9E7B100FEB4CF /* Int.swift in Sources */ = {isa = PBXBuildFile; fileRef = ECBB61191BA9E7B100FEB4CF /* Int.swift */; };
		ECBB61F71BA9E7B100FEB4CF /* Optional.swift in Sources */ = {isa = PBXBuildFile; fileRef = ECBB611A1BA9E7B100FEB4CF /* Optional.swift */; };
		ECBB61F81BA9E7B100FEB4CF /* Optional.swift in Sources */ = {isa = PBXBuildFile; fileRef = ECBB611A1BA9E7B100FEB4CF /* Optional.swift */; };
		ECBB61F91BA9E7B100FEB4CF /* Optional.swift in Sources */ = {isa = PBXBuildFile; fileRef = ECBB611A1BA9E7B100FEB4CF /* Optional.swift */; };
		ECBB61FA1BA9E7B100FEB4CF /* Optional.swift in Sources */ = {isa = PBXBuildFile; fileRef = ECBB611A1BA9E7B100FEB4CF /* Optional.swift */; };
		ECBB61FB1BA9E7B100FEB4CF /* OutputStreamType.swift in Sources */ = {isa = PBXBuildFile; fileRef = ECBB611B1BA9E7B100FEB4CF /* OutputStreamType.swift */; };
		ECBB61FC1BA9E7B100FEB4CF /* OutputStreamType.swift in Sources */ = {isa = PBXBuildFile; fileRef = ECBB611B1BA9E7B100FEB4CF /* OutputStreamType.swift */; };
		ECBB61FD1BA9E7B100FEB4CF /* OutputStreamType.swift in Sources */ = {isa = PBXBuildFile; fileRef = ECBB611B1BA9E7B100FEB4CF /* OutputStreamType.swift */; };
		ECBB61FE1BA9E7B100FEB4CF /* OutputStreamType.swift in Sources */ = {isa = PBXBuildFile; fileRef = ECBB611B1BA9E7B100FEB4CF /* OutputStreamType.swift */; };
		ECBB61FF1BA9E7B100FEB4CF /* Process.swift in Sources */ = {isa = PBXBuildFile; fileRef = ECBB611C1BA9E7B100FEB4CF /* Process.swift */; };
		ECBB62001BA9E7B100FEB4CF /* Process.swift in Sources */ = {isa = PBXBuildFile; fileRef = ECBB611C1BA9E7B100FEB4CF /* Process.swift */; };
		ECBB62011BA9E7B100FEB4CF /* Process.swift in Sources */ = {isa = PBXBuildFile; fileRef = ECBB611C1BA9E7B100FEB4CF /* Process.swift */; };
		ECBB62021BA9E7B100FEB4CF /* Process.swift in Sources */ = {isa = PBXBuildFile; fileRef = ECBB611C1BA9E7B100FEB4CF /* Process.swift */; };
		ECBB62031BA9E7B100FEB4CF /* SequenceType.swift in Sources */ = {isa = PBXBuildFile; fileRef = ECBB611D1BA9E7B100FEB4CF /* SequenceType.swift */; };
		ECBB62041BA9E7B100FEB4CF /* SequenceType.swift in Sources */ = {isa = PBXBuildFile; fileRef = ECBB611D1BA9E7B100FEB4CF /* SequenceType.swift */; };
		ECBB62051BA9E7B100FEB4CF /* SequenceType.swift in Sources */ = {isa = PBXBuildFile; fileRef = ECBB611D1BA9E7B100FEB4CF /* SequenceType.swift */; };
		ECBB62061BA9E7B100FEB4CF /* SequenceType.swift in Sources */ = {isa = PBXBuildFile; fileRef = ECBB611D1BA9E7B100FEB4CF /* SequenceType.swift */; };
		ECBB62071BA9E7B100FEB4CF /* String.swift in Sources */ = {isa = PBXBuildFile; fileRef = ECBB611E1BA9E7B100FEB4CF /* String.swift */; };
		ECBB62081BA9E7B100FEB4CF /* String.swift in Sources */ = {isa = PBXBuildFile; fileRef = ECBB611E1BA9E7B100FEB4CF /* String.swift */; };
		ECBB62091BA9E7B100FEB4CF /* String.swift in Sources */ = {isa = PBXBuildFile; fileRef = ECBB611E1BA9E7B100FEB4CF /* String.swift */; };
		ECBB620A1BA9E7B100FEB4CF /* String.swift in Sources */ = {isa = PBXBuildFile; fileRef = ECBB611E1BA9E7B100FEB4CF /* String.swift */; };
/* End PBXBuildFile section */

/* Begin PBXContainerItemProxy section */
		ECBBE37E1B5FE5D300DEA686 /* PBXContainerItemProxy */ = {
			isa = PBXContainerItemProxy;
			containerPortal = ECBBE3611B5FE5D300DEA686 /* Project object */;
			proxyType = 1;
			remoteGlobalIDString = ECBBE3681B5FE5D300DEA686;
			remoteInfo = qk;
		};
		ECBBE3891B5FE5D300DEA686 /* PBXContainerItemProxy */ = {
			isa = PBXContainerItemProxy;
			containerPortal = ECBBE3611B5FE5D300DEA686 /* Project object */;
			proxyType = 1;
			remoteGlobalIDString = ECBBE3681B5FE5D300DEA686;
			remoteInfo = qk;
		};
/* End PBXContainerItemProxy section */

/* Begin PBXFileReference section */
		EC456BC31B5FE76C00126CFD /* AppDelegate.swift */ = {isa = PBXFileReference; fileEncoding = 4; lastKnownFileType = sourcecode.swift; path = AppDelegate.swift; sourceTree = "<group>"; };
		EC456BC41B5FE76C00126CFD /* Assets.xcassets */ = {isa = PBXFileReference; lastKnownFileType = folder.assetcatalog; path = Assets.xcassets; sourceTree = "<group>"; };
		EC456BC61B5FE76C00126CFD /* qk-ios-test-info.plist */ = {isa = PBXFileReference; fileEncoding = 4; lastKnownFileType = text.plist.xml; path = "qk-ios-test-info.plist"; sourceTree = "<group>"; };
		EC456BC71B5FE76C00126CFD /* ViewController.swift */ = {isa = PBXFileReference; fileEncoding = 4; lastKnownFileType = sourcecode.swift; path = ViewController.swift; sourceTree = "<group>"; };
		EC49BD021B7511AC00660AF0 /* qk-osx-test.app */ = {isa = PBXFileReference; explicitFileType = wrapper.application; includeInIndex = 0; path = "qk-osx-test.app"; sourceTree = BUILT_PRODUCTS_DIR; };
		EC49BD041B7511AC00660AF0 /* AppDelegate.swift */ = {isa = PBXFileReference; lastKnownFileType = sourcecode.swift; path = AppDelegate.swift; sourceTree = "<group>"; };
		EC49BD061B7511AC00660AF0 /* Assets.xcassets */ = {isa = PBXFileReference; lastKnownFileType = folder.assetcatalog; path = Assets.xcassets; sourceTree = "<group>"; };
		EC49BD0B1B7511AC00660AF0 /* qk-osx-test-info.plist */ = {isa = PBXFileReference; lastKnownFileType = text.plist.xml; path = "qk-osx-test-info.plist"; sourceTree = "<group>"; };
		EC5B219A1BC5922400A7D5A9 /* NSManagedObjectModel.swift */ = {isa = PBXFileReference; fileEncoding = 4; lastKnownFileType = sourcecode.swift; path = NSManagedObjectModel.swift; sourceTree = "<group>"; };
		EC5B219D1BC5924300A7D5A9 /* DispatchQOS.swift */ = {isa = PBXFileReference; fileEncoding = 4; lastKnownFileType = sourcecode.swift; path = DispatchQOS.swift; sourceTree = "<group>"; };
		EC5B219E1BC5924300A7D5A9 /* DispatchSource.swift */ = {isa = PBXFileReference; fileEncoding = 4; lastKnownFileType = sourcecode.swift; path = DispatchSource.swift; sourceTree = "<group>"; };
		EC5B219F1BC5924300A7D5A9 /* DispatchTime.swift */ = {isa = PBXFileReference; fileEncoding = 4; lastKnownFileType = sourcecode.swift; path = DispatchTime.swift; sourceTree = "<group>"; };
		EC5B21A61BC5934800A7D5A9 /* CG-vec.swift */ = {isa = PBXFileReference; fileEncoding = 4; lastKnownFileType = sourcecode.swift; path = "CG-vec.swift"; sourceTree = "<group>"; };
		EC5B21A91BC5BB7400A7D5A9 /* main.swift */ = {isa = PBXFileReference; fileEncoding = 4; lastKnownFileType = sourcecode.swift; path = main.swift; sourceTree = "<group>"; };
		ECBB60DF1BA9E7B100FEB4CF /* AreaBuffer.swift */ = {isa = PBXFileReference; fileEncoding = 4; lastKnownFileType = sourcecode.swift; path = AreaBuffer.swift; sourceTree = "<group>"; };
		ECBB60E01BA9E7B100FEB4CF /* ArithmeticType.swift */ = {isa = PBXFileReference; fileEncoding = 4; lastKnownFileType = sourcecode.swift; path = ArithmeticType.swift; sourceTree = "<group>"; };
		ECBB60E11BA9E7B100FEB4CF /* ArrayRef.swift */ = {isa = PBXFileReference; fileEncoding = 4; lastKnownFileType = sourcecode.swift; path = ArrayRef.swift; sourceTree = "<group>"; };
		ECBB60E21BA9E7B100FEB4CF /* atomic.swift */ = {isa = PBXFileReference; fileEncoding = 4; lastKnownFileType = sourcecode.swift; path = atomic.swift; sourceTree = "<group>"; };
		ECBB60E31BA9E7B100FEB4CF /* Chain.swift */ = {isa = PBXFileReference; fileEncoding = 4; lastKnownFileType = sourcecode.swift; path = Chain.swift; sourceTree = "<group>"; };
		ECBB60E41BA9E7B100FEB4CF /* check.swift */ = {isa = PBXFileReference; fileEncoding = 4; lastKnownFileType = sourcecode.swift; path = check.swift; sourceTree = "<group>"; };
		ECBB60E51BA9E7B100FEB4CF /* core.h */ = {isa = PBXFileReference; fileEncoding = 4; lastKnownFileType = sourcecode.c.h; path = core.h; sourceTree = "<group>"; };
		ECBB60E61BA9E7B100FEB4CF /* dispatch.swift */ = {isa = PBXFileReference; fileEncoding = 4; lastKnownFileType = sourcecode.swift; path = dispatch.swift; sourceTree = "<group>"; };
		ECBB60E71BA9E7B100FEB4CF /* DispatchFileModes.swift */ = {isa = PBXFileReference; fileEncoding = 4; lastKnownFileType = sourcecode.swift; path = DispatchFileModes.swift; sourceTree = "<group>"; };
		ECBB60E81BA9E7B100FEB4CF /* Error.swift */ = {isa = PBXFileReference; fileEncoding = 4; lastKnownFileType = sourcecode.swift; path = Error.swift; sourceTree = "<group>"; };
		ECBB60E91BA9E7B100FEB4CF /* File.swift */ = {isa = PBXFileReference; fileEncoding = 4; lastKnownFileType = sourcecode.swift; path = File.swift; sourceTree = "<group>"; };
		ECBB60EA1BA9E7B100FEB4CF /* fs.swift */ = {isa = PBXFileReference; fileEncoding = 4; lastKnownFileType = sourcecode.swift; path = fs.swift; sourceTree = "<group>"; };
		ECBB60EB1BA9E7B100FEB4CF /* func.swift */ = {isa = PBXFileReference; fileEncoding = 4; lastKnownFileType = sourcecode.swift; path = func.swift; sourceTree = "<group>"; };
		ECBB60EC1BA9E7B100FEB4CF /* Index.swift */ = {isa = PBXFileReference; fileEncoding = 4; lastKnownFileType = sourcecode.swift; path = Index.swift; sourceTree = "<group>"; };
		ECBB60ED1BA9E7B100FEB4CF /* Locked.swift */ = {isa = PBXFileReference; fileEncoding = 4; lastKnownFileType = sourcecode.swift; path = Locked.swift; sourceTree = "<group>"; };
		ECBB60EE1BA9E7B100FEB4CF /* mat-generated.swift */ = {isa = PBXFileReference; fileEncoding = 4; lastKnownFileType = sourcecode.swift; path = "mat-generated.swift"; sourceTree = "<group>"; };
		ECBB60EF1BA9E7B100FEB4CF /* math.swift */ = {isa = PBXFileReference; fileEncoding = 4; lastKnownFileType = sourcecode.swift; path = math.swift; sourceTree = "<group>"; };
		ECBB60F01BA9E7B100FEB4CF /* Resource.swift */ = {isa = PBXFileReference; fileEncoding = 4; lastKnownFileType = sourcecode.swift; path = Resource.swift; sourceTree = "<group>"; };
		ECBB60F11BA9E7B100FEB4CF /* Result.swift */ = {isa = PBXFileReference; fileEncoding = 4; lastKnownFileType = sourcecode.swift; path = Result.swift; sourceTree = "<group>"; };
		ECBB60F21BA9E7B100FEB4CF /* Thread.swift */ = {isa = PBXFileReference; fileEncoding = 4; lastKnownFileType = sourcecode.swift; path = Thread.swift; sourceTree = "<group>"; };
		ECBB60F31BA9E7B100FEB4CF /* Time.swift */ = {isa = PBXFileReference; fileEncoding = 4; lastKnownFileType = sourcecode.swift; path = Time.swift; sourceTree = "<group>"; };
		ECBB60F41BA9E7B100FEB4CF /* vec-generated.swift */ = {isa = PBXFileReference; fileEncoding = 4; lastKnownFileType = sourcecode.swift; path = "vec-generated.swift"; sourceTree = "<group>"; };
		ECBB60F51BA9E7B100FEB4CF /* vec.swift */ = {isa = PBXFileReference; fileEncoding = 4; lastKnownFileType = sourcecode.swift; path = vec.swift; sourceTree = "<group>"; };
		ECBB60F61BA9E7B100FEB4CF /* VecType.swift */ = {isa = PBXFileReference; fileEncoding = 4; lastKnownFileType = sourcecode.swift; path = VecType.swift; sourceTree = "<group>"; };
		ECBB60F81BA9E7B100FEB4CF /* CGPoint-generated.swift */ = {isa = PBXFileReference; fileEncoding = 4; lastKnownFileType = sourcecode.swift; path = "CGPoint-generated.swift"; sourceTree = "<group>"; };
		ECBB60F91BA9E7B100FEB4CF /* CGPoint.swift */ = {isa = PBXFileReference; fileEncoding = 4; lastKnownFileType = sourcecode.swift; path = CGPoint.swift; sourceTree = "<group>"; };
		ECBB60FA1BA9E7B100FEB4CF /* CGRect.swift */ = {isa = PBXFileReference; fileEncoding = 4; lastKnownFileType = sourcecode.swift; path = CGRect.swift; sourceTree = "<group>"; };
		ECBB60FB1BA9E7B100FEB4CF /* CGSize.swift */ = {isa = PBXFileReference; fileEncoding = 4; lastKnownFileType = sourcecode.swift; path = CGSize.swift; sourceTree = "<group>"; };
		ECBB60FC1BA9E7B100FEB4CF /* CRColor.swift */ = {isa = PBXFileReference; fileEncoding = 4; lastKnownFileType = sourcecode.swift; path = CRColor.swift; sourceTree = "<group>"; };
		ECBB60FD1BA9E7B100FEB4CF /* CREdgeInsets.swift */ = {isa = PBXFileReference; fileEncoding = 4; lastKnownFileType = sourcecode.swift; path = CREdgeInsets.swift; sourceTree = "<group>"; };
		ECBB60FE1BA9E7B100FEB4CF /* CREvent.swift */ = {isa = PBXFileReference; fileEncoding = 4; lastKnownFileType = sourcecode.swift; path = CREvent.swift; sourceTree = "<group>"; };
		ECBB60FF1BA9E7B100FEB4CF /* CRFont.swift */ = {isa = PBXFileReference; fileEncoding = 4; lastKnownFileType = sourcecode.swift; path = CRFont.swift; sourceTree = "<group>"; };
		ECBB61001BA9E7B100FEB4CF /* CRFontDescriptor.swift */ = {isa = PBXFileReference; fileEncoding = 4; lastKnownFileType = sourcecode.swift; path = CRFontDescriptor.swift; sourceTree = "<group>"; };
		ECBB61011BA9E7B100FEB4CF /* CRResponder.swift */ = {isa = PBXFileReference; fileEncoding = 4; lastKnownFileType = sourcecode.swift; path = CRResponder.swift; sourceTree = "<group>"; };
		ECBB61021BA9E7B100FEB4CF /* CRView.swift */ = {isa = PBXFileReference; fileEncoding = 4; lastKnownFileType = sourcecode.swift; path = CRView.swift; sourceTree = "<group>"; };
		ECBB61031BA9E7B100FEB4CF /* CRViewController.swift */ = {isa = PBXFileReference; fileEncoding = 4; lastKnownFileType = sourcecode.swift; path = CRViewController.swift; sourceTree = "<group>"; };
		ECBB61041BA9E7B100FEB4CF /* CRWindow.swift */ = {isa = PBXFileReference; fileEncoding = 4; lastKnownFileType = sourcecode.swift; path = CRWindow.swift; sourceTree = "<group>"; };
		ECBB61051BA9E7B100FEB4CF /* Flt.swift */ = {isa = PBXFileReference; fileEncoding = 4; lastKnownFileType = sourcecode.swift; path = Flt.swift; sourceTree = "<group>"; };
		ECBB61061BA9E7B100FEB4CF /* layout.swift */ = {isa = PBXFileReference; fileEncoding = 4; lastKnownFileType = sourcecode.swift; path = layout.swift; sourceTree = "<group>"; };
		ECBB61071BA9E7B100FEB4CF /* NSLayoutConstraint.h */ = {isa = PBXFileReference; fileEncoding = 4; lastKnownFileType = sourcecode.c.h; path = NSLayoutConstraint.h; sourceTree = "<group>"; };
		ECBB61081BA9E7B100FEB4CF /* NSLayoutConstraint.m */ = {isa = PBXFileReference; fileEncoding = 4; lastKnownFileType = sourcecode.c.objc; path = NSLayoutConstraint.m; sourceTree = "<group>"; };
		ECBB61091BA9E7B100FEB4CF /* NSLayoutConstraint.swift */ = {isa = PBXFileReference; fileEncoding = 4; lastKnownFileType = sourcecode.swift; path = NSLayoutConstraint.swift; sourceTree = "<group>"; };
		ECBB610A1BA9E7B100FEB4CF /* QKResponder.swift */ = {isa = PBXFileReference; fileEncoding = 4; lastKnownFileType = sourcecode.swift; path = QKResponder.swift; sourceTree = "<group>"; };
		ECBB610C1BA9E7B100FEB4CF /* NSBundle.swift */ = {isa = PBXFileReference; fileEncoding = 4; lastKnownFileType = sourcecode.swift; path = NSBundle.swift; sourceTree = "<group>"; };
		ECBB610D1BA9E7B100FEB4CF /* NSDate.swift */ = {isa = PBXFileReference; fileEncoding = 4; lastKnownFileType = sourcecode.swift; path = NSDate.swift; sourceTree = "<group>"; };
		ECBB610F1BA9E7B100FEB4CF /* NSFileManager.swift */ = {isa = PBXFileReference; fileEncoding = 4; lastKnownFileType = sourcecode.swift; path = NSFileManager.swift; sourceTree = "<group>"; };
		ECBB61101BA9E7B100FEB4CF /* NSIndexPath.swift */ = {isa = PBXFileReference; fileEncoding = 4; lastKnownFileType = sourcecode.swift; path = NSIndexPath.swift; sourceTree = "<group>"; };
		ECBB61111BA9E7B100FEB4CF /* NSNotificationCenter.swift */ = {isa = PBXFileReference; fileEncoding = 4; lastKnownFileType = sourcecode.swift; path = NSNotificationCenter.swift; sourceTree = "<group>"; };
		ECBB61121BA9E7B100FEB4CF /* NSObject.swift */ = {isa = PBXFileReference; fileEncoding = 4; lastKnownFileType = sourcecode.swift; path = NSObject.swift; sourceTree = "<group>"; };
		ECBB61131BA9E7B100FEB4CF /* NSOutputStream.swift */ = {isa = PBXFileReference; fileEncoding = 4; lastKnownFileType = sourcecode.swift; path = NSOutputStream.swift; sourceTree = "<group>"; };
		ECBB61151BA9E7B100FEB4CF /* Array.swift */ = {isa = PBXFileReference; fileEncoding = 4; lastKnownFileType = sourcecode.swift; path = Array.swift; sourceTree = "<group>"; };
		ECBB61161BA9E7B100FEB4CF /* Character.swift */ = {isa = PBXFileReference; fileEncoding = 4; lastKnownFileType = sourcecode.swift; path = Character.swift; sourceTree = "<group>"; };
		ECBB61171BA9E7B100FEB4CF /* CollectionType.swift */ = {isa = PBXFileReference; fileEncoding = 4; lastKnownFileType = sourcecode.swift; path = CollectionType.swift; sourceTree = "<group>"; };
		ECBB61181BA9E7B100FEB4CF /* Dictionary.swift */ = {isa = PBXFileReference; fileEncoding = 4; lastKnownFileType = sourcecode.swift; path = Dictionary.swift; sourceTree = "<group>"; };
		ECBB61191BA9E7B100FEB4CF /* Int.swift */ = {isa = PBXFileReference; fileEncoding = 4; lastKnownFileType = sourcecode.swift; path = Int.swift; sourceTree = "<group>"; };
		ECBB611A1BA9E7B100FEB4CF /* Optional.swift */ = {isa = PBXFileReference; fileEncoding = 4; lastKnownFileType = sourcecode.swift; path = Optional.swift; sourceTree = "<group>"; };
		ECBB611B1BA9E7B100FEB4CF /* OutputStreamType.swift */ = {isa = PBXFileReference; fileEncoding = 4; lastKnownFileType = sourcecode.swift; path = OutputStreamType.swift; sourceTree = "<group>"; };
		ECBB611C1BA9E7B100FEB4CF /* Process.swift */ = {isa = PBXFileReference; fileEncoding = 4; lastKnownFileType = sourcecode.swift; path = Process.swift; sourceTree = "<group>"; };
		ECBB611D1BA9E7B100FEB4CF /* SequenceType.swift */ = {isa = PBXFileReference; fileEncoding = 4; lastKnownFileType = sourcecode.swift; path = SequenceType.swift; sourceTree = "<group>"; };
		ECBB611E1BA9E7B100FEB4CF /* String.swift */ = {isa = PBXFileReference; fileEncoding = 4; lastKnownFileType = sourcecode.swift; path = String.swift; sourceTree = "<group>"; };
		ECBBE3691B5FE5D300DEA686 /* qk-ios-test.app */ = {isa = PBXFileReference; explicitFileType = wrapper.application; includeInIndex = 0; path = "qk-ios-test.app"; sourceTree = BUILT_PRODUCTS_DIR; };
		ECBBE37D1B5FE5D300DEA686 /* qkTests.xctest */ = {isa = PBXFileReference; explicitFileType = wrapper.cfbundle; includeInIndex = 0; path = qkTests.xctest; sourceTree = BUILT_PRODUCTS_DIR; };
		ECBBE3881B5FE5D300DEA686 /* qkUITests.xctest */ = {isa = PBXFileReference; explicitFileType = wrapper.cfbundle; includeInIndex = 0; path = qkUITests.xctest; sourceTree = BUILT_PRODUCTS_DIR; };
/* End PBXFileReference section */

/* Begin PBXFrameworksBuildPhase section */
		EC49BCFF1B7511AC00660AF0 /* Frameworks */ = {
			isa = PBXFrameworksBuildPhase;
			buildActionMask = 2147483647;
			files = (
			);
			runOnlyForDeploymentPostprocessing = 0;
		};
		ECBBE3661B5FE5D300DEA686 /* Frameworks */ = {
			isa = PBXFrameworksBuildPhase;
			buildActionMask = 2147483647;
			files = (
			);
			runOnlyForDeploymentPostprocessing = 0;
		};
		ECBBE37A1B5FE5D300DEA686 /* Frameworks */ = {
			isa = PBXFrameworksBuildPhase;
			buildActionMask = 2147483647;
			files = (
			);
			runOnlyForDeploymentPostprocessing = 0;
		};
		ECBBE3851B5FE5D300DEA686 /* Frameworks */ = {
			isa = PBXFrameworksBuildPhase;
			buildActionMask = 2147483647;
			files = (
			);
			runOnlyForDeploymentPostprocessing = 0;
		};
/* End PBXFrameworksBuildPhase section */

/* Begin PBXGroup section */
		EC456BC11B5FE74000126CFD /* test */ = {
			isa = PBXGroup;
			children = (
				EC456BC21B5FE76C00126CFD /* qk-ios-test */,
				EC49BD031B7511AC00660AF0 /* qk-osx-test */,
			);
			path = test;
			sourceTree = "<group>";
		};
		EC456BC21B5FE76C00126CFD /* qk-ios-test */ = {
			isa = PBXGroup;
			children = (
				EC456BC31B5FE76C00126CFD /* AppDelegate.swift */,
				EC456BC41B5FE76C00126CFD /* Assets.xcassets */,
				EC456BC61B5FE76C00126CFD /* qk-ios-test-info.plist */,
				EC456BC71B5FE76C00126CFD /* ViewController.swift */,
			);
			path = "qk-ios-test";
			sourceTree = "<group>";
		};
		EC49BD031B7511AC00660AF0 /* qk-osx-test */ = {
			isa = PBXGroup;
			children = (
				EC49BD041B7511AC00660AF0 /* AppDelegate.swift */,
				EC49BD061B7511AC00660AF0 /* Assets.xcassets */,
				EC5B21A91BC5BB7400A7D5A9 /* main.swift */,
				EC49BD0B1B7511AC00660AF0 /* qk-osx-test-info.plist */,
			);
			path = "qk-osx-test";
			sourceTree = "<group>";
		};
		EC5B21991BC5922400A7D5A9 /* cd */ = {
			isa = PBXGroup;
			children = (
				EC5B219A1BC5922400A7D5A9 /* NSManagedObjectModel.swift */,
			);
			path = cd;
			sourceTree = "<group>";
		};
		EC900B8D1B5FE8C3003AAADA /* src */ = {
			isa = PBXGroup;
			children = (
				EC5B21991BC5922400A7D5A9 /* cd */,
				ECBB60DE1BA9E7B100FEB4CF /* core */,
				ECBB60F71BA9E7B100FEB4CF /* cr */,
				ECBB610B1BA9E7B100FEB4CF /* foundation */,
				ECBB61141BA9E7B100FEB4CF /* std */,
			);
			path = src;
			sourceTree = "<group>";
		};
		ECBB60DE1BA9E7B100FEB4CF /* core */ = {
			isa = PBXGroup;
			children = (
				ECBB60DF1BA9E7B100FEB4CF /* AreaBuffer.swift */,
				ECBB60E01BA9E7B100FEB4CF /* ArithmeticType.swift */,
				ECBB60E11BA9E7B100FEB4CF /* ArrayRef.swift */,
				ECBB60E21BA9E7B100FEB4CF /* atomic.swift */,
				ECBB60E31BA9E7B100FEB4CF /* Chain.swift */,
				ECBB60E41BA9E7B100FEB4CF /* check.swift */,
				ECBB60E51BA9E7B100FEB4CF /* core.h */,
				ECBB60E61BA9E7B100FEB4CF /* dispatch.swift */,
				EC5B219D1BC5924300A7D5A9 /* DispatchQOS.swift */,
				EC5B219E1BC5924300A7D5A9 /* DispatchSource.swift */,
				EC5B219F1BC5924300A7D5A9 /* DispatchTime.swift */,
				ECBB60E71BA9E7B100FEB4CF /* DispatchFileModes.swift */,
				ECBB60E81BA9E7B100FEB4CF /* Error.swift */,
				ECBB60E91BA9E7B100FEB4CF /* File.swift */,
				ECBB60EA1BA9E7B100FEB4CF /* fs.swift */,
				ECBB60EB1BA9E7B100FEB4CF /* func.swift */,
				ECBB60EC1BA9E7B100FEB4CF /* Index.swift */,
				ECBB60ED1BA9E7B100FEB4CF /* Locked.swift */,
				ECBB60EE1BA9E7B100FEB4CF /* mat-generated.swift */,
				ECBB60EF1BA9E7B100FEB4CF /* math.swift */,
				ECBB60F01BA9E7B100FEB4CF /* Resource.swift */,
				ECBB60F11BA9E7B100FEB4CF /* Result.swift */,
				ECBB60F21BA9E7B100FEB4CF /* Thread.swift */,
				ECBB60F31BA9E7B100FEB4CF /* Time.swift */,
				ECBB60F41BA9E7B100FEB4CF /* vec-generated.swift */,
				ECBB60F51BA9E7B100FEB4CF /* vec.swift */,
				ECBB60F61BA9E7B100FEB4CF /* VecType.swift */,
			);
			path = core;
			sourceTree = "<group>";
		};
		ECBB60F71BA9E7B100FEB4CF /* cr */ = {
			isa = PBXGroup;
			children = (
				EC5B21A61BC5934800A7D5A9 /* CG-vec.swift */,
				ECBB60F81BA9E7B100FEB4CF /* CGPoint-generated.swift */,
				ECBB60F91BA9E7B100FEB4CF /* CGPoint.swift */,
				ECBB60FA1BA9E7B100FEB4CF /* CGRect.swift */,
				ECBB60FB1BA9E7B100FEB4CF /* CGSize.swift */,
				ECBB60FC1BA9E7B100FEB4CF /* CRColor.swift */,
				ECBB60FD1BA9E7B100FEB4CF /* CREdgeInsets.swift */,
				ECBB60FE1BA9E7B100FEB4CF /* CREvent.swift */,
				ECBB60FF1BA9E7B100FEB4CF /* CRFont.swift */,
				ECBB61001BA9E7B100FEB4CF /* CRFontDescriptor.swift */,
				ECBB61011BA9E7B100FEB4CF /* CRResponder.swift */,
				ECBB61021BA9E7B100FEB4CF /* CRView.swift */,
				ECBB61031BA9E7B100FEB4CF /* CRViewController.swift */,
				ECBB61041BA9E7B100FEB4CF /* CRWindow.swift */,
				ECBB61051BA9E7B100FEB4CF /* Flt.swift */,
				ECBB61061BA9E7B100FEB4CF /* layout.swift */,
				ECBB61071BA9E7B100FEB4CF /* NSLayoutConstraint.h */,
				ECBB61081BA9E7B100FEB4CF /* NSLayoutConstraint.m */,
				ECBB61091BA9E7B100FEB4CF /* NSLayoutConstraint.swift */,
				ECBB610A1BA9E7B100FEB4CF /* QKResponder.swift */,
			);
			path = cr;
			sourceTree = "<group>";
		};
		ECBB610B1BA9E7B100FEB4CF /* foundation */ = {
			isa = PBXGroup;
			children = (
				ECBB610C1BA9E7B100FEB4CF /* NSBundle.swift */,
				ECBB610D1BA9E7B100FEB4CF /* NSDate.swift */,
				ECBB610F1BA9E7B100FEB4CF /* NSFileManager.swift */,
				ECBB61101BA9E7B100FEB4CF /* NSIndexPath.swift */,
				ECBB61111BA9E7B100FEB4CF /* NSNotificationCenter.swift */,
				ECBB61121BA9E7B100FEB4CF /* NSObject.swift */,
				ECBB61131BA9E7B100FEB4CF /* NSOutputStream.swift */,
			);
			path = foundation;
			sourceTree = "<group>";
		};
		ECBB61141BA9E7B100FEB4CF /* std */ = {
			isa = PBXGroup;
			children = (
				ECBB61151BA9E7B100FEB4CF /* Array.swift */,
				ECBB61161BA9E7B100FEB4CF /* Character.swift */,
				ECBB61171BA9E7B100FEB4CF /* CollectionType.swift */,
				ECBB61181BA9E7B100FEB4CF /* Dictionary.swift */,
				ECBB61191BA9E7B100FEB4CF /* Int.swift */,
				ECBB611A1BA9E7B100FEB4CF /* Optional.swift */,
				ECBB611B1BA9E7B100FEB4CF /* OutputStreamType.swift */,
				ECBB611C1BA9E7B100FEB4CF /* Process.swift */,
				ECBB611D1BA9E7B100FEB4CF /* SequenceType.swift */,
				ECBB611E1BA9E7B100FEB4CF /* String.swift */,
			);
			path = std;
			sourceTree = "<group>";
		};
		ECBBE3601B5FE5D300DEA686 = {
			isa = PBXGroup;
			children = (
				EC900B8D1B5FE8C3003AAADA /* src */,
				EC456BC11B5FE74000126CFD /* test */,
				ECBBE36A1B5FE5D300DEA686 /* Products */,
			);
			sourceTree = "<group>";
		};
		ECBBE36A1B5FE5D300DEA686 /* Products */ = {
			isa = PBXGroup;
			children = (
				ECBBE3691B5FE5D300DEA686 /* qk-ios-test.app */,
				ECBBE37D1B5FE5D300DEA686 /* qkTests.xctest */,
				ECBBE3881B5FE5D300DEA686 /* qkUITests.xctest */,
				EC49BD021B7511AC00660AF0 /* qk-osx-test.app */,
			);
			name = Products;
			sourceTree = "<group>";
		};
/* End PBXGroup section */

/* Begin PBXNativeTarget section */
		EC49BD011B7511AC00660AF0 /* qk-osx-test */ = {
			isa = PBXNativeTarget;
			buildConfigurationList = EC49BD0C1B7511AC00660AF0 /* Build configuration list for PBXNativeTarget "qk-osx-test" */;
			buildPhases = (
				EC49BCFE1B7511AC00660AF0 /* Sources */,
				EC49BCFF1B7511AC00660AF0 /* Frameworks */,
				EC49BD001B7511AC00660AF0 /* Resources */,
			);
			buildRules = (
			);
			dependencies = (
			);
			name = "qk-osx-test";
			productName = "qk-osx-test";
			productReference = EC49BD021B7511AC00660AF0 /* qk-osx-test.app */;
			productType = "com.apple.product-type.application";
		};
		ECBBE3681B5FE5D300DEA686 /* qk-ios-test */ = {
			isa = PBXNativeTarget;
			buildConfigurationList = ECBBE3911B5FE5D300DEA686 /* Build configuration list for PBXNativeTarget "qk-ios-test" */;
			buildPhases = (
				ECBBE3651B5FE5D300DEA686 /* Sources */,
				ECBBE3661B5FE5D300DEA686 /* Frameworks */,
				ECBBE3671B5FE5D300DEA686 /* Resources */,
			);
			buildRules = (
			);
			dependencies = (
			);
			name = "qk-ios-test";
			productName = qk;
			productReference = ECBBE3691B5FE5D300DEA686 /* qk-ios-test.app */;
			productType = "com.apple.product-type.application";
		};
		ECBBE37C1B5FE5D300DEA686 /* qkTests */ = {
			isa = PBXNativeTarget;
			buildConfigurationList = ECBBE3941B5FE5D300DEA686 /* Build configuration list for PBXNativeTarget "qkTests" */;
			buildPhases = (
				ECBBE3791B5FE5D300DEA686 /* Sources */,
				ECBBE37A1B5FE5D300DEA686 /* Frameworks */,
				ECBBE37B1B5FE5D300DEA686 /* Resources */,
			);
			buildRules = (
			);
			dependencies = (
				ECBBE37F1B5FE5D300DEA686 /* PBXTargetDependency */,
			);
			name = qkTests;
			productName = qkTests;
			productReference = ECBBE37D1B5FE5D300DEA686 /* qkTests.xctest */;
			productType = "com.apple.product-type.bundle.unit-test";
		};
		ECBBE3871B5FE5D300DEA686 /* qkUITests */ = {
			isa = PBXNativeTarget;
			buildConfigurationList = ECBBE3971B5FE5D300DEA686 /* Build configuration list for PBXNativeTarget "qkUITests" */;
			buildPhases = (
				ECBBE3841B5FE5D300DEA686 /* Sources */,
				ECBBE3851B5FE5D300DEA686 /* Frameworks */,
				ECBBE3861B5FE5D300DEA686 /* Resources */,
			);
			buildRules = (
			);
			dependencies = (
				ECBBE38A1B5FE5D300DEA686 /* PBXTargetDependency */,
			);
			name = qkUITests;
			productName = qkUITests;
			productReference = ECBBE3881B5FE5D300DEA686 /* qkUITests.xctest */;
			productType = "com.apple.product-type.bundle.ui-testing";
		};
/* End PBXNativeTarget section */

/* Begin PBXProject section */
		ECBBE3611B5FE5D300DEA686 /* Project object */ = {
			isa = PBXProject;
			attributes = {
				CLASSPREFIX = QK;
				LastUpgradeCheck = 0700;
				ORGANIZATIONNAME = gwk;
				TargetAttributes = {
					EC49BD011B7511AC00660AF0 = {
						CreatedOnToolsVersion = 7.0;
					};
					ECBBE3681B5FE5D300DEA686 = {
						CreatedOnToolsVersion = 7.0;
					};
					ECBBE37C1B5FE5D300DEA686 = {
						CreatedOnToolsVersion = 7.0;
						TestTargetID = ECBBE3681B5FE5D300DEA686;
					};
					ECBBE3871B5FE5D300DEA686 = {
						CreatedOnToolsVersion = 7.0;
						TestTargetID = ECBBE3681B5FE5D300DEA686;
					};
				};
			};
			buildConfigurationList = ECBBE3641B5FE5D300DEA686 /* Build configuration list for PBXProject "qk" */;
			compatibilityVersion = "Xcode 6.3";
			developmentRegion = English;
			hasScannedForEncodings = 0;
			knownRegions = (
				en,
				Base,
			);
			mainGroup = ECBBE3601B5FE5D300DEA686;
			productRefGroup = ECBBE36A1B5FE5D300DEA686 /* Products */;
			projectDirPath = "";
			projectRoot = "";
			targets = (
				ECBBE3681B5FE5D300DEA686 /* qk-ios-test */,
				ECBBE37C1B5FE5D300DEA686 /* qkTests */,
				ECBBE3871B5FE5D300DEA686 /* qkUITests */,
				EC49BD011B7511AC00660AF0 /* qk-osx-test */,
			);
		};
/* End PBXProject section */

/* Begin PBXResourcesBuildPhase section */
		EC49BD001B7511AC00660AF0 /* Resources */ = {
			isa = PBXResourcesBuildPhase;
			buildActionMask = 2147483647;
			files = (
				EC49BD071B7511AC00660AF0 /* Assets.xcassets in Resources */,
			);
			runOnlyForDeploymentPostprocessing = 0;
		};
		ECBBE3671B5FE5D300DEA686 /* Resources */ = {
			isa = PBXResourcesBuildPhase;
			buildActionMask = 2147483647;
			files = (
				EC456BC91B5FE76C00126CFD /* Assets.xcassets in Resources */,
			);
			runOnlyForDeploymentPostprocessing = 0;
		};
		ECBBE37B1B5FE5D300DEA686 /* Resources */ = {
			isa = PBXResourcesBuildPhase;
			buildActionMask = 2147483647;
			files = (
			);
			runOnlyForDeploymentPostprocessing = 0;
		};
		ECBBE3861B5FE5D300DEA686 /* Resources */ = {
			isa = PBXResourcesBuildPhase;
			buildActionMask = 2147483647;
			files = (
			);
			runOnlyForDeploymentPostprocessing = 0;
		};
/* End PBXResourcesBuildPhase section */

/* Begin PBXSourcesBuildPhase section */
		EC49BCFE1B7511AC00660AF0 /* Sources */ = {
			isa = PBXSourcesBuildPhase;
			buildActionMask = 2147483647;
			files = (
				ECBB612E1BA9E7B100FEB4CF /* atomic.swift in Sources */,
				EC5B21AA1BC5BB7400A7D5A9 /* main.swift in Sources */,
				ECBB61AA1BA9E7B100FEB4CF /* CRViewController.swift in Sources */,
				ECBB614E1BA9E7B100FEB4CF /* func.swift in Sources */,
				ECBB61E61BA9E7B100FEB4CF /* Array.swift in Sources */,
				ECBB61A61BA9E7B100FEB4CF /* CRView.swift in Sources */,
				ECBB61F21BA9E7B100FEB4CF /* Dictionary.swift in Sources */,
				ECBB61661BA9E7B100FEB4CF /* Result.swift in Sources */,
				ECBB61FE1BA9E7B100FEB4CF /* OutputStreamType.swift in Sources */,
				ECBB61F61BA9E7B100FEB4CF /* Int.swift in Sources */,
				ECBB613E1BA9E7B100FEB4CF /* DispatchFileModes.swift in Sources */,
				ECBB61721BA9E7B100FEB4CF /* vec-generated.swift in Sources */,
				ECBB62061BA9E7B100FEB4CF /* SequenceType.swift in Sources */,
				ECBB61A21BA9E7B100FEB4CF /* CRResponder.swift in Sources */,
				ECBB619E1BA9E7B100FEB4CF /* CRFontDescriptor.swift in Sources */,
				ECBB613A1BA9E7B100FEB4CF /* dispatch.swift in Sources */,
				ECBB61261BA9E7B100FEB4CF /* ArithmeticType.swift in Sources */,
				ECBB61861BA9E7B100FEB4CF /* CGRect.swift in Sources */,
				ECBB614A1BA9E7B100FEB4CF /* fs.swift in Sources */,
				ECBB61BE1BA9E7B100FEB4CF /* NSLayoutConstraint.swift in Sources */,
				ECBB617A1BA9E7B100FEB4CF /* VecType.swift in Sources */,
				ECBB612A1BA9E7B100FEB4CF /* ArrayRef.swift in Sources */,
				ECBB615E1BA9E7B100FEB4CF /* math.swift in Sources */,
				ECBB616E1BA9E7B100FEB4CF /* Time.swift in Sources */,
				ECBB61321BA9E7B100FEB4CF /* Chain.swift in Sources */,
				ECBB61D61BA9E7B100FEB4CF /* NSIndexPath.swift in Sources */,
				ECBB61B61BA9E7B100FEB4CF /* layout.swift in Sources */,
				EC5B21A51BC5924300A7D5A9 /* DispatchTime.swift in Sources */,
				ECBB61621BA9E7B100FEB4CF /* Resource.swift in Sources */,
				EC5B21A81BC5934800A7D5A9 /* CG-vec.swift in Sources */,
				EC5B21A11BC5924300A7D5A9 /* DispatchQOS.swift in Sources */,
				ECBB616A1BA9E7B100FEB4CF /* Thread.swift in Sources */,
				ECBB61CA1BA9E7B100FEB4CF /* NSDate.swift in Sources */,
				ECBB61521BA9E7B100FEB4CF /* Index.swift in Sources */,
				ECBB61921BA9E7B100FEB4CF /* CREdgeInsets.swift in Sources */,
				ECBB61221BA9E7B100FEB4CF /* AreaBuffer.swift in Sources */,
				ECBB61C61BA9E7B100FEB4CF /* NSBundle.swift in Sources */,
				ECBB61FA1BA9E7B100FEB4CF /* Optional.swift in Sources */,
				ECBB619A1BA9E7B100FEB4CF /* CRFont.swift in Sources */,
				ECBB61C21BA9E7B100FEB4CF /* QKResponder.swift in Sources */,
				ECBB61DA1BA9E7B100FEB4CF /* NSNotificationCenter.swift in Sources */,
				ECBB61DE1BA9E7B100FEB4CF /* NSObject.swift in Sources */,
				ECBB61EE1BA9E7B100FEB4CF /* CollectionType.swift in Sources */,
				EC5B219C1BC5922400A7D5A9 /* NSManagedObjectModel.swift in Sources */,
				ECBB61961BA9E7B100FEB4CF /* CREvent.swift in Sources */,
				EC5B21A31BC5924300A7D5A9 /* DispatchSource.swift in Sources */,
				ECBB61361BA9E7B100FEB4CF /* check.swift in Sources */,
				ECBB61BA1BA9E7B100FEB4CF /* NSLayoutConstraint.m in Sources */,
				ECBB620A1BA9E7B100FEB4CF /* String.swift in Sources */,
				ECBB61561BA9E7B100FEB4CF /* Locked.swift in Sources */,
				ECBB61AE1BA9E7B100FEB4CF /* CRWindow.swift in Sources */,
				ECBB61E21BA9E7B100FEB4CF /* NSOutputStream.swift in Sources */,
				ECBB61EA1BA9E7B100FEB4CF /* Character.swift in Sources */,
				ECBB62021BA9E7B100FEB4CF /* Process.swift in Sources */,
				ECBB61B21BA9E7B100FEB4CF /* Flt.swift in Sources */,
				ECBB618E1BA9E7B100FEB4CF /* CRColor.swift in Sources */,
				ECBB61761BA9E7B100FEB4CF /* vec.swift in Sources */,
				ECBB61821BA9E7B100FEB4CF /* CGPoint.swift in Sources */,
				ECBB61D21BA9E7B100FEB4CF /* NSFileManager.swift in Sources */,
				ECBB615A1BA9E7B100FEB4CF /* mat-generated.swift in Sources */,
				ECBB61421BA9E7B100FEB4CF /* Error.swift in Sources */,
				ECBB618A1BA9E7B100FEB4CF /* CGSize.swift in Sources */,
				ECBB61461BA9E7B100FEB4CF /* File.swift in Sources */,
				ECBB617E1BA9E7B100FEB4CF /* CGPoint-generated.swift in Sources */,
				EC49BD051B7511AC00660AF0 /* AppDelegate.swift in Sources */,
			);
			runOnlyForDeploymentPostprocessing = 0;
		};
		ECBBE3651B5FE5D300DEA686 /* Sources */ = {
			isa = PBXSourcesBuildPhase;
			buildActionMask = 2147483647;
			files = (
				ECBB61271BA9E7B100FEB4CF /* ArrayRef.swift in Sources */,
				ECBB61431BA9E7B100FEB4CF /* File.swift in Sources */,
				ECBB616B1BA9E7B100FEB4CF /* Time.swift in Sources */,
				EC456BCC1B5FE76C00126CFD /* ViewController.swift in Sources */,
				ECBB61C71BA9E7B100FEB4CF /* NSDate.swift in Sources */,
				ECBB612F1BA9E7B100FEB4CF /* Chain.swift in Sources */,
				ECBB61DB1BA9E7B100FEB4CF /* NSObject.swift in Sources */,
				ECBB61471BA9E7B100FEB4CF /* fs.swift in Sources */,
				ECBB61E31BA9E7B100FEB4CF /* Array.swift in Sources */,
				ECBB614B1BA9E7B100FEB4CF /* func.swift in Sources */,
				ECBB61631BA9E7B100FEB4CF /* Result.swift in Sources */,
				ECBB61DF1BA9E7B100FEB4CF /* NSOutputStream.swift in Sources */,
				ECBB613F1BA9E7B100FEB4CF /* Error.swift in Sources */,
				ECBB61FF1BA9E7B100FEB4CF /* Process.swift in Sources */,
				ECBB612B1BA9E7B100FEB4CF /* atomic.swift in Sources */,
				ECBB61AB1BA9E7B100FEB4CF /* CRWindow.swift in Sources */,
				ECBB618B1BA9E7B100FEB4CF /* CRColor.swift in Sources */,
				EC5B219B1BC5922400A7D5A9 /* NSManagedObjectModel.swift in Sources */,
				ECBB61F71BA9E7B100FEB4CF /* Optional.swift in Sources */,
				ECBB61731BA9E7B100FEB4CF /* vec.swift in Sources */,
				ECBB62031BA9E7B100FEB4CF /* SequenceType.swift in Sources */,
				ECBB61BF1BA9E7B100FEB4CF /* QKResponder.swift in Sources */,
				ECBB61B31BA9E7B100FEB4CF /* layout.swift in Sources */,
				EC5B21A71BC5934800A7D5A9 /* CG-vec.swift in Sources */,
				ECBB62071BA9E7B100FEB4CF /* String.swift in Sources */,
				ECBB613B1BA9E7B100FEB4CF /* DispatchFileModes.swift in Sources */,
				ECBB61D31BA9E7B100FEB4CF /* NSIndexPath.swift in Sources */,
				ECBB61C31BA9E7B100FEB4CF /* NSBundle.swift in Sources */,
				ECBB618F1BA9E7B100FEB4CF /* CREdgeInsets.swift in Sources */,
				ECBB619B1BA9E7B100FEB4CF /* CRFontDescriptor.swift in Sources */,
				ECBB61AF1BA9E7B100FEB4CF /* Flt.swift in Sources */,
				ECBB61EF1BA9E7B100FEB4CF /* Dictionary.swift in Sources */,
				ECBB61571BA9E7B100FEB4CF /* mat-generated.swift in Sources */,
				ECBB61971BA9E7B100FEB4CF /* CRFont.swift in Sources */,
				ECBB619F1BA9E7B100FEB4CF /* CRResponder.swift in Sources */,
				ECBB61B71BA9E7B100FEB4CF /* NSLayoutConstraint.m in Sources */,
				ECBB61F31BA9E7B100FEB4CF /* Int.swift in Sources */,
				ECBB61E71BA9E7B100FEB4CF /* Character.swift in Sources */,
				ECBB61871BA9E7B100FEB4CF /* CGSize.swift in Sources */,
				ECBB61531BA9E7B100FEB4CF /* Locked.swift in Sources */,
				ECBB61CF1BA9E7B100FEB4CF /* NSFileManager.swift in Sources */,
				ECBB616F1BA9E7B100FEB4CF /* vec-generated.swift in Sources */,
				ECBB61771BA9E7B100FEB4CF /* VecType.swift in Sources */,
				ECBB61331BA9E7B100FEB4CF /* check.swift in Sources */,
				ECBB61A31BA9E7B100FEB4CF /* CRView.swift in Sources */,
				EC5B21A41BC5924300A7D5A9 /* DispatchTime.swift in Sources */,
				ECBB615F1BA9E7B100FEB4CF /* Resource.swift in Sources */,
				EC456BC81B5FE76C00126CFD /* AppDelegate.swift in Sources */,
				ECBB615B1BA9E7B100FEB4CF /* math.swift in Sources */,
				ECBB61EB1BA9E7B100FEB4CF /* CollectionType.swift in Sources */,
				ECBB61BB1BA9E7B100FEB4CF /* NSLayoutConstraint.swift in Sources */,
				ECBB617B1BA9E7B100FEB4CF /* CGPoint-generated.swift in Sources */,
				ECBB611F1BA9E7B100FEB4CF /* AreaBuffer.swift in Sources */,
				ECBB61D71BA9E7B100FEB4CF /* NSNotificationCenter.swift in Sources */,
				ECBB617F1BA9E7B100FEB4CF /* CGPoint.swift in Sources */,
				EC5B21A21BC5924300A7D5A9 /* DispatchSource.swift in Sources */,
				ECBB61A71BA9E7B100FEB4CF /* CRViewController.swift in Sources */,
				ECBB61231BA9E7B100FEB4CF /* ArithmeticType.swift in Sources */,
				ECBB61371BA9E7B100FEB4CF /* dispatch.swift in Sources */,
				ECBB61671BA9E7B100FEB4CF /* Thread.swift in Sources */,
				EC5B21A01BC5924300A7D5A9 /* DispatchQOS.swift in Sources */,
				ECBB61FB1BA9E7B100FEB4CF /* OutputStreamType.swift in Sources */,
				ECBB614F1BA9E7B100FEB4CF /* Index.swift in Sources */,
				ECBB61831BA9E7B100FEB4CF /* CGRect.swift in Sources */,
				ECBB61931BA9E7B100FEB4CF /* CREvent.swift in Sources */,
			);
			runOnlyForDeploymentPostprocessing = 0;
		};
		ECBBE3791B5FE5D300DEA686 /* Sources */ = {
			isa = PBXSourcesBuildPhase;
			buildActionMask = 2147483647;
			files = (
				ECBB61641BA9E7B100FEB4CF /* Result.swift in Sources */,
				ECBB61F81BA9E7B100FEB4CF /* Optional.swift in Sources */,
				ECBB61381BA9E7B100FEB4CF /* dispatch.swift in Sources */,
				ECBB61341BA9E7B100FEB4CF /* check.swift in Sources */,
				ECBB61C81BA9E7B100FEB4CF /* NSDate.swift in Sources */,
				ECBB61A81BA9E7B100FEB4CF /* CRViewController.swift in Sources */,
				ECBB61941BA9E7B100FEB4CF /* CREvent.swift in Sources */,
				ECBB61681BA9E7B100FEB4CF /* Thread.swift in Sources */,
				ECBB613C1BA9E7B100FEB4CF /* DispatchFileModes.swift in Sources */,
				ECBB61481BA9E7B100FEB4CF /* fs.swift in Sources */,
				ECBB61D01BA9E7B100FEB4CF /* NSFileManager.swift in Sources */,
				ECBB61501BA9E7B100FEB4CF /* Index.swift in Sources */,
				ECBB61981BA9E7B100FEB4CF /* CRFont.swift in Sources */,
				ECBB61881BA9E7B100FEB4CF /* CGSize.swift in Sources */,
				ECBB61B41BA9E7B100FEB4CF /* layout.swift in Sources */,
				ECBB61301BA9E7B100FEB4CF /* Chain.swift in Sources */,
				ECBB62041BA9E7B100FEB4CF /* SequenceType.swift in Sources */,
				ECBB61E81BA9E7B100FEB4CF /* Character.swift in Sources */,
				ECBB62001BA9E7B100FEB4CF /* Process.swift in Sources */,
				ECBB61A41BA9E7B100FEB4CF /* CRView.swift in Sources */,
				ECBB614C1BA9E7B100FEB4CF /* func.swift in Sources */,
				ECBB61AC1BA9E7B100FEB4CF /* CRWindow.swift in Sources */,
				ECBB612C1BA9E7B100FEB4CF /* atomic.swift in Sources */,
				ECBB61441BA9E7B100FEB4CF /* File.swift in Sources */,
				ECBB618C1BA9E7B100FEB4CF /* CRColor.swift in Sources */,
				ECBB61E41BA9E7B100FEB4CF /* Array.swift in Sources */,
				ECBB61781BA9E7B100FEB4CF /* VecType.swift in Sources */,
				ECBB61541BA9E7B100FEB4CF /* Locked.swift in Sources */,
				ECBB61EC1BA9E7B100FEB4CF /* CollectionType.swift in Sources */,
				ECBB61B01BA9E7B100FEB4CF /* Flt.swift in Sources */,
				ECBB61901BA9E7B100FEB4CF /* CREdgeInsets.swift in Sources */,
				ECBB61841BA9E7B100FEB4CF /* CGRect.swift in Sources */,
				ECBB61741BA9E7B100FEB4CF /* vec.swift in Sources */,
				ECBB61A01BA9E7B100FEB4CF /* CRResponder.swift in Sources */,
				ECBB616C1BA9E7B100FEB4CF /* Time.swift in Sources */,
				ECBB61F41BA9E7B100FEB4CF /* Int.swift in Sources */,
				ECBB61201BA9E7B100FEB4CF /* AreaBuffer.swift in Sources */,
				ECBB61241BA9E7B100FEB4CF /* ArithmeticType.swift in Sources */,
				ECBB61D41BA9E7B100FEB4CF /* NSIndexPath.swift in Sources */,
				ECBB61DC1BA9E7B100FEB4CF /* NSObject.swift in Sources */,
				ECBB61581BA9E7B100FEB4CF /* mat-generated.swift in Sources */,
				ECBB61FC1BA9E7B100FEB4CF /* OutputStreamType.swift in Sources */,
				ECBB617C1BA9E7B100FEB4CF /* CGPoint-generated.swift in Sources */,
				ECBB62081BA9E7B100FEB4CF /* String.swift in Sources */,
				ECBB61701BA9E7B100FEB4CF /* vec-generated.swift in Sources */,
				ECBB61401BA9E7B100FEB4CF /* Error.swift in Sources */,
				ECBB61281BA9E7B100FEB4CF /* ArrayRef.swift in Sources */,
				ECBB619C1BA9E7B100FEB4CF /* CRFontDescriptor.swift in Sources */,
				ECBB61F01BA9E7B100FEB4CF /* Dictionary.swift in Sources */,
				ECBB61E01BA9E7B100FEB4CF /* NSOutputStream.swift in Sources */,
				ECBB615C1BA9E7B100FEB4CF /* math.swift in Sources */,
				ECBB61D81BA9E7B100FEB4CF /* NSNotificationCenter.swift in Sources */,
				ECBB61C41BA9E7B100FEB4CF /* NSBundle.swift in Sources */,
				ECBB61801BA9E7B100FEB4CF /* CGPoint.swift in Sources */,
				ECBB61B81BA9E7B100FEB4CF /* NSLayoutConstraint.m in Sources */,
				ECBB61C01BA9E7B100FEB4CF /* QKResponder.swift in Sources */,
				ECBB61601BA9E7B100FEB4CF /* Resource.swift in Sources */,
				ECBB61BC1BA9E7B100FEB4CF /* NSLayoutConstraint.swift in Sources */,
			);
			runOnlyForDeploymentPostprocessing = 0;
		};
		ECBBE3841B5FE5D300DEA686 /* Sources */ = {
			isa = PBXSourcesBuildPhase;
			buildActionMask = 2147483647;
			files = (
				ECBB61651BA9E7B100FEB4CF /* Result.swift in Sources */,
				ECBB61F91BA9E7B100FEB4CF /* Optional.swift in Sources */,
				ECBB61391BA9E7B100FEB4CF /* dispatch.swift in Sources */,
				ECBB61351BA9E7B100FEB4CF /* check.swift in Sources */,
				ECBB61C91BA9E7B100FEB4CF /* NSDate.swift in Sources */,
				ECBB61A91BA9E7B100FEB4CF /* CRViewController.swift in Sources */,
				ECBB61951BA9E7B100FEB4CF /* CREvent.swift in Sources */,
				ECBB61691BA9E7B100FEB4CF /* Thread.swift in Sources */,
				ECBB613D1BA9E7B100FEB4CF /* DispatchFileModes.swift in Sources */,
				ECBB61491BA9E7B100FEB4CF /* fs.swift in Sources */,
				ECBB61D11BA9E7B100FEB4CF /* NSFileManager.swift in Sources */,
				ECBB61511BA9E7B100FEB4CF /* Index.swift in Sources */,
				ECBB61991BA9E7B100FEB4CF /* CRFont.swift in Sources */,
				ECBB61891BA9E7B100FEB4CF /* CGSize.swift in Sources */,
				ECBB61B51BA9E7B100FEB4CF /* layout.swift in Sources */,
				ECBB61311BA9E7B100FEB4CF /* Chain.swift in Sources */,
				ECBB62051BA9E7B100FEB4CF /* SequenceType.swift in Sources */,
				ECBB61E91BA9E7B100FEB4CF /* Character.swift in Sources */,
				ECBB62011BA9E7B100FEB4CF /* Process.swift in Sources */,
				ECBB61A51BA9E7B100FEB4CF /* CRView.swift in Sources */,
				ECBB614D1BA9E7B100FEB4CF /* func.swift in Sources */,
				ECBB61AD1BA9E7B100FEB4CF /* CRWindow.swift in Sources */,
				ECBB612D1BA9E7B100FEB4CF /* atomic.swift in Sources */,
				ECBB61451BA9E7B100FEB4CF /* File.swift in Sources */,
				ECBB618D1BA9E7B100FEB4CF /* CRColor.swift in Sources */,
				ECBB61E51BA9E7B100FEB4CF /* Array.swift in Sources */,
				ECBB61791BA9E7B100FEB4CF /* VecType.swift in Sources */,
				ECBB61551BA9E7B100FEB4CF /* Locked.swift in Sources */,
				ECBB61ED1BA9E7B100FEB4CF /* CollectionType.swift in Sources */,
				ECBB61B11BA9E7B100FEB4CF /* Flt.swift in Sources */,
				ECBB61911BA9E7B100FEB4CF /* CREdgeInsets.swift in Sources */,
				ECBB61851BA9E7B100FEB4CF /* CGRect.swift in Sources */,
				ECBB61751BA9E7B100FEB4CF /* vec.swift in Sources */,
				ECBB61A11BA9E7B100FEB4CF /* CRResponder.swift in Sources */,
				ECBB616D1BA9E7B100FEB4CF /* Time.swift in Sources */,
				ECBB61F51BA9E7B100FEB4CF /* Int.swift in Sources */,
				ECBB61211BA9E7B100FEB4CF /* AreaBuffer.swift in Sources */,
				ECBB61251BA9E7B100FEB4CF /* ArithmeticType.swift in Sources */,
				ECBB61D51BA9E7B100FEB4CF /* NSIndexPath.swift in Sources */,
				ECBB61DD1BA9E7B100FEB4CF /* NSObject.swift in Sources */,
				ECBB61591BA9E7B100FEB4CF /* mat-generated.swift in Sources */,
				ECBB61FD1BA9E7B100FEB4CF /* OutputStreamType.swift in Sources */,
				ECBB617D1BA9E7B100FEB4CF /* CGPoint-generated.swift in Sources */,
				ECBB62091BA9E7B100FEB4CF /* String.swift in Sources */,
				ECBB61711BA9E7B100FEB4CF /* vec-generated.swift in Sources */,
				ECBB61411BA9E7B100FEB4CF /* Error.swift in Sources */,
				ECBB61291BA9E7B100FEB4CF /* ArrayRef.swift in Sources */,
				ECBB619D1BA9E7B100FEB4CF /* CRFontDescriptor.swift in Sources */,
				ECBB61F11BA9E7B100FEB4CF /* Dictionary.swift in Sources */,
				ECBB61E11BA9E7B100FEB4CF /* NSOutputStream.swift in Sources */,
				ECBB615D1BA9E7B100FEB4CF /* math.swift in Sources */,
				ECBB61D91BA9E7B100FEB4CF /* NSNotificationCenter.swift in Sources */,
				ECBB61C51BA9E7B100FEB4CF /* NSBundle.swift in Sources */,
				ECBB61811BA9E7B100FEB4CF /* CGPoint.swift in Sources */,
				ECBB61B91BA9E7B100FEB4CF /* NSLayoutConstraint.m in Sources */,
				ECBB61C11BA9E7B100FEB4CF /* QKResponder.swift in Sources */,
				ECBB61611BA9E7B100FEB4CF /* Resource.swift in Sources */,
				ECBB61BD1BA9E7B100FEB4CF /* NSLayoutConstraint.swift in Sources */,
			);
			runOnlyForDeploymentPostprocessing = 0;
		};
/* End PBXSourcesBuildPhase section */

/* Begin PBXTargetDependency section */
		ECBBE37F1B5FE5D300DEA686 /* PBXTargetDependency */ = {
			isa = PBXTargetDependency;
			target = ECBBE3681B5FE5D300DEA686 /* qk-ios-test */;
			targetProxy = ECBBE37E1B5FE5D300DEA686 /* PBXContainerItemProxy */;
		};
		ECBBE38A1B5FE5D300DEA686 /* PBXTargetDependency */ = {
			isa = PBXTargetDependency;
			target = ECBBE3681B5FE5D300DEA686 /* qk-ios-test */;
			targetProxy = ECBBE3891B5FE5D300DEA686 /* PBXContainerItemProxy */;
		};
/* End PBXTargetDependency section */

/* Begin XCBuildConfiguration section */
		EC49BD0D1B7511AC00660AF0 /* Debug */ = {
			isa = XCBuildConfiguration;
			buildSettings = {
				ASSETCATALOG_COMPILER_APPICON_NAME = AppIcon;
				CODE_SIGN_IDENTITY = "-";
				COMBINE_HIDPI_IMAGES = YES;
				INFOPLIST_FILE = "test/qk-osx-test/qk-osx-test-info.plist";
				LD_RUNPATH_SEARCH_PATHS = "$(inherited) @executable_path/../Frameworks";
				MACOSX_DEPLOYMENT_TARGET = 10.10;
				OTHER_CFLAGS = "-DOS_OSX";
				PRODUCT_BUNDLE_IDENTIFIER = "gwk.qk-osx-test";
				PRODUCT_NAME = "$(TARGET_NAME)";
				SDKROOT = macosx;
			};
			name = Debug;
		};
		EC49BD0E1B7511AC00660AF0 /* Release */ = {
			isa = XCBuildConfiguration;
			buildSettings = {
				ASSETCATALOG_COMPILER_APPICON_NAME = AppIcon;
				CODE_SIGN_IDENTITY = "-";
				COMBINE_HIDPI_IMAGES = YES;
				INFOPLIST_FILE = "test/qk-osx-test/qk-osx-test-info.plist";
				LD_RUNPATH_SEARCH_PATHS = "$(inherited) @executable_path/../Frameworks";
				MACOSX_DEPLOYMENT_TARGET = 10.10;
				OTHER_CFLAGS = "-DOS_OSX";
				PRODUCT_BUNDLE_IDENTIFIER = "gwk.qk-osx-test";
				PRODUCT_NAME = "$(TARGET_NAME)";
				SDKROOT = macosx;
			};
			name = Release;
		};
		ECBBE38F1B5FE5D300DEA686 /* Debug */ = {
			isa = XCBuildConfiguration;
			buildSettings = {
				ALWAYS_SEARCH_USER_PATHS = NO;
				CLANG_CXX_LANGUAGE_STANDARD = "gnu++0x";
				CLANG_CXX_LIBRARY = "libc++";
				CLANG_ENABLE_MODULES = YES;
				CLANG_ENABLE_OBJC_ARC = YES;
				CLANG_WARN_BOOL_CONVERSION = YES;
				CLANG_WARN_CONSTANT_CONVERSION = YES;
				CLANG_WARN_DIRECT_OBJC_ISA_USAGE = YES_ERROR;
				CLANG_WARN_EMPTY_BODY = YES;
				CLANG_WARN_ENUM_CONVERSION = YES;
				CLANG_WARN_INT_CONVERSION = YES;
				CLANG_WARN_OBJC_ROOT_CLASS = YES_ERROR;
				CLANG_WARN_UNREACHABLE_CODE = YES;
				CLANG_WARN__DUPLICATE_METHOD_MATCH = YES;
				"CODE_SIGN_IDENTITY[sdk=iphoneos*]" = "iPhone Developer";
				COPY_PHASE_STRIP = NO;
				DEBUG_INFORMATION_FORMAT = dwarf;
				ENABLE_STRICT_OBJC_MSGSEND = YES;
				ENABLE_TESTABILITY = YES;
				GCC_C_LANGUAGE_STANDARD = gnu99;
				GCC_DYNAMIC_NO_PIC = NO;
				GCC_NO_COMMON_BLOCKS = YES;
				GCC_OPTIMIZATION_LEVEL = 0;
				GCC_PREPROCESSOR_DEFINITIONS = (
					"DEBUG=1",
					"$(inherited)",
				);
				GCC_WARN_64_TO_32_BIT_CONVERSION = YES;
				GCC_WARN_ABOUT_RETURN_TYPE = YES_ERROR;
				GCC_WARN_UNDECLARED_SELECTOR = YES;
				GCC_WARN_UNINITIALIZED_AUTOS = YES_AGGRESSIVE;
				GCC_WARN_UNUSED_FUNCTION = YES;
				GCC_WARN_UNUSED_VARIABLE = YES;
				IPHONEOS_DEPLOYMENT_TARGET = 9.0;
				MTL_ENABLE_DEBUG_INFO = YES;
				ONLY_ACTIVE_ARCH = YES;
				SDKROOT = iphoneos;
				SWIFT_OPTIMIZATION_LEVEL = "-Onone";
				TARGETED_DEVICE_FAMILY = "1,2";
			};
			name = Debug;
		};
		ECBBE3901B5FE5D300DEA686 /* Release */ = {
			isa = XCBuildConfiguration;
			buildSettings = {
				ALWAYS_SEARCH_USER_PATHS = NO;
				CLANG_CXX_LANGUAGE_STANDARD = "gnu++0x";
				CLANG_CXX_LIBRARY = "libc++";
				CLANG_ENABLE_MODULES = YES;
				CLANG_ENABLE_OBJC_ARC = YES;
				CLANG_WARN_BOOL_CONVERSION = YES;
				CLANG_WARN_CONSTANT_CONVERSION = YES;
				CLANG_WARN_DIRECT_OBJC_ISA_USAGE = YES_ERROR;
				CLANG_WARN_EMPTY_BODY = YES;
				CLANG_WARN_ENUM_CONVERSION = YES;
				CLANG_WARN_INT_CONVERSION = YES;
				CLANG_WARN_OBJC_ROOT_CLASS = YES_ERROR;
				CLANG_WARN_UNREACHABLE_CODE = YES;
				CLANG_WARN__DUPLICATE_METHOD_MATCH = YES;
				"CODE_SIGN_IDENTITY[sdk=iphoneos*]" = "iPhone Developer";
				COPY_PHASE_STRIP = NO;
				DEBUG_INFORMATION_FORMAT = "dwarf-with-dsym";
				ENABLE_NS_ASSERTIONS = NO;
				ENABLE_STRICT_OBJC_MSGSEND = YES;
				GCC_C_LANGUAGE_STANDARD = gnu99;
				GCC_NO_COMMON_BLOCKS = YES;
				GCC_WARN_64_TO_32_BIT_CONVERSION = YES;
				GCC_WARN_ABOUT_RETURN_TYPE = YES_ERROR;
				GCC_WARN_UNDECLARED_SELECTOR = YES;
				GCC_WARN_UNINITIALIZED_AUTOS = YES_AGGRESSIVE;
				GCC_WARN_UNUSED_FUNCTION = YES;
				GCC_WARN_UNUSED_VARIABLE = YES;
				IPHONEOS_DEPLOYMENT_TARGET = 9.0;
				MTL_ENABLE_DEBUG_INFO = NO;
				SDKROOT = iphoneos;
				TARGETED_DEVICE_FAMILY = "1,2";
				VALIDATE_PRODUCT = YES;
			};
			name = Release;
		};
		ECBBE3921B5FE5D300DEA686 /* Debug */ = {
			isa = XCBuildConfiguration;
			buildSettings = {
				ASSETCATALOG_COMPILER_APPICON_NAME = AppIcon;
				INFOPLIST_FILE = "$(SRCROOT)/test/qk-ios-test/qk-ios-test-info.plist";
				LD_RUNPATH_SEARCH_PATHS = "$(inherited) @executable_path/Frameworks";
				PRODUCT_BUNDLE_IDENTIFIER = "gwk.qk-ios-test";
				PRODUCT_NAME = "$(TARGET_NAME)";
			};
			name = Debug;
		};
		ECBBE3931B5FE5D300DEA686 /* Release */ = {
			isa = XCBuildConfiguration;
			buildSettings = {
				ASSETCATALOG_COMPILER_APPICON_NAME = AppIcon;
				INFOPLIST_FILE = "$(SRCROOT)/test/qk-ios-test/qk-ios-test-info.plist";
				LD_RUNPATH_SEARCH_PATHS = "$(inherited) @executable_path/Frameworks";
				PRODUCT_BUNDLE_IDENTIFIER = "gwk.qk-ios-test";
				PRODUCT_NAME = "$(TARGET_NAME)";
			};
			name = Release;
		};
		ECBBE3951B5FE5D300DEA686 /* Debug */ = {
			isa = XCBuildConfiguration;
			buildSettings = {
				BUNDLE_LOADER = "$(TEST_HOST)";
				INFOPLIST_FILE = qkTests/Info.plist;
				LD_RUNPATH_SEARCH_PATHS = "$(inherited) @executable_path/Frameworks @loader_path/Frameworks";
				PRODUCT_BUNDLE_IDENTIFIER = gwk.qkTests;
				PRODUCT_NAME = "$(TARGET_NAME)";
				TEST_HOST = "$(BUILT_PRODUCTS_DIR)/qk.app/qk";
			};
			name = Debug;
		};
		ECBBE3961B5FE5D300DEA686 /* Release */ = {
			isa = XCBuildConfiguration;
			buildSettings = {
				BUNDLE_LOADER = "$(TEST_HOST)";
				INFOPLIST_FILE = qkTests/Info.plist;
				LD_RUNPATH_SEARCH_PATHS = "$(inherited) @executable_path/Frameworks @loader_path/Frameworks";
				PRODUCT_BUNDLE_IDENTIFIER = gwk.qkTests;
				PRODUCT_NAME = "$(TARGET_NAME)";
				TEST_HOST = "$(BUILT_PRODUCTS_DIR)/qk.app/qk";
			};
			name = Release;
		};
		ECBBE3981B5FE5D300DEA686 /* Debug */ = {
			isa = XCBuildConfiguration;
			buildSettings = {
				INFOPLIST_FILE = qkUITests/Info.plist;
				LD_RUNPATH_SEARCH_PATHS = "$(inherited) @executable_path/Frameworks @loader_path/Frameworks";
				PRODUCT_BUNDLE_IDENTIFIER = gwk.qkUITests;
				PRODUCT_NAME = "$(TARGET_NAME)";
				TEST_TARGET_NAME = qk;
				USES_XCTRUNNER = YES;
			};
			name = Debug;
		};
		ECBBE3991B5FE5D300DEA686 /* Release */ = {
			isa = XCBuildConfiguration;
			buildSettings = {
				INFOPLIST_FILE = qkUITests/Info.plist;
				LD_RUNPATH_SEARCH_PATHS = "$(inherited) @executable_path/Frameworks @loader_path/Frameworks";
				PRODUCT_BUNDLE_IDENTIFIER = gwk.qkUITests;
				PRODUCT_NAME = "$(TARGET_NAME)";
				TEST_TARGET_NAME = qk;
				USES_XCTRUNNER = YES;
			};
			name = Release;
		};
/* End XCBuildConfiguration section */

/* Begin XCConfigurationList section */
		EC49BD0C1B7511AC00660AF0 /* Build configuration list for PBXNativeTarget "qk-osx-test" */ = {
			isa = XCConfigurationList;
			buildConfigurations = (
				EC49BD0D1B7511AC00660AF0 /* Debug */,
				EC49BD0E1B7511AC00660AF0 /* Release */,
			);
			defaultConfigurationIsVisible = 0;
			defaultConfigurationName = Release;
		};
		ECBBE3641B5FE5D300DEA686 /* Build configuration list for PBXProject "qk" */ = {
			isa = XCConfigurationList;
			buildConfigurations = (
				ECBBE38F1B5FE5D300DEA686 /* Debug */,
				ECBBE3901B5FE5D300DEA686 /* Release */,
			);
			defaultConfigurationIsVisible = 0;
			defaultConfigurationName = Release;
		};
		ECBBE3911B5FE5D300DEA686 /* Build configuration list for PBXNativeTarget "qk-ios-test" */ = {
			isa = XCConfigurationList;
			buildConfigurations = (
				ECBBE3921B5FE5D300DEA686 /* Debug */,
				ECBBE3931B5FE5D300DEA686 /* Release */,
			);
			defaultConfigurationIsVisible = 0;
			defaultConfigurationName = Release;
		};
		ECBBE3941B5FE5D300DEA686 /* Build configuration list for PBXNativeTarget "qkTests" */ = {
			isa = XCConfigurationList;
			buildConfigurations = (
				ECBBE3951B5FE5D300DEA686 /* Debug */,
				ECBBE3961B5FE5D300DEA686 /* Release */,
			);
			defaultConfigurationIsVisible = 0;
			defaultConfigurationName = Release;
		};
		ECBBE3971B5FE5D300DEA686 /* Build configuration list for PBXNativeTarget "qkUITests" */ = {
			isa = XCConfigurationList;
			buildConfigurations = (
				ECBBE3981B5FE5D300DEA686 /* Debug */,
				ECBBE3991B5FE5D300DEA686 /* Release */,
			);
			defaultConfigurationIsVisible = 0;
			defaultConfigurationName = Release;
		};
/* End XCConfigurationList section */
	};
	rootObject = ECBBE3611B5FE5D300DEA686 /* Project object */;
}
