// !$*UTF8*$!
{
	archiveVersion = 1;
	classes = {
	};
	objectVersion = 47;
	objects = {

/* Begin PBXBuildFile section */
		EC0C657A1C029F3A009F1402 /* AreaBuffer.swift in Sources */ = {isa = PBXBuildFile; fileRef = EC0C65541C029F3A009F1402 /* AreaBuffer.swift */; };
		EC0C657B1C029F3A009F1402 /* AreaBuffer.swift in Sources */ = {isa = PBXBuildFile; fileRef = EC0C65541C029F3A009F1402 /* AreaBuffer.swift */; };
		EC0C657C1C029F3A009F1402 /* ArithmeticType.swift in Sources */ = {isa = PBXBuildFile; fileRef = EC0C65551C029F3A009F1402 /* ArithmeticType.swift */; };
		EC0C657D1C029F3A009F1402 /* ArithmeticType.swift in Sources */ = {isa = PBXBuildFile; fileRef = EC0C65551C029F3A009F1402 /* ArithmeticType.swift */; };
		EC0C657E1C029F3A009F1402 /* ArrayRef.swift in Sources */ = {isa = PBXBuildFile; fileRef = EC0C65561C029F3A009F1402 /* ArrayRef.swift */; };
		EC0C657F1C029F3A009F1402 /* ArrayRef.swift in Sources */ = {isa = PBXBuildFile; fileRef = EC0C65561C029F3A009F1402 /* ArrayRef.swift */; };
		EC0C65801C029F3A009F1402 /* atomic.swift in Sources */ = {isa = PBXBuildFile; fileRef = EC0C65571C029F3A009F1402 /* atomic.swift */; };
		EC0C65811C029F3A009F1402 /* atomic.swift in Sources */ = {isa = PBXBuildFile; fileRef = EC0C65571C029F3A009F1402 /* atomic.swift */; };
		EC0C65821C029F3A009F1402 /* Chain.swift in Sources */ = {isa = PBXBuildFile; fileRef = EC0C65581C029F3A009F1402 /* Chain.swift */; };
		EC0C65831C029F3A009F1402 /* Chain.swift in Sources */ = {isa = PBXBuildFile; fileRef = EC0C65581C029F3A009F1402 /* Chain.swift */; };
		EC0C65841C029F3A009F1402 /* check.swift in Sources */ = {isa = PBXBuildFile; fileRef = EC0C65591C029F3A009F1402 /* check.swift */; };
		EC0C65851C029F3A009F1402 /* check.swift in Sources */ = {isa = PBXBuildFile; fileRef = EC0C65591C029F3A009F1402 /* check.swift */; };
		EC0C65861C029F3A009F1402 /* DefaultInitializable.swift in Sources */ = {isa = PBXBuildFile; fileRef = EC0C655B1C029F3A009F1402 /* DefaultInitializable.swift */; };
		EC0C65871C029F3A009F1402 /* DefaultInitializable.swift in Sources */ = {isa = PBXBuildFile; fileRef = EC0C655B1C029F3A009F1402 /* DefaultInitializable.swift */; };
		EC0C65881C029F3A009F1402 /* Dir.swift in Sources */ = {isa = PBXBuildFile; fileRef = EC0C655C1C029F3A009F1402 /* Dir.swift */; };
		EC0C65891C029F3A009F1402 /* Dir.swift in Sources */ = {isa = PBXBuildFile; fileRef = EC0C655C1C029F3A009F1402 /* Dir.swift */; };
		EC0C658A1C029F3A009F1402 /* dispatch.swift in Sources */ = {isa = PBXBuildFile; fileRef = EC0C655D1C029F3A009F1402 /* dispatch.swift */; };
		EC0C658B1C029F3A009F1402 /* dispatch.swift in Sources */ = {isa = PBXBuildFile; fileRef = EC0C655D1C029F3A009F1402 /* dispatch.swift */; };
		EC0C658C1C029F3A009F1402 /* DispatchFileModes.swift in Sources */ = {isa = PBXBuildFile; fileRef = EC0C655E1C029F3A009F1402 /* DispatchFileModes.swift */; };
		EC0C658D1C029F3A009F1402 /* DispatchFileModes.swift in Sources */ = {isa = PBXBuildFile; fileRef = EC0C655E1C029F3A009F1402 /* DispatchFileModes.swift */; };
		EC0C658E1C029F3A009F1402 /* DispatchQOS.swift in Sources */ = {isa = PBXBuildFile; fileRef = EC0C655F1C029F3A009F1402 /* DispatchQOS.swift */; };
		EC0C658F1C029F3A009F1402 /* DispatchQOS.swift in Sources */ = {isa = PBXBuildFile; fileRef = EC0C655F1C029F3A009F1402 /* DispatchQOS.swift */; };
		EC0C65901C029F3A009F1402 /* DispatchSource.swift in Sources */ = {isa = PBXBuildFile; fileRef = EC0C65601C029F3A009F1402 /* DispatchSource.swift */; };
		EC0C65911C029F3A009F1402 /* DispatchSource.swift in Sources */ = {isa = PBXBuildFile; fileRef = EC0C65601C029F3A009F1402 /* DispatchSource.swift */; };
		EC0C65921C029F3A009F1402 /* DispatchTime.swift in Sources */ = {isa = PBXBuildFile; fileRef = EC0C65611C029F3A009F1402 /* DispatchTime.swift */; };
		EC0C65931C029F3A009F1402 /* DispatchTime.swift in Sources */ = {isa = PBXBuildFile; fileRef = EC0C65611C029F3A009F1402 /* DispatchTime.swift */; };
		EC0C65941C029F3A009F1402 /* DuplicateErrors.swift in Sources */ = {isa = PBXBuildFile; fileRef = EC0C65621C029F3A009F1402 /* DuplicateErrors.swift */; };
		EC0C65951C029F3A009F1402 /* DuplicateErrors.swift in Sources */ = {isa = PBXBuildFile; fileRef = EC0C65621C029F3A009F1402 /* DuplicateErrors.swift */; };
		EC0C65961C029F3A009F1402 /* Error.swift in Sources */ = {isa = PBXBuildFile; fileRef = EC0C65631C029F3A009F1402 /* Error.swift */; };
		EC0C65971C029F3A009F1402 /* Error.swift in Sources */ = {isa = PBXBuildFile; fileRef = EC0C65631C029F3A009F1402 /* Error.swift */; };
		EC0C65981C029F3A009F1402 /* File.swift in Sources */ = {isa = PBXBuildFile; fileRef = EC0C65641C029F3A009F1402 /* File.swift */; };
		EC0C65991C029F3A009F1402 /* File.swift in Sources */ = {isa = PBXBuildFile; fileRef = EC0C65641C029F3A009F1402 /* File.swift */; };
		EC0C659A1C029F3A009F1402 /* File+Dispatch.swift in Sources */ = {isa = PBXBuildFile; fileRef = EC0C65651C029F3A009F1402 /* File+Dispatch.swift */; };
		EC0C659B1C029F3A009F1402 /* File+Dispatch.swift in Sources */ = {isa = PBXBuildFile; fileRef = EC0C65651C029F3A009F1402 /* File+Dispatch.swift */; };
		EC0C659C1C029F3A009F1402 /* fs.swift in Sources */ = {isa = PBXBuildFile; fileRef = EC0C65661C029F3A009F1402 /* fs.swift */; };
		EC0C659D1C029F3A009F1402 /* fs.swift in Sources */ = {isa = PBXBuildFile; fileRef = EC0C65661C029F3A009F1402 /* fs.swift */; };
		EC0C659E1C029F3A009F1402 /* func.swift in Sources */ = {isa = PBXBuildFile; fileRef = EC0C65671C029F3A009F1402 /* func.swift */; };
		EC0C659F1C029F3A009F1402 /* func.swift in Sources */ = {isa = PBXBuildFile; fileRef = EC0C65671C029F3A009F1402 /* func.swift */; };
		EC0C65A01C029F3A009F1402 /* Index.swift in Sources */ = {isa = PBXBuildFile; fileRef = EC0C65681C029F3A009F1402 /* Index.swift */; };
		EC0C65A11C029F3A009F1402 /* Index.swift in Sources */ = {isa = PBXBuildFile; fileRef = EC0C65681C029F3A009F1402 /* Index.swift */; };
		EC0C65A21C029F3A009F1402 /* Json.swift in Sources */ = {isa = PBXBuildFile; fileRef = EC0C65691C029F3A009F1402 /* Json.swift */; };
		EC0C65A31C029F3A009F1402 /* Json.swift in Sources */ = {isa = PBXBuildFile; fileRef = EC0C65691C029F3A009F1402 /* Json.swift */; };
		EC0C65A41C029F3A009F1402 /* JsonArray.swift in Sources */ = {isa = PBXBuildFile; fileRef = EC0C656A1C029F3A009F1402 /* JsonArray.swift */; };
		EC0C65A51C029F3A009F1402 /* JsonArray.swift in Sources */ = {isa = PBXBuildFile; fileRef = EC0C656A1C029F3A009F1402 /* JsonArray.swift */; };
		EC0C65A61C029F3A009F1402 /* JsonConvertible.swift in Sources */ = {isa = PBXBuildFile; fileRef = EC0C656B1C029F3A009F1402 /* JsonConvertible.swift */; };
		EC0C65A71C029F3A009F1402 /* JsonConvertible.swift in Sources */ = {isa = PBXBuildFile; fileRef = EC0C656B1C029F3A009F1402 /* JsonConvertible.swift */; };
		EC0C65A81C029F3A009F1402 /* JsonDict.swift in Sources */ = {isa = PBXBuildFile; fileRef = EC0C656C1C029F3A009F1402 /* JsonDict.swift */; };
		EC0C65A91C029F3A009F1402 /* JsonDict.swift in Sources */ = {isa = PBXBuildFile; fileRef = EC0C656C1C029F3A009F1402 /* JsonDict.swift */; };
		EC0C65AA1C029F3A009F1402 /* Locked.swift in Sources */ = {isa = PBXBuildFile; fileRef = EC0C656D1C029F3A009F1402 /* Locked.swift */; };
		EC0C65AB1C029F3A009F1402 /* Locked.swift in Sources */ = {isa = PBXBuildFile; fileRef = EC0C656D1C029F3A009F1402 /* Locked.swift */; };
		EC0C65AC1C029F3A009F1402 /* mat-generated.swift in Sources */ = {isa = PBXBuildFile; fileRef = EC0C656E1C029F3A009F1402 /* mat-generated.swift */; };
		EC0C65AD1C029F3A009F1402 /* mat-generated.swift in Sources */ = {isa = PBXBuildFile; fileRef = EC0C656E1C029F3A009F1402 /* mat-generated.swift */; };
		EC0C65AE1C029F3A009F1402 /* math.swift in Sources */ = {isa = PBXBuildFile; fileRef = EC0C656F1C029F3A009F1402 /* math.swift */; };
		EC0C65AF1C029F3A009F1402 /* math.swift in Sources */ = {isa = PBXBuildFile; fileRef = EC0C656F1C029F3A009F1402 /* math.swift */; };
		EC0C65B01C029F3A009F1402 /* Resource.swift in Sources */ = {isa = PBXBuildFile; fileRef = EC0C65701C029F3A009F1402 /* Resource.swift */; };
		EC0C65B11C029F3A009F1402 /* Resource.swift in Sources */ = {isa = PBXBuildFile; fileRef = EC0C65701C029F3A009F1402 /* Resource.swift */; };
		EC0C65B21C029F3A009F1402 /* Result.swift in Sources */ = {isa = PBXBuildFile; fileRef = EC0C65711C029F3A009F1402 /* Result.swift */; };
		EC0C65B31C029F3A009F1402 /* Result.swift in Sources */ = {isa = PBXBuildFile; fileRef = EC0C65711C029F3A009F1402 /* Result.swift */; };
		EC0C65B41C029F3A009F1402 /* StringConvertible.swift in Sources */ = {isa = PBXBuildFile; fileRef = EC0C65721C029F3A009F1402 /* StringConvertible.swift */; };
		EC0C65B51C029F3A009F1402 /* StringConvertible.swift in Sources */ = {isa = PBXBuildFile; fileRef = EC0C65721C029F3A009F1402 /* StringConvertible.swift */; };
		EC0C65B61C029F3A009F1402 /* Thread.swift in Sources */ = {isa = PBXBuildFile; fileRef = EC0C65731C029F3A009F1402 /* Thread.swift */; };
		EC0C65B71C029F3A009F1402 /* Thread.swift in Sources */ = {isa = PBXBuildFile; fileRef = EC0C65731C029F3A009F1402 /* Thread.swift */; };
		EC0C65B81C029F3A009F1402 /* Time.swift in Sources */ = {isa = PBXBuildFile; fileRef = EC0C65741C029F3A009F1402 /* Time.swift */; };
		EC0C65B91C029F3A009F1402 /* Time.swift in Sources */ = {isa = PBXBuildFile; fileRef = EC0C65741C029F3A009F1402 /* Time.swift */; };
		EC0C65BC1C029F3A009F1402 /* V2I.swift in Sources */ = {isa = PBXBuildFile; fileRef = EC0C65761C029F3A009F1402 /* V2I.swift */; };
		EC0C65BD1C029F3A009F1402 /* V2I.swift in Sources */ = {isa = PBXBuildFile; fileRef = EC0C65761C029F3A009F1402 /* V2I.swift */; };
		EC0C65BE1C029F3A009F1402 /* vec-generated.swift in Sources */ = {isa = PBXBuildFile; fileRef = EC0C65771C029F3A009F1402 /* vec-generated.swift */; };
		EC0C65BF1C029F3A009F1402 /* vec-generated.swift in Sources */ = {isa = PBXBuildFile; fileRef = EC0C65771C029F3A009F1402 /* vec-generated.swift */; };
		EC0C65C01C029F3A009F1402 /* vec.swift in Sources */ = {isa = PBXBuildFile; fileRef = EC0C65781C029F3A009F1402 /* vec.swift */; };
		EC0C65C11C029F3A009F1402 /* vec.swift in Sources */ = {isa = PBXBuildFile; fileRef = EC0C65781C029F3A009F1402 /* vec.swift */; };
		EC0C65C21C029F3A009F1402 /* VecType.swift in Sources */ = {isa = PBXBuildFile; fileRef = EC0C65791C029F3A009F1402 /* VecType.swift */; };
		EC0C65C31C029F3A009F1402 /* VecType.swift in Sources */ = {isa = PBXBuildFile; fileRef = EC0C65791C029F3A009F1402 /* VecType.swift */; };
		EC0C65DD1C029F6D009F1402 /* CG-vec.swift in Sources */ = {isa = PBXBuildFile; fileRef = EC0C65C41C029F6D009F1402 /* CG-vec.swift */; };
		EC0C65DE1C029F6D009F1402 /* CG-vec.swift in Sources */ = {isa = PBXBuildFile; fileRef = EC0C65C41C029F6D009F1402 /* CG-vec.swift */; };
		EC0C65DF1C029F6D009F1402 /* CGContext.swift in Sources */ = {isa = PBXBuildFile; fileRef = EC0C65C51C029F6D009F1402 /* CGContext.swift */; };
		EC0C65E01C029F6D009F1402 /* CGContext.swift in Sources */ = {isa = PBXBuildFile; fileRef = EC0C65C51C029F6D009F1402 /* CGContext.swift */; };
		EC0C65E11C029F6D009F1402 /* CGImage.swift in Sources */ = {isa = PBXBuildFile; fileRef = EC0C65C61C029F6D009F1402 /* CGImage.swift */; };
		EC0C65E21C029F6D009F1402 /* CGImage.swift in Sources */ = {isa = PBXBuildFile; fileRef = EC0C65C61C029F6D009F1402 /* CGImage.swift */; };
		EC0C65E31C029F6D009F1402 /* CGPath.swift in Sources */ = {isa = PBXBuildFile; fileRef = EC0C65C71C029F6D009F1402 /* CGPath.swift */; };
		EC0C65E41C029F6D009F1402 /* CGPath.swift in Sources */ = {isa = PBXBuildFile; fileRef = EC0C65C71C029F6D009F1402 /* CGPath.swift */; };
		EC0C65E51C029F6D009F1402 /* CGPoint-generated.swift in Sources */ = {isa = PBXBuildFile; fileRef = EC0C65C81C029F6D009F1402 /* CGPoint-generated.swift */; };
		EC0C65E61C029F6D009F1402 /* CGPoint-generated.swift in Sources */ = {isa = PBXBuildFile; fileRef = EC0C65C81C029F6D009F1402 /* CGPoint-generated.swift */; };
		EC0C65E71C029F6D009F1402 /* CGPoint.swift in Sources */ = {isa = PBXBuildFile; fileRef = EC0C65C91C029F6D009F1402 /* CGPoint.swift */; };
		EC0C65E81C029F6D009F1402 /* CGPoint.swift in Sources */ = {isa = PBXBuildFile; fileRef = EC0C65C91C029F6D009F1402 /* CGPoint.swift */; };
		EC0C65E91C029F6D009F1402 /* CGRect.swift in Sources */ = {isa = PBXBuildFile; fileRef = EC0C65CA1C029F6D009F1402 /* CGRect.swift */; };
		EC0C65EA1C029F6D009F1402 /* CGRect.swift in Sources */ = {isa = PBXBuildFile; fileRef = EC0C65CA1C029F6D009F1402 /* CGRect.swift */; };
		EC0C65EB1C029F6D009F1402 /* CGSize.swift in Sources */ = {isa = PBXBuildFile; fileRef = EC0C65CB1C029F6D009F1402 /* CGSize.swift */; };
		EC0C65EC1C029F6D009F1402 /* CGSize.swift in Sources */ = {isa = PBXBuildFile; fileRef = EC0C65CB1C029F6D009F1402 /* CGSize.swift */; };
		EC0C65ED1C029F6D009F1402 /* CGVector-generated.swift in Sources */ = {isa = PBXBuildFile; fileRef = EC0C65CC1C029F6D009F1402 /* CGVector-generated.swift */; };
		EC0C65EE1C029F6D009F1402 /* CGVector-generated.swift in Sources */ = {isa = PBXBuildFile; fileRef = EC0C65CC1C029F6D009F1402 /* CGVector-generated.swift */; };
		EC0C65EF1C029F6D009F1402 /* CGVector.swift in Sources */ = {isa = PBXBuildFile; fileRef = EC0C65CD1C029F6D009F1402 /* CGVector.swift */; };
		EC0C65F01C029F6D009F1402 /* CGVector.swift in Sources */ = {isa = PBXBuildFile; fileRef = EC0C65CD1C029F6D009F1402 /* CGVector.swift */; };
		EC0C65F11C029F6D009F1402 /* CRColor.swift in Sources */ = {isa = PBXBuildFile; fileRef = EC0C65CE1C029F6D009F1402 /* CRColor.swift */; };
		EC0C65F21C029F6D009F1402 /* CRColor.swift in Sources */ = {isa = PBXBuildFile; fileRef = EC0C65CE1C029F6D009F1402 /* CRColor.swift */; };
		EC0C65F31C029F6D009F1402 /* CREdgeInsets.swift in Sources */ = {isa = PBXBuildFile; fileRef = EC0C65CF1C029F6D009F1402 /* CREdgeInsets.swift */; };
		EC0C65F41C029F6D009F1402 /* CREdgeInsets.swift in Sources */ = {isa = PBXBuildFile; fileRef = EC0C65CF1C029F6D009F1402 /* CREdgeInsets.swift */; };
		EC0C65F51C029F6D009F1402 /* CREvent.swift in Sources */ = {isa = PBXBuildFile; fileRef = EC0C65D01C029F6D009F1402 /* CREvent.swift */; };
		EC0C65F61C029F6D009F1402 /* CREvent.swift in Sources */ = {isa = PBXBuildFile; fileRef = EC0C65D01C029F6D009F1402 /* CREvent.swift */; };
		EC0C65F71C029F6D009F1402 /* CRFont.swift in Sources */ = {isa = PBXBuildFile; fileRef = EC0C65D11C029F6D009F1402 /* CRFont.swift */; };
		EC0C65F81C029F6D009F1402 /* CRFont.swift in Sources */ = {isa = PBXBuildFile; fileRef = EC0C65D11C029F6D009F1402 /* CRFont.swift */; };
		EC0C65F91C029F6D009F1402 /* CRFontDescriptor.swift in Sources */ = {isa = PBXBuildFile; fileRef = EC0C65D21C029F6D009F1402 /* CRFontDescriptor.swift */; };
		EC0C65FA1C029F6D009F1402 /* CRFontDescriptor.swift in Sources */ = {isa = PBXBuildFile; fileRef = EC0C65D21C029F6D009F1402 /* CRFontDescriptor.swift */; };
		EC0C65FB1C029F6D009F1402 /* CRResponder.swift in Sources */ = {isa = PBXBuildFile; fileRef = EC0C65D31C029F6D009F1402 /* CRResponder.swift */; };
		EC0C65FC1C029F6D009F1402 /* CRResponder.swift in Sources */ = {isa = PBXBuildFile; fileRef = EC0C65D31C029F6D009F1402 /* CRResponder.swift */; };
		EC0C65FD1C029F6D009F1402 /* CRView.swift in Sources */ = {isa = PBXBuildFile; fileRef = EC0C65D41C029F6D009F1402 /* CRView.swift */; };
		EC0C65FE1C029F6D009F1402 /* CRView.swift in Sources */ = {isa = PBXBuildFile; fileRef = EC0C65D41C029F6D009F1402 /* CRView.swift */; };
		EC0C65FF1C029F6D009F1402 /* CRViewController.swift in Sources */ = {isa = PBXBuildFile; fileRef = EC0C65D51C029F6D009F1402 /* CRViewController.swift */; };
		EC0C66001C029F6D009F1402 /* CRViewController.swift in Sources */ = {isa = PBXBuildFile; fileRef = EC0C65D51C029F6D009F1402 /* CRViewController.swift */; };
		EC0C66011C029F6D009F1402 /* CRWindow.swift in Sources */ = {isa = PBXBuildFile; fileRef = EC0C65D61C029F6D009F1402 /* CRWindow.swift */; };
		EC0C66021C029F6D009F1402 /* CRWindow.swift in Sources */ = {isa = PBXBuildFile; fileRef = EC0C65D61C029F6D009F1402 /* CRWindow.swift */; };
		EC0C66031C029F6D009F1402 /* Flt.swift in Sources */ = {isa = PBXBuildFile; fileRef = EC0C65D71C029F6D009F1402 /* Flt.swift */; };
		EC0C66041C029F6D009F1402 /* Flt.swift in Sources */ = {isa = PBXBuildFile; fileRef = EC0C65D71C029F6D009F1402 /* Flt.swift */; };
		EC0C66051C029F6D009F1402 /* layout.swift in Sources */ = {isa = PBXBuildFile; fileRef = EC0C65D81C029F6D009F1402 /* layout.swift */; };
		EC0C66061C029F6D009F1402 /* layout.swift in Sources */ = {isa = PBXBuildFile; fileRef = EC0C65D81C029F6D009F1402 /* layout.swift */; };
		EC0C66071C029F6D009F1402 /* NSLayoutConstraint.m in Sources */ = {isa = PBXBuildFile; fileRef = EC0C65DA1C029F6D009F1402 /* NSLayoutConstraint.m */; };
		EC0C66081C029F6D009F1402 /* NSLayoutConstraint.m in Sources */ = {isa = PBXBuildFile; fileRef = EC0C65DA1C029F6D009F1402 /* NSLayoutConstraint.m */; };
		EC0C66091C029F6D009F1402 /* NSLayoutConstraint.swift in Sources */ = {isa = PBXBuildFile; fileRef = EC0C65DB1C029F6D009F1402 /* NSLayoutConstraint.swift */; };
		EC0C660A1C029F6D009F1402 /* NSLayoutConstraint.swift in Sources */ = {isa = PBXBuildFile; fileRef = EC0C65DB1C029F6D009F1402 /* NSLayoutConstraint.swift */; };
		EC0C660B1C029F6D009F1402 /* QKResponder.swift in Sources */ = {isa = PBXBuildFile; fileRef = EC0C65DC1C029F6D009F1402 /* QKResponder.swift */; };
		EC0C660C1C029F6D009F1402 /* QKResponder.swift in Sources */ = {isa = PBXBuildFile; fileRef = EC0C65DC1C029F6D009F1402 /* QKResponder.swift */; };
		EC0C66141C029FD5009F1402 /* NSBundle.swift in Sources */ = {isa = PBXBuildFile; fileRef = EC0C660D1C029FD5009F1402 /* NSBundle.swift */; };
		EC0C66151C029FD5009F1402 /* NSBundle.swift in Sources */ = {isa = PBXBuildFile; fileRef = EC0C660D1C029FD5009F1402 /* NSBundle.swift */; };
		EC0C66161C029FD5009F1402 /* NSDate.swift in Sources */ = {isa = PBXBuildFile; fileRef = EC0C660E1C029FD5009F1402 /* NSDate.swift */; };
		EC0C66171C029FD5009F1402 /* NSDate.swift in Sources */ = {isa = PBXBuildFile; fileRef = EC0C660E1C029FD5009F1402 /* NSDate.swift */; };
		EC0C66181C029FD5009F1402 /* NSFileManager.swift in Sources */ = {isa = PBXBuildFile; fileRef = EC0C660F1C029FD5009F1402 /* NSFileManager.swift */; };
		EC0C66191C029FD5009F1402 /* NSFileManager.swift in Sources */ = {isa = PBXBuildFile; fileRef = EC0C660F1C029FD5009F1402 /* NSFileManager.swift */; };
		EC0C661A1C029FD5009F1402 /* NSIndexPath.swift in Sources */ = {isa = PBXBuildFile; fileRef = EC0C66101C029FD5009F1402 /* NSIndexPath.swift */; };
		EC0C661B1C029FD5009F1402 /* NSIndexPath.swift in Sources */ = {isa = PBXBuildFile; fileRef = EC0C66101C029FD5009F1402 /* NSIndexPath.swift */; };
		EC0C661C1C029FD5009F1402 /* NSNotificationCenter.swift in Sources */ = {isa = PBXBuildFile; fileRef = EC0C66111C029FD5009F1402 /* NSNotificationCenter.swift */; };
		EC0C661D1C029FD5009F1402 /* NSNotificationCenter.swift in Sources */ = {isa = PBXBuildFile; fileRef = EC0C66111C029FD5009F1402 /* NSNotificationCenter.swift */; };
		EC0C661E1C029FD5009F1402 /* NSObject.swift in Sources */ = {isa = PBXBuildFile; fileRef = EC0C66121C029FD5009F1402 /* NSObject.swift */; };
		EC0C661F1C029FD5009F1402 /* NSObject.swift in Sources */ = {isa = PBXBuildFile; fileRef = EC0C66121C029FD5009F1402 /* NSObject.swift */; };
		EC0C66201C029FD5009F1402 /* NSOutputStream.swift in Sources */ = {isa = PBXBuildFile; fileRef = EC0C66131C029FD5009F1402 /* NSOutputStream.swift */; };
		EC0C66211C029FD5009F1402 /* NSOutputStream.swift in Sources */ = {isa = PBXBuildFile; fileRef = EC0C66131C029FD5009F1402 /* NSOutputStream.swift */; };
		EC0C662D1C029FE1009F1402 /* Array.swift in Sources */ = {isa = PBXBuildFile; fileRef = EC0C66221C029FE1009F1402 /* Array.swift */; };
		EC0C662E1C029FE1009F1402 /* Array.swift in Sources */ = {isa = PBXBuildFile; fileRef = EC0C66221C029FE1009F1402 /* Array.swift */; };
		EC0C662F1C029FE1009F1402 /* Character.swift in Sources */ = {isa = PBXBuildFile; fileRef = EC0C66231C029FE1009F1402 /* Character.swift */; };
		EC0C66301C029FE1009F1402 /* Character.swift in Sources */ = {isa = PBXBuildFile; fileRef = EC0C66231C029FE1009F1402 /* Character.swift */; };
		EC0C66311C029FE1009F1402 /* CollectionType.swift in Sources */ = {isa = PBXBuildFile; fileRef = EC0C66241C029FE1009F1402 /* CollectionType.swift */; };
		EC0C66321C029FE1009F1402 /* CollectionType.swift in Sources */ = {isa = PBXBuildFile; fileRef = EC0C66241C029FE1009F1402 /* CollectionType.swift */; };
		EC0C66331C029FE1009F1402 /* Dictionary.swift in Sources */ = {isa = PBXBuildFile; fileRef = EC0C66251C029FE1009F1402 /* Dictionary.swift */; };
		EC0C66341C029FE1009F1402 /* Dictionary.swift in Sources */ = {isa = PBXBuildFile; fileRef = EC0C66251C029FE1009F1402 /* Dictionary.swift */; };
		EC0C66351C029FE1009F1402 /* Int.swift in Sources */ = {isa = PBXBuildFile; fileRef = EC0C66261C029FE1009F1402 /* Int.swift */; };
		EC0C66361C029FE1009F1402 /* Int.swift in Sources */ = {isa = PBXBuildFile; fileRef = EC0C66261C029FE1009F1402 /* Int.swift */; };
		EC0C66371C029FE1009F1402 /* Optional.swift in Sources */ = {isa = PBXBuildFile; fileRef = EC0C66271C029FE1009F1402 /* Optional.swift */; };
		EC0C66381C029FE1009F1402 /* Optional.swift in Sources */ = {isa = PBXBuildFile; fileRef = EC0C66271C029FE1009F1402 /* Optional.swift */; };
		EC0C66391C029FE1009F1402 /* OutputStreamType.swift in Sources */ = {isa = PBXBuildFile; fileRef = EC0C66281C029FE1009F1402 /* OutputStreamType.swift */; };
		EC0C663A1C029FE1009F1402 /* OutputStreamType.swift in Sources */ = {isa = PBXBuildFile; fileRef = EC0C66281C029FE1009F1402 /* OutputStreamType.swift */; };
		EC0C663B1C029FE1009F1402 /* Process.swift in Sources */ = {isa = PBXBuildFile; fileRef = EC0C66291C029FE1009F1402 /* Process.swift */; };
		EC0C663C1C029FE1009F1402 /* Process.swift in Sources */ = {isa = PBXBuildFile; fileRef = EC0C66291C029FE1009F1402 /* Process.swift */; };
		EC0C663D1C029FE1009F1402 /* SequenceType.swift in Sources */ = {isa = PBXBuildFile; fileRef = EC0C662A1C029FE1009F1402 /* SequenceType.swift */; };
		EC0C663E1C029FE1009F1402 /* SequenceType.swift in Sources */ = {isa = PBXBuildFile; fileRef = EC0C662A1C029FE1009F1402 /* SequenceType.swift */; };
		EC0C663F1C029FE1009F1402 /* Set.swift in Sources */ = {isa = PBXBuildFile; fileRef = EC0C662B1C029FE1009F1402 /* Set.swift */; };
		EC0C66401C029FE1009F1402 /* Set.swift in Sources */ = {isa = PBXBuildFile; fileRef = EC0C662B1C029FE1009F1402 /* Set.swift */; };
		EC0C66411C029FE1009F1402 /* String.swift in Sources */ = {isa = PBXBuildFile; fileRef = EC0C662C1C029FE1009F1402 /* String.swift */; };
		EC0C66421C029FE1009F1402 /* String.swift in Sources */ = {isa = PBXBuildFile; fileRef = EC0C662C1C029FE1009F1402 /* String.swift */; };
		EC0C66491C02A2CD009F1402 /* V3I.swift in Sources */ = {isa = PBXBuildFile; fileRef = EC0C66441C02A2CD009F1402 /* V3I.swift */; };
		EC0C664A1C02A2CD009F1402 /* V3I.swift in Sources */ = {isa = PBXBuildFile; fileRef = EC0C66441C02A2CD009F1402 /* V3I.swift */; };
		EC0C664D1C02A2CD009F1402 /* V4I.swift in Sources */ = {isa = PBXBuildFile; fileRef = EC0C66461C02A2CD009F1402 /* V4I.swift */; };
		EC0C664E1C02A2CD009F1402 /* V4I.swift in Sources */ = {isa = PBXBuildFile; fileRef = EC0C66461C02A2CD009F1402 /* V4I.swift */; };
		EC456BC81B5FE76C00126CFD /* AppDelegate.swift in Sources */ = {isa = PBXBuildFile; fileRef = EC456BC31B5FE76C00126CFD /* AppDelegate.swift */; };
		EC456BC91B5FE76C00126CFD /* Assets.xcassets in Resources */ = {isa = PBXBuildFile; fileRef = EC456BC41B5FE76C00126CFD /* Assets.xcassets */; };
		EC456BCC1B5FE76C00126CFD /* ViewController.swift in Sources */ = {isa = PBXBuildFile; fileRef = EC456BC71B5FE76C00126CFD /* ViewController.swift */; };
		EC49BD051B7511AC00660AF0 /* AppDelegate.swift in Sources */ = {isa = PBXBuildFile; fileRef = EC49BD041B7511AC00660AF0 /* AppDelegate.swift */; };
		EC49BD071B7511AC00660AF0 /* Assets.xcassets in Resources */ = {isa = PBXBuildFile; fileRef = EC49BD061B7511AC00660AF0 /* Assets.xcassets */; };
		EC5B219B1BC5922400A7D5A9 /* NSManagedObjectModel.swift in Sources */ = {isa = PBXBuildFile; fileRef = EC5B219A1BC5922400A7D5A9 /* NSManagedObjectModel.swift */; };
		EC5B219C1BC5922400A7D5A9 /* NSManagedObjectModel.swift in Sources */ = {isa = PBXBuildFile; fileRef = EC5B219A1BC5922400A7D5A9 /* NSManagedObjectModel.swift */; };
		EC5B21AA1BC5BB7400A7D5A9 /* main.swift in Sources */ = {isa = PBXBuildFile; fileRef = EC5B21A91BC5BB7400A7D5A9 /* main.swift */; };
		ECE9AD5F1C02B1770027A75F /* NSWindow.swift in Sources */ = {isa = PBXBuildFile; fileRef = ECE9AD5E1C02B1770027A75F /* NSWindow.swift */; };
/* End PBXBuildFile section */

/* Begin PBXContainerItemProxy section */
		ECBBE37E1B5FE5D300DEA686 /* PBXContainerItemProxy */ = {
			isa = PBXContainerItemProxy;
			containerPortal = ECBBE3611B5FE5D300DEA686 /* Project object */;
			proxyType = 1;
			remoteGlobalIDString = ECBBE3681B5FE5D300DEA686;
			remoteInfo = qk;
		};
		ECBBE3891B5FE5D300DEA686 /* PBXContainerItemProxy */ = {
			isa = PBXContainerItemProxy;
			containerPortal = ECBBE3611B5FE5D300DEA686 /* Project object */;
			proxyType = 1;
			remoteGlobalIDString = ECBBE3681B5FE5D300DEA686;
			remoteInfo = qk;
		};
/* End PBXContainerItemProxy section */

/* Begin PBXFileReference section */
		EC0C65541C029F3A009F1402 /* AreaBuffer.swift */ = {isa = PBXFileReference; fileEncoding = 4; lastKnownFileType = sourcecode.swift; path = AreaBuffer.swift; sourceTree = "<group>"; };
		EC0C65551C029F3A009F1402 /* ArithmeticType.swift */ = {isa = PBXFileReference; fileEncoding = 4; lastKnownFileType = sourcecode.swift; path = ArithmeticType.swift; sourceTree = "<group>"; };
		EC0C65561C029F3A009F1402 /* ArrayRef.swift */ = {isa = PBXFileReference; fileEncoding = 4; lastKnownFileType = sourcecode.swift; path = ArrayRef.swift; sourceTree = "<group>"; };
		EC0C65571C029F3A009F1402 /* atomic.swift */ = {isa = PBXFileReference; fileEncoding = 4; lastKnownFileType = sourcecode.swift; path = atomic.swift; sourceTree = "<group>"; };
		EC0C65581C029F3A009F1402 /* Chain.swift */ = {isa = PBXFileReference; fileEncoding = 4; lastKnownFileType = sourcecode.swift; path = Chain.swift; sourceTree = "<group>"; };
		EC0C65591C029F3A009F1402 /* check.swift */ = {isa = PBXFileReference; fileEncoding = 4; lastKnownFileType = sourcecode.swift; path = check.swift; sourceTree = "<group>"; };
		EC0C655A1C029F3A009F1402 /* core.h */ = {isa = PBXFileReference; fileEncoding = 4; lastKnownFileType = sourcecode.c.h; path = core.h; sourceTree = "<group>"; };
		EC0C655B1C029F3A009F1402 /* DefaultInitializable.swift */ = {isa = PBXFileReference; fileEncoding = 4; lastKnownFileType = sourcecode.swift; path = DefaultInitializable.swift; sourceTree = "<group>"; };
		EC0C655C1C029F3A009F1402 /* Dir.swift */ = {isa = PBXFileReference; fileEncoding = 4; lastKnownFileType = sourcecode.swift; path = Dir.swift; sourceTree = "<group>"; };
		EC0C655D1C029F3A009F1402 /* dispatch.swift */ = {isa = PBXFileReference; fileEncoding = 4; lastKnownFileType = sourcecode.swift; path = dispatch.swift; sourceTree = "<group>"; };
		EC0C655E1C029F3A009F1402 /* DispatchFileModes.swift */ = {isa = PBXFileReference; fileEncoding = 4; lastKnownFileType = sourcecode.swift; path = DispatchFileModes.swift; sourceTree = "<group>"; };
		EC0C655F1C029F3A009F1402 /* DispatchQOS.swift */ = {isa = PBXFileReference; fileEncoding = 4; lastKnownFileType = sourcecode.swift; path = DispatchQOS.swift; sourceTree = "<group>"; };
		EC0C65601C029F3A009F1402 /* DispatchSource.swift */ = {isa = PBXFileReference; fileEncoding = 4; lastKnownFileType = sourcecode.swift; path = DispatchSource.swift; sourceTree = "<group>"; };
		EC0C65611C029F3A009F1402 /* DispatchTime.swift */ = {isa = PBXFileReference; fileEncoding = 4; lastKnownFileType = sourcecode.swift; path = DispatchTime.swift; sourceTree = "<group>"; };
		EC0C65621C029F3A009F1402 /* DuplicateErrors.swift */ = {isa = PBXFileReference; fileEncoding = 4; lastKnownFileType = sourcecode.swift; path = DuplicateErrors.swift; sourceTree = "<group>"; };
		EC0C65631C029F3A009F1402 /* Error.swift */ = {isa = PBXFileReference; fileEncoding = 4; lastKnownFileType = sourcecode.swift; path = Error.swift; sourceTree = "<group>"; };
		EC0C65641C029F3A009F1402 /* File.swift */ = {isa = PBXFileReference; fileEncoding = 4; lastKnownFileType = sourcecode.swift; path = File.swift; sourceTree = "<group>"; };
		EC0C65651C029F3A009F1402 /* File+Dispatch.swift */ = {isa = PBXFileReference; fileEncoding = 4; lastKnownFileType = sourcecode.swift; path = "File+Dispatch.swift"; sourceTree = "<group>"; };
		EC0C65661C029F3A009F1402 /* fs.swift */ = {isa = PBXFileReference; fileEncoding = 4; lastKnownFileType = sourcecode.swift; path = fs.swift; sourceTree = "<group>"; };
		EC0C65671C029F3A009F1402 /* func.swift */ = {isa = PBXFileReference; fileEncoding = 4; lastKnownFileType = sourcecode.swift; path = func.swift; sourceTree = "<group>"; };
		EC0C65681C029F3A009F1402 /* Index.swift */ = {isa = PBXFileReference; fileEncoding = 4; lastKnownFileType = sourcecode.swift; path = Index.swift; sourceTree = "<group>"; };
		EC0C65691C029F3A009F1402 /* Json.swift */ = {isa = PBXFileReference; fileEncoding = 4; lastKnownFileType = sourcecode.swift; path = Json.swift; sourceTree = "<group>"; };
		EC0C656A1C029F3A009F1402 /* JsonArray.swift */ = {isa = PBXFileReference; fileEncoding = 4; lastKnownFileType = sourcecode.swift; path = JsonArray.swift; sourceTree = "<group>"; };
		EC0C656B1C029F3A009F1402 /* JsonConvertible.swift */ = {isa = PBXFileReference; fileEncoding = 4; lastKnownFileType = sourcecode.swift; path = JsonConvertible.swift; sourceTree = "<group>"; };
		EC0C656C1C029F3A009F1402 /* JsonDict.swift */ = {isa = PBXFileReference; fileEncoding = 4; lastKnownFileType = sourcecode.swift; path = JsonDict.swift; sourceTree = "<group>"; };
		EC0C656D1C029F3A009F1402 /* Locked.swift */ = {isa = PBXFileReference; fileEncoding = 4; lastKnownFileType = sourcecode.swift; path = Locked.swift; sourceTree = "<group>"; };
		EC0C656E1C029F3A009F1402 /* mat-generated.swift */ = {isa = PBXFileReference; fileEncoding = 4; lastKnownFileType = sourcecode.swift; path = "mat-generated.swift"; sourceTree = "<group>"; };
		EC0C656F1C029F3A009F1402 /* math.swift */ = {isa = PBXFileReference; fileEncoding = 4; lastKnownFileType = sourcecode.swift; path = math.swift; sourceTree = "<group>"; };
		EC0C65701C029F3A009F1402 /* Resource.swift */ = {isa = PBXFileReference; fileEncoding = 4; lastKnownFileType = sourcecode.swift; path = Resource.swift; sourceTree = "<group>"; };
		EC0C65711C029F3A009F1402 /* Result.swift */ = {isa = PBXFileReference; fileEncoding = 4; lastKnownFileType = sourcecode.swift; path = Result.swift; sourceTree = "<group>"; };
		EC0C65721C029F3A009F1402 /* StringConvertible.swift */ = {isa = PBXFileReference; fileEncoding = 4; lastKnownFileType = sourcecode.swift; path = StringConvertible.swift; sourceTree = "<group>"; };
		EC0C65731C029F3A009F1402 /* Thread.swift */ = {isa = PBXFileReference; fileEncoding = 4; lastKnownFileType = sourcecode.swift; path = Thread.swift; sourceTree = "<group>"; };
		EC0C65741C029F3A009F1402 /* Time.swift */ = {isa = PBXFileReference; fileEncoding = 4; lastKnownFileType = sourcecode.swift; path = Time.swift; sourceTree = "<group>"; };
		EC0C65761C029F3A009F1402 /* V2I.swift */ = {isa = PBXFileReference; fileEncoding = 4; lastKnownFileType = sourcecode.swift; path = V2I.swift; sourceTree = "<group>"; };
		EC0C65771C029F3A009F1402 /* vec-generated.swift */ = {isa = PBXFileReference; fileEncoding = 4; lastKnownFileType = sourcecode.swift; path = "vec-generated.swift"; sourceTree = "<group>"; };
		EC0C65781C029F3A009F1402 /* vec.swift */ = {isa = PBXFileReference; fileEncoding = 4; lastKnownFileType = sourcecode.swift; path = vec.swift; sourceTree = "<group>"; };
		EC0C65791C029F3A009F1402 /* VecType.swift */ = {isa = PBXFileReference; fileEncoding = 4; lastKnownFileType = sourcecode.swift; path = VecType.swift; sourceTree = "<group>"; };
		EC0C65C41C029F6D009F1402 /* CG-vec.swift */ = {isa = PBXFileReference; fileEncoding = 4; lastKnownFileType = sourcecode.swift; path = "CG-vec.swift"; sourceTree = "<group>"; };
		EC0C65C51C029F6D009F1402 /* CGContext.swift */ = {isa = PBXFileReference; fileEncoding = 4; lastKnownFileType = sourcecode.swift; path = CGContext.swift; sourceTree = "<group>"; };
		EC0C65C61C029F6D009F1402 /* CGImage.swift */ = {isa = PBXFileReference; fileEncoding = 4; lastKnownFileType = sourcecode.swift; path = CGImage.swift; sourceTree = "<group>"; };
		EC0C65C71C029F6D009F1402 /* CGPath.swift */ = {isa = PBXFileReference; fileEncoding = 4; lastKnownFileType = sourcecode.swift; path = CGPath.swift; sourceTree = "<group>"; };
		EC0C65C81C029F6D009F1402 /* CGPoint-generated.swift */ = {isa = PBXFileReference; fileEncoding = 4; lastKnownFileType = sourcecode.swift; path = "CGPoint-generated.swift"; sourceTree = "<group>"; };
		EC0C65C91C029F6D009F1402 /* CGPoint.swift */ = {isa = PBXFileReference; fileEncoding = 4; lastKnownFileType = sourcecode.swift; path = CGPoint.swift; sourceTree = "<group>"; };
		EC0C65CA1C029F6D009F1402 /* CGRect.swift */ = {isa = PBXFileReference; fileEncoding = 4; lastKnownFileType = sourcecode.swift; path = CGRect.swift; sourceTree = "<group>"; };
		EC0C65CB1C029F6D009F1402 /* CGSize.swift */ = {isa = PBXFileReference; fileEncoding = 4; lastKnownFileType = sourcecode.swift; path = CGSize.swift; sourceTree = "<group>"; };
		EC0C65CC1C029F6D009F1402 /* CGVector-generated.swift */ = {isa = PBXFileReference; fileEncoding = 4; lastKnownFileType = sourcecode.swift; path = "CGVector-generated.swift"; sourceTree = "<group>"; };
		EC0C65CD1C029F6D009F1402 /* CGVector.swift */ = {isa = PBXFileReference; fileEncoding = 4; lastKnownFileType = sourcecode.swift; path = CGVector.swift; sourceTree = "<group>"; };
		EC0C65CE1C029F6D009F1402 /* CRColor.swift */ = {isa = PBXFileReference; fileEncoding = 4; lastKnownFileType = sourcecode.swift; path = CRColor.swift; sourceTree = "<group>"; };
		EC0C65CF1C029F6D009F1402 /* CREdgeInsets.swift */ = {isa = PBXFileReference; fileEncoding = 4; lastKnownFileType = sourcecode.swift; path = CREdgeInsets.swift; sourceTree = "<group>"; };
		EC0C65D01C029F6D009F1402 /* CREvent.swift */ = {isa = PBXFileReference; fileEncoding = 4; lastKnownFileType = sourcecode.swift; path = CREvent.swift; sourceTree = "<group>"; };
		EC0C65D11C029F6D009F1402 /* CRFont.swift */ = {isa = PBXFileReference; fileEncoding = 4; lastKnownFileType = sourcecode.swift; path = CRFont.swift; sourceTree = "<group>"; };
		EC0C65D21C029F6D009F1402 /* CRFontDescriptor.swift */ = {isa = PBXFileReference; fileEncoding = 4; lastKnownFileType = sourcecode.swift; path = CRFontDescriptor.swift; sourceTree = "<group>"; };
		EC0C65D31C029F6D009F1402 /* CRResponder.swift */ = {isa = PBXFileReference; fileEncoding = 4; lastKnownFileType = sourcecode.swift; path = CRResponder.swift; sourceTree = "<group>"; };
		EC0C65D41C029F6D009F1402 /* CRView.swift */ = {isa = PBXFileReference; fileEncoding = 4; lastKnownFileType = sourcecode.swift; path = CRView.swift; sourceTree = "<group>"; };
		EC0C65D51C029F6D009F1402 /* CRViewController.swift */ = {isa = PBXFileReference; fileEncoding = 4; lastKnownFileType = sourcecode.swift; path = CRViewController.swift; sourceTree = "<group>"; };
		EC0C65D61C029F6D009F1402 /* CRWindow.swift */ = {isa = PBXFileReference; fileEncoding = 4; lastKnownFileType = sourcecode.swift; path = CRWindow.swift; sourceTree = "<group>"; };
		EC0C65D71C029F6D009F1402 /* Flt.swift */ = {isa = PBXFileReference; fileEncoding = 4; lastKnownFileType = sourcecode.swift; path = Flt.swift; sourceTree = "<group>"; };
		EC0C65D81C029F6D009F1402 /* layout.swift */ = {isa = PBXFileReference; fileEncoding = 4; lastKnownFileType = sourcecode.swift; path = layout.swift; sourceTree = "<group>"; };
		EC0C65D91C029F6D009F1402 /* NSLayoutConstraint.h */ = {isa = PBXFileReference; fileEncoding = 4; lastKnownFileType = sourcecode.c.h; path = NSLayoutConstraint.h; sourceTree = "<group>"; };
		EC0C65DA1C029F6D009F1402 /* NSLayoutConstraint.m */ = {isa = PBXFileReference; fileEncoding = 4; lastKnownFileType = sourcecode.c.objc; path = NSLayoutConstraint.m; sourceTree = "<group>"; };
		EC0C65DB1C029F6D009F1402 /* NSLayoutConstraint.swift */ = {isa = PBXFileReference; fileEncoding = 4; lastKnownFileType = sourcecode.swift; path = NSLayoutConstraint.swift; sourceTree = "<group>"; };
		EC0C65DC1C029F6D009F1402 /* QKResponder.swift */ = {isa = PBXFileReference; fileEncoding = 4; lastKnownFileType = sourcecode.swift; path = QKResponder.swift; sourceTree = "<group>"; };
		EC0C660D1C029FD5009F1402 /* NSBundle.swift */ = {isa = PBXFileReference; fileEncoding = 4; lastKnownFileType = sourcecode.swift; path = NSBundle.swift; sourceTree = "<group>"; };
		EC0C660E1C029FD5009F1402 /* NSDate.swift */ = {isa = PBXFileReference; fileEncoding = 4; lastKnownFileType = sourcecode.swift; path = NSDate.swift; sourceTree = "<group>"; };
		EC0C660F1C029FD5009F1402 /* NSFileManager.swift */ = {isa = PBXFileReference; fileEncoding = 4; lastKnownFileType = sourcecode.swift; path = NSFileManager.swift; sourceTree = "<group>"; };
		EC0C66101C029FD5009F1402 /* NSIndexPath.swift */ = {isa = PBXFileReference; fileEncoding = 4; lastKnownFileType = sourcecode.swift; path = NSIndexPath.swift; sourceTree = "<group>"; };
		EC0C66111C029FD5009F1402 /* NSNotificationCenter.swift */ = {isa = PBXFileReference; fileEncoding = 4; lastKnownFileType = sourcecode.swift; path = NSNotificationCenter.swift; sourceTree = "<group>"; };
		EC0C66121C029FD5009F1402 /* NSObject.swift */ = {isa = PBXFileReference; fileEncoding = 4; lastKnownFileType = sourcecode.swift; path = NSObject.swift; sourceTree = "<group>"; };
		EC0C66131C029FD5009F1402 /* NSOutputStream.swift */ = {isa = PBXFileReference; fileEncoding = 4; lastKnownFileType = sourcecode.swift; path = NSOutputStream.swift; sourceTree = "<group>"; };
		EC0C66221C029FE1009F1402 /* Array.swift */ = {isa = PBXFileReference; fileEncoding = 4; lastKnownFileType = sourcecode.swift; path = Array.swift; sourceTree = "<group>"; };
		EC0C66231C029FE1009F1402 /* Character.swift */ = {isa = PBXFileReference; fileEncoding = 4; lastKnownFileType = sourcecode.swift; path = Character.swift; sourceTree = "<group>"; };
		EC0C66241C029FE1009F1402 /* CollectionType.swift */ = {isa = PBXFileReference; fileEncoding = 4; lastKnownFileType = sourcecode.swift; path = CollectionType.swift; sourceTree = "<group>"; };
		EC0C66251C029FE1009F1402 /* Dictionary.swift */ = {isa = PBXFileReference; fileEncoding = 4; lastKnownFileType = sourcecode.swift; path = Dictionary.swift; sourceTree = "<group>"; };
		EC0C66261C029FE1009F1402 /* Int.swift */ = {isa = PBXFileReference; fileEncoding = 4; lastKnownFileType = sourcecode.swift; path = Int.swift; sourceTree = "<group>"; };
		EC0C66271C029FE1009F1402 /* Optional.swift */ = {isa = PBXFileReference; fileEncoding = 4; lastKnownFileType = sourcecode.swift; path = Optional.swift; sourceTree = "<group>"; };
		EC0C66281C029FE1009F1402 /* OutputStreamType.swift */ = {isa = PBXFileReference; fileEncoding = 4; lastKnownFileType = sourcecode.swift; path = OutputStreamType.swift; sourceTree = "<group>"; };
		EC0C66291C029FE1009F1402 /* Process.swift */ = {isa = PBXFileReference; fileEncoding = 4; lastKnownFileType = sourcecode.swift; path = Process.swift; sourceTree = "<group>"; };
		EC0C662A1C029FE1009F1402 /* SequenceType.swift */ = {isa = PBXFileReference; fileEncoding = 4; lastKnownFileType = sourcecode.swift; path = SequenceType.swift; sourceTree = "<group>"; };
		EC0C662B1C029FE1009F1402 /* Set.swift */ = {isa = PBXFileReference; fileEncoding = 4; lastKnownFileType = sourcecode.swift; path = Set.swift; sourceTree = "<group>"; };
		EC0C662C1C029FE1009F1402 /* String.swift */ = {isa = PBXFileReference; fileEncoding = 4; lastKnownFileType = sourcecode.swift; path = String.swift; sourceTree = "<group>"; };
		EC0C66441C02A2CD009F1402 /* V3I.swift */ = {isa = PBXFileReference; fileEncoding = 4; lastKnownFileType = sourcecode.swift; path = V3I.swift; sourceTree = "<group>"; };
		EC0C66461C02A2CD009F1402 /* V4I.swift */ = {isa = PBXFileReference; fileEncoding = 4; lastKnownFileType = sourcecode.swift; path = V4I.swift; sourceTree = "<group>"; };
		EC456BC31B5FE76C00126CFD /* AppDelegate.swift */ = {isa = PBXFileReference; fileEncoding = 4; lastKnownFileType = sourcecode.swift; path = AppDelegate.swift; sourceTree = "<group>"; };
		EC456BC41B5FE76C00126CFD /* Assets.xcassets */ = {isa = PBXFileReference; lastKnownFileType = folder.assetcatalog; path = Assets.xcassets; sourceTree = "<group>"; };
		EC456BC61B5FE76C00126CFD /* qk-ios-test-info.plist */ = {isa = PBXFileReference; fileEncoding = 4; lastKnownFileType = text.plist.xml; path = "qk-ios-test-info.plist"; sourceTree = "<group>"; };
		EC456BC71B5FE76C00126CFD /* ViewController.swift */ = {isa = PBXFileReference; fileEncoding = 4; lastKnownFileType = sourcecode.swift; path = ViewController.swift; sourceTree = "<group>"; };
		EC49BD021B7511AC00660AF0 /* qk-osx-test.app */ = {isa = PBXFileReference; explicitFileType = wrapper.application; includeInIndex = 0; path = "qk-osx-test.app"; sourceTree = BUILT_PRODUCTS_DIR; };
		EC49BD041B7511AC00660AF0 /* AppDelegate.swift */ = {isa = PBXFileReference; lastKnownFileType = sourcecode.swift; path = AppDelegate.swift; sourceTree = "<group>"; };
		EC49BD061B7511AC00660AF0 /* Assets.xcassets */ = {isa = PBXFileReference; lastKnownFileType = folder.assetcatalog; path = Assets.xcassets; sourceTree = "<group>"; };
		EC49BD0B1B7511AC00660AF0 /* qk-osx-test-info.plist */ = {isa = PBXFileReference; lastKnownFileType = text.plist.xml; path = "qk-osx-test-info.plist"; sourceTree = "<group>"; };
		EC5B219A1BC5922400A7D5A9 /* NSManagedObjectModel.swift */ = {isa = PBXFileReference; fileEncoding = 4; lastKnownFileType = sourcecode.swift; path = NSManagedObjectModel.swift; sourceTree = "<group>"; };
		EC5B21A91BC5BB7400A7D5A9 /* main.swift */ = {isa = PBXFileReference; fileEncoding = 4; lastKnownFileType = sourcecode.swift; path = main.swift; sourceTree = "<group>"; };
		ECBBE3691B5FE5D300DEA686 /* qk-ios-test.app */ = {isa = PBXFileReference; explicitFileType = wrapper.application; includeInIndex = 0; path = "qk-ios-test.app"; sourceTree = BUILT_PRODUCTS_DIR; };
		ECBBE37D1B5FE5D300DEA686 /* qkTests.xctest */ = {isa = PBXFileReference; explicitFileType = wrapper.cfbundle; includeInIndex = 0; path = qkTests.xctest; sourceTree = BUILT_PRODUCTS_DIR; };
		ECBBE3881B5FE5D300DEA686 /* qkUITests.xctest */ = {isa = PBXFileReference; explicitFileType = wrapper.cfbundle; includeInIndex = 0; path = qkUITests.xctest; sourceTree = BUILT_PRODUCTS_DIR; };
		ECE9AD5E1C02B1770027A75F /* NSWindow.swift */ = {isa = PBXFileReference; fileEncoding = 4; lastKnownFileType = sourcecode.swift; path = NSWindow.swift; sourceTree = "<group>"; };
/* End PBXFileReference section */

/* Begin PBXFrameworksBuildPhase section */
		EC49BCFF1B7511AC00660AF0 /* Frameworks */ = {
			isa = PBXFrameworksBuildPhase;
			buildActionMask = 2147483647;
			files = (
			);
			runOnlyForDeploymentPostprocessing = 0;
		};
		ECBBE3661B5FE5D300DEA686 /* Frameworks */ = {
			isa = PBXFrameworksBuildPhase;
			buildActionMask = 2147483647;
			files = (
			);
			runOnlyForDeploymentPostprocessing = 0;
		};
		ECBBE37A1B5FE5D300DEA686 /* Frameworks */ = {
			isa = PBXFrameworksBuildPhase;
			buildActionMask = 2147483647;
			files = (
			);
			runOnlyForDeploymentPostprocessing = 0;
		};
		ECBBE3851B5FE5D300DEA686 /* Frameworks */ = {
			isa = PBXFrameworksBuildPhase;
			buildActionMask = 2147483647;
			files = (
			);
			runOnlyForDeploymentPostprocessing = 0;
		};
/* End PBXFrameworksBuildPhase section */

/* Begin PBXGroup section */
		EC456BC11B5FE74000126CFD /* test */ = {
			isa = PBXGroup;
			children = (
				EC456BC21B5FE76C00126CFD /* qk-ios-test */,
				EC49BD031B7511AC00660AF0 /* qk-osx-test */,
			);
			path = test;
			sourceTree = "<group>";
		};
		EC456BC21B5FE76C00126CFD /* qk-ios-test */ = {
			isa = PBXGroup;
			children = (
				EC456BC31B5FE76C00126CFD /* AppDelegate.swift */,
				EC456BC41B5FE76C00126CFD /* Assets.xcassets */,
				EC456BC61B5FE76C00126CFD /* qk-ios-test-info.plist */,
				EC456BC71B5FE76C00126CFD /* ViewController.swift */,
			);
			path = "qk-ios-test";
			sourceTree = "<group>";
		};
		EC49BD031B7511AC00660AF0 /* qk-osx-test */ = {
			isa = PBXGroup;
			children = (
				EC49BD041B7511AC00660AF0 /* AppDelegate.swift */,
				EC49BD061B7511AC00660AF0 /* Assets.xcassets */,
				EC5B21A91BC5BB7400A7D5A9 /* main.swift */,
				EC49BD0B1B7511AC00660AF0 /* qk-osx-test-info.plist */,
			);
			path = "qk-osx-test";
			sourceTree = "<group>";
		};
		EC5B21991BC5922400A7D5A9 /* cd */ = {
			isa = PBXGroup;
			children = (
				EC5B219A1BC5922400A7D5A9 /* NSManagedObjectModel.swift */,
			);
			path = cd;
			sourceTree = "<group>";
		};
		EC900B8D1B5FE8C3003AAADA /* src */ = {
			isa = PBXGroup;
			children = (
				EC5B21991BC5922400A7D5A9 /* cd */,
				ECBB60DE1BA9E7B100FEB4CF /* core */,
				ECBB60F71BA9E7B100FEB4CF /* cr */,
				ECBB610B1BA9E7B100FEB4CF /* foundation */,
				ECE9AD5D1C02B1770027A75F /* mac */,
				ECBB61141BA9E7B100FEB4CF /* std */,
			);
			path = src;
			sourceTree = "<group>";
		};
		ECBB60DE1BA9E7B100FEB4CF /* core */ = {
			isa = PBXGroup;
			children = (
				EC0C65541C029F3A009F1402 /* AreaBuffer.swift */,
				EC0C65551C029F3A009F1402 /* ArithmeticType.swift */,
				EC0C65561C029F3A009F1402 /* ArrayRef.swift */,
				EC0C65571C029F3A009F1402 /* atomic.swift */,
				EC0C65581C029F3A009F1402 /* Chain.swift */,
				EC0C65591C029F3A009F1402 /* check.swift */,
				EC0C655A1C029F3A009F1402 /* core.h */,
				EC0C655B1C029F3A009F1402 /* DefaultInitializable.swift */,
				EC0C655C1C029F3A009F1402 /* Dir.swift */,
				EC0C655D1C029F3A009F1402 /* dispatch.swift */,
				EC0C655E1C029F3A009F1402 /* DispatchFileModes.swift */,
				EC0C655F1C029F3A009F1402 /* DispatchQOS.swift */,
				EC0C65601C029F3A009F1402 /* DispatchSource.swift */,
				EC0C65611C029F3A009F1402 /* DispatchTime.swift */,
				EC0C65621C029F3A009F1402 /* DuplicateErrors.swift */,
				EC0C65631C029F3A009F1402 /* Error.swift */,
				EC0C65641C029F3A009F1402 /* File.swift */,
				EC0C65651C029F3A009F1402 /* File+Dispatch.swift */,
				EC0C65661C029F3A009F1402 /* fs.swift */,
				EC0C65671C029F3A009F1402 /* func.swift */,
				EC0C65681C029F3A009F1402 /* Index.swift */,
				EC0C65691C029F3A009F1402 /* Json.swift */,
				EC0C656A1C029F3A009F1402 /* JsonArray.swift */,
				EC0C656B1C029F3A009F1402 /* JsonConvertible.swift */,
				EC0C656C1C029F3A009F1402 /* JsonDict.swift */,
				EC0C656D1C029F3A009F1402 /* Locked.swift */,
				EC0C656E1C029F3A009F1402 /* mat-generated.swift */,
				EC0C656F1C029F3A009F1402 /* math.swift */,
				EC0C65701C029F3A009F1402 /* Resource.swift */,
				EC0C65711C029F3A009F1402 /* Result.swift */,
				EC0C65721C029F3A009F1402 /* StringConvertible.swift */,
				EC0C65731C029F3A009F1402 /* Thread.swift */,
				EC0C65741C029F3A009F1402 /* Time.swift */,
				EC0C65761C029F3A009F1402 /* V2I.swift */,
				EC0C66441C02A2CD009F1402 /* V3I.swift */,
				EC0C66461C02A2CD009F1402 /* V4I.swift */,
				EC0C65771C029F3A009F1402 /* vec-generated.swift */,
				EC0C65781C029F3A009F1402 /* vec.swift */,
				EC0C65791C029F3A009F1402 /* VecType.swift */,
			);
			path = core;
			sourceTree = "<group>";
		};
		ECBB60F71BA9E7B100FEB4CF /* cr */ = {
			isa = PBXGroup;
			children = (
				EC0C65C41C029F6D009F1402 /* CG-vec.swift */,
				EC0C65C51C029F6D009F1402 /* CGContext.swift */,
				EC0C65C61C029F6D009F1402 /* CGImage.swift */,
				EC0C65C71C029F6D009F1402 /* CGPath.swift */,
				EC0C65C81C029F6D009F1402 /* CGPoint-generated.swift */,
				EC0C65C91C029F6D009F1402 /* CGPoint.swift */,
				EC0C65CA1C029F6D009F1402 /* CGRect.swift */,
				EC0C65CB1C029F6D009F1402 /* CGSize.swift */,
				EC0C65CC1C029F6D009F1402 /* CGVector-generated.swift */,
				EC0C65CD1C029F6D009F1402 /* CGVector.swift */,
				EC0C65CE1C029F6D009F1402 /* CRColor.swift */,
				EC0C65CF1C029F6D009F1402 /* CREdgeInsets.swift */,
				EC0C65D01C029F6D009F1402 /* CREvent.swift */,
				EC0C65D11C029F6D009F1402 /* CRFont.swift */,
				EC0C65D21C029F6D009F1402 /* CRFontDescriptor.swift */,
				EC0C65D31C029F6D009F1402 /* CRResponder.swift */,
				EC0C65D41C029F6D009F1402 /* CRView.swift */,
				EC0C65D51C029F6D009F1402 /* CRViewController.swift */,
				EC0C65D61C029F6D009F1402 /* CRWindow.swift */,
				EC0C65D71C029F6D009F1402 /* Flt.swift */,
				EC0C65D81C029F6D009F1402 /* layout.swift */,
				EC0C65D91C029F6D009F1402 /* NSLayoutConstraint.h */,
				EC0C65DA1C029F6D009F1402 /* NSLayoutConstraint.m */,
				EC0C65DB1C029F6D009F1402 /* NSLayoutConstraint.swift */,
				EC0C65DC1C029F6D009F1402 /* QKResponder.swift */,
			);
			path = cr;
			sourceTree = "<group>";
		};
		ECBB610B1BA9E7B100FEB4CF /* foundation */ = {
			isa = PBXGroup;
			children = (
				EC0C660D1C029FD5009F1402 /* NSBundle.swift */,
				EC0C660E1C029FD5009F1402 /* NSDate.swift */,
				EC0C660F1C029FD5009F1402 /* NSFileManager.swift */,
				EC0C66101C029FD5009F1402 /* NSIndexPath.swift */,
				EC0C66111C029FD5009F1402 /* NSNotificationCenter.swift */,
				EC0C66121C029FD5009F1402 /* NSObject.swift */,
				EC0C66131C029FD5009F1402 /* NSOutputStream.swift */,
			);
			path = foundation;
			sourceTree = "<group>";
		};
		ECBB61141BA9E7B100FEB4CF /* std */ = {
			isa = PBXGroup;
			children = (
				EC0C66221C029FE1009F1402 /* Array.swift */,
				EC0C66231C029FE1009F1402 /* Character.swift */,
				EC0C66241C029FE1009F1402 /* CollectionType.swift */,
				EC0C66251C029FE1009F1402 /* Dictionary.swift */,
				EC0C66261C029FE1009F1402 /* Int.swift */,
				EC0C66271C029FE1009F1402 /* Optional.swift */,
				EC0C66281C029FE1009F1402 /* OutputStreamType.swift */,
				EC0C66291C029FE1009F1402 /* Process.swift */,
				EC0C662A1C029FE1009F1402 /* SequenceType.swift */,
				EC0C662B1C029FE1009F1402 /* Set.swift */,
				EC0C662C1C029FE1009F1402 /* String.swift */,
			);
			path = std;
			sourceTree = "<group>";
		};
		ECBBE3601B5FE5D300DEA686 = {
			isa = PBXGroup;
			children = (
				EC900B8D1B5FE8C3003AAADA /* src */,
				EC456BC11B5FE74000126CFD /* test */,
				ECBBE36A1B5FE5D300DEA686 /* Products */,
			);
			sourceTree = "<group>";
		};
		ECBBE36A1B5FE5D300DEA686 /* Products */ = {
			isa = PBXGroup;
			children = (
				ECBBE3691B5FE5D300DEA686 /* qk-ios-test.app */,
				ECBBE37D1B5FE5D300DEA686 /* qkTests.xctest */,
				ECBBE3881B5FE5D300DEA686 /* qkUITests.xctest */,
				EC49BD021B7511AC00660AF0 /* qk-osx-test.app */,
			);
			name = Products;
			sourceTree = "<group>";
		};
		ECE9AD5D1C02B1770027A75F /* mac */ = {
			isa = PBXGroup;
			children = (
				ECE9AD5E1C02B1770027A75F /* NSWindow.swift */,
			);
			path = mac;
			sourceTree = "<group>";
		};
/* End PBXGroup section */

/* Begin PBXNativeTarget section */
		EC49BD011B7511AC00660AF0 /* qk-osx-test */ = {
			isa = PBXNativeTarget;
			buildConfigurationList = EC49BD0C1B7511AC00660AF0 /* Build configuration list for PBXNativeTarget "qk-osx-test" */;
			buildPhases = (
				EC49BCFE1B7511AC00660AF0 /* Sources */,
				EC49BCFF1B7511AC00660AF0 /* Frameworks */,
				EC49BD001B7511AC00660AF0 /* Resources */,
			);
			buildRules = (
			);
			dependencies = (
			);
			name = "qk-osx-test";
			productName = "qk-osx-test";
			productReference = EC49BD021B7511AC00660AF0 /* qk-osx-test.app */;
			productType = "com.apple.product-type.application";
		};
		ECBBE3681B5FE5D300DEA686 /* qk-ios-test */ = {
			isa = PBXNativeTarget;
			buildConfigurationList = ECBBE3911B5FE5D300DEA686 /* Build configuration list for PBXNativeTarget "qk-ios-test" */;
			buildPhases = (
				ECBBE3651B5FE5D300DEA686 /* Sources */,
				ECBBE3661B5FE5D300DEA686 /* Frameworks */,
				ECBBE3671B5FE5D300DEA686 /* Resources */,
			);
			buildRules = (
			);
			dependencies = (
			);
			name = "qk-ios-test";
			productName = qk;
			productReference = ECBBE3691B5FE5D300DEA686 /* qk-ios-test.app */;
			productType = "com.apple.product-type.application";
		};
		ECBBE37C1B5FE5D300DEA686 /* qkTests */ = {
			isa = PBXNativeTarget;
			buildConfigurationList = ECBBE3941B5FE5D300DEA686 /* Build configuration list for PBXNativeTarget "qkTests" */;
			buildPhases = (
				ECBBE3791B5FE5D300DEA686 /* Sources */,
				ECBBE37A1B5FE5D300DEA686 /* Frameworks */,
				ECBBE37B1B5FE5D300DEA686 /* Resources */,
			);
			buildRules = (
			);
			dependencies = (
				ECBBE37F1B5FE5D300DEA686 /* PBXTargetDependency */,
			);
			name = qkTests;
			productName = qkTests;
			productReference = ECBBE37D1B5FE5D300DEA686 /* qkTests.xctest */;
			productType = "com.apple.product-type.bundle.unit-test";
		};
		ECBBE3871B5FE5D300DEA686 /* qkUITests */ = {
			isa = PBXNativeTarget;
			buildConfigurationList = ECBBE3971B5FE5D300DEA686 /* Build configuration list for PBXNativeTarget "qkUITests" */;
			buildPhases = (
				ECBBE3841B5FE5D300DEA686 /* Sources */,
				ECBBE3851B5FE5D300DEA686 /* Frameworks */,
				ECBBE3861B5FE5D300DEA686 /* Resources */,
			);
			buildRules = (
			);
			dependencies = (
				ECBBE38A1B5FE5D300DEA686 /* PBXTargetDependency */,
			);
			name = qkUITests;
			productName = qkUITests;
			productReference = ECBBE3881B5FE5D300DEA686 /* qkUITests.xctest */;
			productType = "com.apple.product-type.bundle.ui-testing";
		};
/* End PBXNativeTarget section */

/* Begin PBXProject section */
		ECBBE3611B5FE5D300DEA686 /* Project object */ = {
			isa = PBXProject;
			attributes = {
				CLASSPREFIX = QK;
				LastSwiftUpdateCheck = 0720;
				LastUpgradeCheck = 0700;
				ORGANIZATIONNAME = gwk;
				TargetAttributes = {
					EC49BD011B7511AC00660AF0 = {
						CreatedOnToolsVersion = 7.0;
					};
					ECBBE3681B5FE5D300DEA686 = {
						CreatedOnToolsVersion = 7.0;
					};
					ECBBE37C1B5FE5D300DEA686 = {
						CreatedOnToolsVersion = 7.0;
						TestTargetID = ECBBE3681B5FE5D300DEA686;
					};
					ECBBE3871B5FE5D300DEA686 = {
						CreatedOnToolsVersion = 7.0;
						TestTargetID = ECBBE3681B5FE5D300DEA686;
					};
				};
			};
			buildConfigurationList = ECBBE3641B5FE5D300DEA686 /* Build configuration list for PBXProject "qk" */;
			compatibilityVersion = "Xcode 6.3";
			developmentRegion = English;
			hasScannedForEncodings = 0;
			knownRegions = (
				en,
				Base,
			);
			mainGroup = ECBBE3601B5FE5D300DEA686;
			productRefGroup = ECBBE36A1B5FE5D300DEA686 /* Products */;
			projectDirPath = "";
			projectRoot = "";
			targets = (
				ECBBE3681B5FE5D300DEA686 /* qk-ios-test */,
				ECBBE37C1B5FE5D300DEA686 /* qkTests */,
				ECBBE3871B5FE5D300DEA686 /* qkUITests */,
				EC49BD011B7511AC00660AF0 /* qk-osx-test */,
			);
		};
/* End PBXProject section */

/* Begin PBXResourcesBuildPhase section */
		EC49BD001B7511AC00660AF0 /* Resources */ = {
			isa = PBXResourcesBuildPhase;
			buildActionMask = 2147483647;
			files = (
				EC49BD071B7511AC00660AF0 /* Assets.xcassets in Resources */,
			);
			runOnlyForDeploymentPostprocessing = 0;
		};
		ECBBE3671B5FE5D300DEA686 /* Resources */ = {
			isa = PBXResourcesBuildPhase;
			buildActionMask = 2147483647;
			files = (
				EC456BC91B5FE76C00126CFD /* Assets.xcassets in Resources */,
			);
			runOnlyForDeploymentPostprocessing = 0;
		};
		ECBBE37B1B5FE5D300DEA686 /* Resources */ = {
			isa = PBXResourcesBuildPhase;
			buildActionMask = 2147483647;
			files = (
			);
			runOnlyForDeploymentPostprocessing = 0;
		};
		ECBBE3861B5FE5D300DEA686 /* Resources */ = {
			isa = PBXResourcesBuildPhase;
			buildActionMask = 2147483647;
			files = (
			);
			runOnlyForDeploymentPostprocessing = 0;
		};
/* End PBXResourcesBuildPhase section */

/* Begin PBXSourcesBuildPhase section */
		EC49BCFE1B7511AC00660AF0 /* Sources */ = {
			isa = PBXSourcesBuildPhase;
			buildActionMask = 2147483647;
			files = (
				EC5B21AA1BC5BB7400A7D5A9 /* main.swift in Sources */,
				EC0C661D1C029FD5009F1402 /* NSNotificationCenter.swift in Sources */,
				EC0C66421C029FE1009F1402 /* String.swift in Sources */,
				EC0C66081C029F6D009F1402 /* NSLayoutConstraint.m in Sources */,
				EC0C65A91C029F3A009F1402 /* JsonDict.swift in Sources */,
				EC0C65F81C029F6D009F1402 /* CRFont.swift in Sources */,
				EC0C661B1C029FD5009F1402 /* NSIndexPath.swift in Sources */,
				EC0C65BF1C029F3A009F1402 /* vec-generated.swift in Sources */,
				EC0C65A71C029F3A009F1402 /* JsonConvertible.swift in Sources */,
				EC0C65AF1C029F3A009F1402 /* math.swift in Sources */,
				EC0C65AD1C029F3A009F1402 /* mat-generated.swift in Sources */,
				EC0C66021C029F6D009F1402 /* CRWindow.swift in Sources */,
				EC0C65951C029F3A009F1402 /* DuplicateErrors.swift in Sources */,
				EC0C65E01C029F6D009F1402 /* CGContext.swift in Sources */,
				EC0C66041C029F6D009F1402 /* Flt.swift in Sources */,
				EC0C661F1C029FD5009F1402 /* NSObject.swift in Sources */,
				EC0C65891C029F3A009F1402 /* Dir.swift in Sources */,
				EC0C659B1C029F3A009F1402 /* File+Dispatch.swift in Sources */,
				EC0C65EE1C029F6D009F1402 /* CGVector-generated.swift in Sources */,
				EC0C65B31C029F3A009F1402 /* Result.swift in Sources */,
				EC0C65FE1C029F6D009F1402 /* CRView.swift in Sources */,
				EC0C65F21C029F6D009F1402 /* CRColor.swift in Sources */,
				EC0C660C1C029F6D009F1402 /* QKResponder.swift in Sources */,
				EC0C65B91C029F3A009F1402 /* Time.swift in Sources */,
				EC0C65FA1C029F6D009F1402 /* CRFontDescriptor.swift in Sources */,
				EC0C658F1C029F3A009F1402 /* DispatchQOS.swift in Sources */,
				EC0C657D1C029F3A009F1402 /* ArithmeticType.swift in Sources */,
				EC0C659D1C029F3A009F1402 /* fs.swift in Sources */,
				EC0C65911C029F3A009F1402 /* DispatchSource.swift in Sources */,
				EC0C65C31C029F3A009F1402 /* VecType.swift in Sources */,
				EC0C66001C029F6D009F1402 /* CRViewController.swift in Sources */,
				EC0C66211C029FD5009F1402 /* NSOutputStream.swift in Sources */,
				EC0C657B1C029F3A009F1402 /* AreaBuffer.swift in Sources */,
				EC0C65991C029F3A009F1402 /* File.swift in Sources */,
				EC0C65871C029F3A009F1402 /* DefaultInitializable.swift in Sources */,
				EC0C65EC1C029F6D009F1402 /* CGSize.swift in Sources */,
				EC0C65F01C029F6D009F1402 /* CGVector.swift in Sources */,
				EC0C657F1C029F3A009F1402 /* ArrayRef.swift in Sources */,
				EC0C660A1C029F6D009F1402 /* NSLayoutConstraint.swift in Sources */,
				EC0C65C11C029F3A009F1402 /* vec.swift in Sources */,
				EC0C663E1C029FE1009F1402 /* SequenceType.swift in Sources */,
				EC0C65F61C029F6D009F1402 /* CREvent.swift in Sources */,
				EC0C658D1C029F3A009F1402 /* DispatchFileModes.swift in Sources */,
				EC0C65E81C029F6D009F1402 /* CGPoint.swift in Sources */,
				EC0C65BD1C029F3A009F1402 /* V2I.swift in Sources */,
				EC0C663C1C029FE1009F1402 /* Process.swift in Sources */,
				EC0C65A51C029F3A009F1402 /* JsonArray.swift in Sources */,
				EC0C66381C029FE1009F1402 /* Optional.swift in Sources */,
				EC0C662E1C029FE1009F1402 /* Array.swift in Sources */,
				EC0C659F1C029F3A009F1402 /* func.swift in Sources */,
				EC0C65DE1C029F6D009F1402 /* CG-vec.swift in Sources */,
				EC0C65831C029F3A009F1402 /* Chain.swift in Sources */,
				EC0C66171C029FD5009F1402 /* NSDate.swift in Sources */,
				EC0C65931C029F3A009F1402 /* DispatchTime.swift in Sources */,
				EC0C65B11C029F3A009F1402 /* Resource.swift in Sources */,
				EC0C65971C029F3A009F1402 /* Error.swift in Sources */,
				EC0C65851C029F3A009F1402 /* check.swift in Sources */,
				EC0C66301C029FE1009F1402 /* Character.swift in Sources */,
				EC0C65E61C029F6D009F1402 /* CGPoint-generated.swift in Sources */,
				EC0C66061C029F6D009F1402 /* layout.swift in Sources */,
				EC0C65E21C029F6D009F1402 /* CGImage.swift in Sources */,
				EC0C66191C029FD5009F1402 /* NSFileManager.swift in Sources */,
				EC0C66401C029FE1009F1402 /* Set.swift in Sources */,
				EC0C66361C029FE1009F1402 /* Int.swift in Sources */,
				EC0C664E1C02A2CD009F1402 /* V4I.swift in Sources */,
				EC5B219C1BC5922400A7D5A9 /* NSManagedObjectModel.swift in Sources */,
				EC0C65A11C029F3A009F1402 /* Index.swift in Sources */,
				EC0C65B51C029F3A009F1402 /* StringConvertible.swift in Sources */,
				ECE9AD5F1C02B1770027A75F /* NSWindow.swift in Sources */,
				EC0C66151C029FD5009F1402 /* NSBundle.swift in Sources */,
				EC0C65F41C029F6D009F1402 /* CREdgeInsets.swift in Sources */,
				EC0C65A31C029F3A009F1402 /* Json.swift in Sources */,
				EC0C65B71C029F3A009F1402 /* Thread.swift in Sources */,
				EC0C658B1C029F3A009F1402 /* dispatch.swift in Sources */,
				EC0C65FC1C029F6D009F1402 /* CRResponder.swift in Sources */,
				EC0C663A1C029FE1009F1402 /* OutputStreamType.swift in Sources */,
				EC0C65AB1C029F3A009F1402 /* Locked.swift in Sources */,
				EC0C66321C029FE1009F1402 /* CollectionType.swift in Sources */,
				EC0C664A1C02A2CD009F1402 /* V3I.swift in Sources */,
				EC0C65E41C029F6D009F1402 /* CGPath.swift in Sources */,
				EC0C66341C029FE1009F1402 /* Dictionary.swift in Sources */,
				EC0C65811C029F3A009F1402 /* atomic.swift in Sources */,
				EC49BD051B7511AC00660AF0 /* AppDelegate.swift in Sources */,
				EC0C65EA1C029F6D009F1402 /* CGRect.swift in Sources */,
			);
			runOnlyForDeploymentPostprocessing = 0;
		};
		ECBBE3651B5FE5D300DEA686 /* Sources */ = {
			isa = PBXSourcesBuildPhase;
			buildActionMask = 2147483647;
			files = (
				EC456BCC1B5FE76C00126CFD /* ViewController.swift in Sources */,
				EC0C66071C029F6D009F1402 /* NSLayoutConstraint.m in Sources */,
				EC0C66411C029FE1009F1402 /* String.swift in Sources */,
				EC0C661C1C029FD5009F1402 /* NSNotificationCenter.swift in Sources */,
				EC0C65F71C029F6D009F1402 /* CRFont.swift in Sources */,
				EC0C65A81C029F3A009F1402 /* JsonDict.swift in Sources */,
				EC0C65BE1C029F3A009F1402 /* vec-generated.swift in Sources */,
				EC0C661A1C029FD5009F1402 /* NSIndexPath.swift in Sources */,
				EC0C65A61C029F3A009F1402 /* JsonConvertible.swift in Sources */,
				EC0C65AE1C029F3A009F1402 /* math.swift in Sources */,
				EC0C66011C029F6D009F1402 /* CRWindow.swift in Sources */,
				EC0C65AC1C029F3A009F1402 /* mat-generated.swift in Sources */,
				EC0C65DF1C029F6D009F1402 /* CGContext.swift in Sources */,
				EC0C66031C029F6D009F1402 /* Flt.swift in Sources */,
				EC0C65941C029F3A009F1402 /* DuplicateErrors.swift in Sources */,
				EC0C65881C029F3A009F1402 /* Dir.swift in Sources */,
				EC0C661E1C029FD5009F1402 /* NSObject.swift in Sources */,
				EC0C65ED1C029F6D009F1402 /* CGVector-generated.swift in Sources */,
				EC0C659A1C029F3A009F1402 /* File+Dispatch.swift in Sources */,
				EC0C65FD1C029F6D009F1402 /* CRView.swift in Sources */,
				EC0C65F11C029F6D009F1402 /* CRColor.swift in Sources */,
				EC0C65B21C029F3A009F1402 /* Result.swift in Sources */,
				EC0C660B1C029F6D009F1402 /* QKResponder.swift in Sources */,
				EC5B219B1BC5922400A7D5A9 /* NSManagedObjectModel.swift in Sources */,
				EC0C65F91C029F6D009F1402 /* CRFontDescriptor.swift in Sources */,
				EC0C65B81C029F3A009F1402 /* Time.swift in Sources */,
				EC0C658E1C029F3A009F1402 /* DispatchQOS.swift in Sources */,
				EC0C657C1C029F3A009F1402 /* ArithmeticType.swift in Sources */,
				EC0C659C1C029F3A009F1402 /* fs.swift in Sources */,
				EC0C65FF1C029F6D009F1402 /* CRViewController.swift in Sources */,
				EC0C65901C029F3A009F1402 /* DispatchSource.swift in Sources */,
				EC0C65C21C029F3A009F1402 /* VecType.swift in Sources */,
				EC0C66201C029FD5009F1402 /* NSOutputStream.swift in Sources */,
				EC0C657A1C029F3A009F1402 /* AreaBuffer.swift in Sources */,
				EC0C65EB1C029F6D009F1402 /* CGSize.swift in Sources */,
				EC0C65EF1C029F6D009F1402 /* CGVector.swift in Sources */,
				EC0C65981C029F3A009F1402 /* File.swift in Sources */,
				EC0C66091C029F6D009F1402 /* NSLayoutConstraint.swift in Sources */,
				EC0C65F51C029F6D009F1402 /* CREvent.swift in Sources */,
				EC0C65861C029F3A009F1402 /* DefaultInitializable.swift in Sources */,
				EC0C663D1C029FE1009F1402 /* SequenceType.swift in Sources */,
				EC0C657E1C029F3A009F1402 /* ArrayRef.swift in Sources */,
				EC0C65E71C029F6D009F1402 /* CGPoint.swift in Sources */,
				EC0C65C01C029F3A009F1402 /* vec.swift in Sources */,
				EC0C658C1C029F3A009F1402 /* DispatchFileModes.swift in Sources */,
				EC0C663B1C029FE1009F1402 /* Process.swift in Sources */,
				EC0C65BC1C029F3A009F1402 /* V2I.swift in Sources */,
				EC0C66371C029FE1009F1402 /* Optional.swift in Sources */,
				EC0C662D1C029FE1009F1402 /* Array.swift in Sources */,
				EC0C65A41C029F3A009F1402 /* JsonArray.swift in Sources */,
				EC0C65DD1C029F6D009F1402 /* CG-vec.swift in Sources */,
				EC0C659E1C029F3A009F1402 /* func.swift in Sources */,
				EC0C66161C029FD5009F1402 /* NSDate.swift in Sources */,
				EC0C65821C029F3A009F1402 /* Chain.swift in Sources */,
				EC0C65921C029F3A009F1402 /* DispatchTime.swift in Sources */,
				EC0C65B01C029F3A009F1402 /* Resource.swift in Sources */,
				EC0C65961C029F3A009F1402 /* Error.swift in Sources */,
				EC0C662F1C029FE1009F1402 /* Character.swift in Sources */,
				EC0C65E51C029F6D009F1402 /* CGPoint-generated.swift in Sources */,
				EC0C66051C029F6D009F1402 /* layout.swift in Sources */,
				EC0C65841C029F3A009F1402 /* check.swift in Sources */,
				EC0C65E11C029F6D009F1402 /* CGImage.swift in Sources */,
				EC0C663F1C029FE1009F1402 /* Set.swift in Sources */,
				EC0C66351C029FE1009F1402 /* Int.swift in Sources */,
				EC0C664D1C02A2CD009F1402 /* V4I.swift in Sources */,
				EC0C66181C029FD5009F1402 /* NSFileManager.swift in Sources */,
				EC0C65A01C029F3A009F1402 /* Index.swift in Sources */,
				EC0C65B41C029F3A009F1402 /* StringConvertible.swift in Sources */,
				EC456BC81B5FE76C00126CFD /* AppDelegate.swift in Sources */,
				EC0C66141C029FD5009F1402 /* NSBundle.swift in Sources */,
				EC0C65F31C029F6D009F1402 /* CREdgeInsets.swift in Sources */,
				EC0C65A21C029F3A009F1402 /* Json.swift in Sources */,
				EC0C65B61C029F3A009F1402 /* Thread.swift in Sources */,
				EC0C65FB1C029F6D009F1402 /* CRResponder.swift in Sources */,
				EC0C66391C029FE1009F1402 /* OutputStreamType.swift in Sources */,
				EC0C658A1C029F3A009F1402 /* dispatch.swift in Sources */,
				EC0C66311C029FE1009F1402 /* CollectionType.swift in Sources */,
				EC0C66491C02A2CD009F1402 /* V3I.swift in Sources */,
				EC0C65E31C029F6D009F1402 /* CGPath.swift in Sources */,
				EC0C66331C029FE1009F1402 /* Dictionary.swift in Sources */,
				EC0C65AA1C029F3A009F1402 /* Locked.swift in Sources */,
				EC0C65801C029F3A009F1402 /* atomic.swift in Sources */,
				EC0C65E91C029F6D009F1402 /* CGRect.swift in Sources */,
			);
			runOnlyForDeploymentPostprocessing = 0;
		};
		ECBBE3791B5FE5D300DEA686 /* Sources */ = {
			isa = PBXSourcesBuildPhase;
			buildActionMask = 2147483647;
			files = (
			);
			runOnlyForDeploymentPostprocessing = 0;
		};
		ECBBE3841B5FE5D300DEA686 /* Sources */ = {
			isa = PBXSourcesBuildPhase;
			buildActionMask = 2147483647;
			files = (
			);
			runOnlyForDeploymentPostprocessing = 0;
		};
/* End PBXSourcesBuildPhase section */

/* Begin PBXTargetDependency section */
		ECBBE37F1B5FE5D300DEA686 /* PBXTargetDependency */ = {
			isa = PBXTargetDependency;
			target = ECBBE3681B5FE5D300DEA686 /* qk-ios-test */;
			targetProxy = ECBBE37E1B5FE5D300DEA686 /* PBXContainerItemProxy */;
		};
		ECBBE38A1B5FE5D300DEA686 /* PBXTargetDependency */ = {
			isa = PBXTargetDependency;
			target = ECBBE3681B5FE5D300DEA686 /* qk-ios-test */;
			targetProxy = ECBBE3891B5FE5D300DEA686 /* PBXContainerItemProxy */;
		};
/* End PBXTargetDependency section */

/* Begin XCBuildConfiguration section */
		EC49BD0D1B7511AC00660AF0 /* Debug */ = {
			isa = XCBuildConfiguration;
			buildSettings = {
				ASSETCATALOG_COMPILER_APPICON_NAME = AppIcon;
				COMBINE_HIDPI_IMAGES = YES;
				INFOPLIST_FILE = "test/qk-osx-test/qk-osx-test-info.plist";
				LD_RUNPATH_SEARCH_PATHS = "$(inherited) @executable_path/../Frameworks";
				PRODUCT_BUNDLE_IDENTIFIER = "gwk.qk-osx-test";
				PRODUCT_NAME = "$(TARGET_NAME)";
				SDKROOT = macosx;
			};
			name = Debug;
		};
		EC49BD0E1B7511AC00660AF0 /* Release */ = {
			isa = XCBuildConfiguration;
			buildSettings = {
				ASSETCATALOG_COMPILER_APPICON_NAME = AppIcon;
				COMBINE_HIDPI_IMAGES = YES;
				INFOPLIST_FILE = "test/qk-osx-test/qk-osx-test-info.plist";
				LD_RUNPATH_SEARCH_PATHS = "$(inherited) @executable_path/../Frameworks";
				PRODUCT_BUNDLE_IDENTIFIER = "gwk.qk-osx-test";
				PRODUCT_NAME = "$(TARGET_NAME)";
				SDKROOT = macosx;
			};
			name = Release;
		};
		ECBBE38F1B5FE5D300DEA686 /* Debug */ = {
			isa = XCBuildConfiguration;
			buildSettings = {
				ALWAYS_SEARCH_USER_PATHS = NO;
				CLANG_CXX_LANGUAGE_STANDARD = "gnu++0x";
				CLANG_CXX_LIBRARY = "libc++";
				CLANG_ENABLE_MODULES = YES;
				CLANG_ENABLE_OBJC_ARC = YES;
				CLANG_WARN_BOOL_CONVERSION = YES;
				CLANG_WARN_CONSTANT_CONVERSION = YES;
				CLANG_WARN_DIRECT_OBJC_ISA_USAGE = YES_ERROR;
				CLANG_WARN_EMPTY_BODY = YES;
				CLANG_WARN_ENUM_CONVERSION = YES;
				CLANG_WARN_INT_CONVERSION = YES;
				CLANG_WARN_OBJC_ROOT_CLASS = YES_ERROR;
				CLANG_WARN_UNREACHABLE_CODE = YES;
				CLANG_WARN__DUPLICATE_METHOD_MATCH = YES;
				"CODE_SIGN_IDENTITY[sdk=iphoneos*]" = "iPhone Developer";
				COPY_PHASE_STRIP = NO;
				DEBUG_INFORMATION_FORMAT = dwarf;
				ENABLE_STRICT_OBJC_MSGSEND = YES;
				ENABLE_TESTABILITY = YES;
				GCC_C_LANGUAGE_STANDARD = gnu99;
				GCC_DYNAMIC_NO_PIC = NO;
				GCC_NO_COMMON_BLOCKS = YES;
				GCC_OPTIMIZATION_LEVEL = 0;
				GCC_PREPROCESSOR_DEFINITIONS = (
					"DEBUG=1",
					"$(inherited)",
				);
				GCC_WARN_64_TO_32_BIT_CONVERSION = YES;
				GCC_WARN_ABOUT_RETURN_TYPE = YES_ERROR;
				GCC_WARN_UNDECLARED_SELECTOR = YES;
				GCC_WARN_UNINITIALIZED_AUTOS = YES_AGGRESSIVE;
				GCC_WARN_UNUSED_FUNCTION = YES;
				GCC_WARN_UNUSED_VARIABLE = YES;
				MTL_ENABLE_DEBUG_INFO = YES;
				ONLY_ACTIVE_ARCH = YES;
				SDKROOT = iphoneos;
				SWIFT_OPTIMIZATION_LEVEL = "-Onone";
				TARGETED_DEVICE_FAMILY = "1,2";
			};
			name = Debug;
		};
		ECBBE3901B5FE5D300DEA686 /* Release */ = {
			isa = XCBuildConfiguration;
			buildSettings = {
				ALWAYS_SEARCH_USER_PATHS = NO;
				CLANG_CXX_LANGUAGE_STANDARD = "gnu++0x";
				CLANG_CXX_LIBRARY = "libc++";
				CLANG_ENABLE_MODULES = YES;
				CLANG_ENABLE_OBJC_ARC = YES;
				CLANG_WARN_BOOL_CONVERSION = YES;
				CLANG_WARN_CONSTANT_CONVERSION = YES;
				CLANG_WARN_DIRECT_OBJC_ISA_USAGE = YES_ERROR;
				CLANG_WARN_EMPTY_BODY = YES;
				CLANG_WARN_ENUM_CONVERSION = YES;
				CLANG_WARN_INT_CONVERSION = YES;
				CLANG_WARN_OBJC_ROOT_CLASS = YES_ERROR;
				CLANG_WARN_UNREACHABLE_CODE = YES;
				CLANG_WARN__DUPLICATE_METHOD_MATCH = YES;
				"CODE_SIGN_IDENTITY[sdk=iphoneos*]" = "iPhone Developer";
				COPY_PHASE_STRIP = NO;
				DEBUG_INFORMATION_FORMAT = "dwarf-with-dsym";
				ENABLE_NS_ASSERTIONS = NO;
				ENABLE_STRICT_OBJC_MSGSEND = YES;
				GCC_C_LANGUAGE_STANDARD = gnu99;
				GCC_NO_COMMON_BLOCKS = YES;
				GCC_WARN_64_TO_32_BIT_CONVERSION = YES;
				GCC_WARN_ABOUT_RETURN_TYPE = YES_ERROR;
				GCC_WARN_UNDECLARED_SELECTOR = YES;
				GCC_WARN_UNINITIALIZED_AUTOS = YES_AGGRESSIVE;
				GCC_WARN_UNUSED_FUNCTION = YES;
				GCC_WARN_UNUSED_VARIABLE = YES;
				MTL_ENABLE_DEBUG_INFO = NO;
				SDKROOT = iphoneos;
				TARGETED_DEVICE_FAMILY = "1,2";
				VALIDATE_PRODUCT = YES;
			};
			name = Release;
		};
		ECBBE3921B5FE5D300DEA686 /* Debug */ = {
			isa = XCBuildConfiguration;
			buildSettings = {
				ASSETCATALOG_COMPILER_APPICON_NAME = AppIcon;
				CLANG_ENABLE_MODULES = YES;
				INFOPLIST_FILE = "$(SRCROOT)/test/qk-ios-test/qk-ios-test-info.plist";
				LD_RUNPATH_SEARCH_PATHS = "$(inherited) @executable_path/Frameworks";
				PRODUCT_BUNDLE_IDENTIFIER = "gwk.qk-ios-test";
				PRODUCT_NAME = "$(TARGET_NAME)";
				SWIFT_OPTIMIZATION_LEVEL = "-Onone";
			};
			name = Debug;
		};
		ECBBE3931B5FE5D300DEA686 /* Release */ = {
			isa = XCBuildConfiguration;
			buildSettings = {
				ASSETCATALOG_COMPILER_APPICON_NAME = AppIcon;
				CLANG_ENABLE_MODULES = YES;
				INFOPLIST_FILE = "$(SRCROOT)/test/qk-ios-test/qk-ios-test-info.plist";
				LD_RUNPATH_SEARCH_PATHS = "$(inherited) @executable_path/Frameworks";
				PRODUCT_BUNDLE_IDENTIFIER = "gwk.qk-ios-test";
				PRODUCT_NAME = "$(TARGET_NAME)";
			};
			name = Release;
		};
		ECBBE3951B5FE5D300DEA686 /* Debug */ = {
			isa = XCBuildConfiguration;
			buildSettings = {
				BUNDLE_LOADER = "$(TEST_HOST)";
				INFOPLIST_FILE = qkTests/Info.plist;
				LD_RUNPATH_SEARCH_PATHS = "$(inherited) @executable_path/Frameworks @loader_path/Frameworks";
				PRODUCT_BUNDLE_IDENTIFIER = gwk.qkTests;
				PRODUCT_NAME = "$(TARGET_NAME)";
				TEST_HOST = "$(BUILT_PRODUCTS_DIR)/qk.app/qk";
			};
			name = Debug;
		};
		ECBBE3961B5FE5D300DEA686 /* Release */ = {
			isa = XCBuildConfiguration;
			buildSettings = {
				BUNDLE_LOADER = "$(TEST_HOST)";
				INFOPLIST_FILE = qkTests/Info.plist;
				LD_RUNPATH_SEARCH_PATHS = "$(inherited) @executable_path/Frameworks @loader_path/Frameworks";
				PRODUCT_BUNDLE_IDENTIFIER = gwk.qkTests;
				PRODUCT_NAME = "$(TARGET_NAME)";
				TEST_HOST = "$(BUILT_PRODUCTS_DIR)/qk.app/qk";
			};
			name = Release;
		};
		ECBBE3981B5FE5D300DEA686 /* Debug */ = {
			isa = XCBuildConfiguration;
			buildSettings = {
				INFOPLIST_FILE = qkUITests/Info.plist;
				LD_RUNPATH_SEARCH_PATHS = "$(inherited) @executable_path/Frameworks @loader_path/Frameworks";
				PRODUCT_BUNDLE_IDENTIFIER = gwk.qkUITests;
				PRODUCT_NAME = "$(TARGET_NAME)";
				TEST_TARGET_NAME = qk;
				USES_XCTRUNNER = YES;
			};
			name = Debug;
		};
		ECBBE3991B5FE5D300DEA686 /* Release */ = {
			isa = XCBuildConfiguration;
			buildSettings = {
				INFOPLIST_FILE = qkUITests/Info.plist;
				LD_RUNPATH_SEARCH_PATHS = "$(inherited) @executable_path/Frameworks @loader_path/Frameworks";
				PRODUCT_BUNDLE_IDENTIFIER = gwk.qkUITests;
				PRODUCT_NAME = "$(TARGET_NAME)";
				TEST_TARGET_NAME = qk;
				USES_XCTRUNNER = YES;
			};
			name = Release;
		};
/* End XCBuildConfiguration section */

/* Begin XCConfigurationList section */
		EC49BD0C1B7511AC00660AF0 /* Build configuration list for PBXNativeTarget "qk-osx-test" */ = {
			isa = XCConfigurationList;
			buildConfigurations = (
				EC49BD0D1B7511AC00660AF0 /* Debug */,
				EC49BD0E1B7511AC00660AF0 /* Release */,
			);
			defaultConfigurationIsVisible = 0;
			defaultConfigurationName = Release;
		};
		ECBBE3641B5FE5D300DEA686 /* Build configuration list for PBXProject "qk" */ = {
			isa = XCConfigurationList;
			buildConfigurations = (
				ECBBE38F1B5FE5D300DEA686 /* Debug */,
				ECBBE3901B5FE5D300DEA686 /* Release */,
			);
			defaultConfigurationIsVisible = 0;
			defaultConfigurationName = Release;
		};
		ECBBE3911B5FE5D300DEA686 /* Build configuration list for PBXNativeTarget "qk-ios-test" */ = {
			isa = XCConfigurationList;
			buildConfigurations = (
				ECBBE3921B5FE5D300DEA686 /* Debug */,
				ECBBE3931B5FE5D300DEA686 /* Release */,
			);
			defaultConfigurationIsVisible = 0;
			defaultConfigurationName = Release;
		};
		ECBBE3941B5FE5D300DEA686 /* Build configuration list for PBXNativeTarget "qkTests" */ = {
			isa = XCConfigurationList;
			buildConfigurations = (
				ECBBE3951B5FE5D300DEA686 /* Debug */,
				ECBBE3961B5FE5D300DEA686 /* Release */,
			);
			defaultConfigurationIsVisible = 0;
			defaultConfigurationName = Release;
		};
		ECBBE3971B5FE5D300DEA686 /* Build configuration list for PBXNativeTarget "qkUITests" */ = {
			isa = XCConfigurationList;
			buildConfigurations = (
				ECBBE3981B5FE5D300DEA686 /* Debug */,
				ECBBE3991B5FE5D300DEA686 /* Release */,
			);
			defaultConfigurationIsVisible = 0;
			defaultConfigurationName = Release;
		};
/* End XCConfigurationList section */
	};
	rootObject = ECBBE3611B5FE5D300DEA686 /* Project object */;
}
